{
  "version": 4,
  "terraform_version": "1.14.3",
  "serial": 350,
  "lineage": "3847de77-2454-19e8-fadf-80602cd0fd39",
  "outputs": {
    "current_growl_secret": {
      "value": "pwXtRFq42YxBwlZrNIdOLlVhKTdWv0Uh",
      "type": "string",
      "sensitive": true
    },
    "edo_acm_cert_arn": {
      "value": "arn:aws:acm:us-east-1:891377135193:certificate/591e7a65-d303-4033-9023-ce93fc931378",
      "type": "string"
    },
    "edo_alb_dns_name": {
      "value": "edo-alb01-1327469.ap-northeast-1.elb.amazonaws.com",
      "type": "string"
    },
    "edo_alb_logs_bucket_name": {
      "value": "edo-alb-logs-lh-891377135193",
      "type": "string"
    },
    "edo_apex_url_https": {
      "value": "https://larrryharrisaws.com",
      "type": "string"
    },
    "edo_app_fqdn": {
      "value": "app.larrryharrisaws.com",
      "type": "string"
    },
    "edo_app_url_https": {
      "value": "https://app.larrryharrisaws.com",
      "type": "string"
    },
    "edo_dashboard_name": {
      "value": "edo-dashboard01",
      "type": "string"
    },
    "edo_ec2_instance_id": {
      "value": "i-0f7552bf12cfef1a0",
      "type": "string"
    },
    "edo_log_group_name": {
      "value": "/aws/ec2/edo-rds-app",
      "type": "string"
    },
    "edo_private_ec2_instance_id_bonus": {
      "value": "i-0f7552bf12cfef1a0",
      "type": "string"
    },
    "edo_private_subnet_ids": {
      "value": [
        "subnet-055bfccb765308218",
        "subnet-0b2f7bd00666dd221",
        "subnet-07a6d3b9c082c43a9"
      ],
      "type": [
        "tuple",
        [
          "string",
          "string",
          "string"
        ]
      ]
    },
    "edo_public_subnet_ids": {
      "value": [
        "subnet-0e1e23026eed2fbcd",
        "subnet-049aaab1e76441a17",
        "subnet-0f4f959be3feb177f"
      ],
      "type": [
        "tuple",
        [
          "string",
          "string",
          "string"
        ]
      ]
    },
    "edo_rds_endpoint": {
      "value": "edo-rds01.c9akgwocs3g5.ap-northeast-1.rds.amazonaws.com",
      "type": "string"
    },
    "edo_route53_zone_id": {
      "value": "Z0825167K1N04S2RCG6V",
      "type": "string"
    },
    "edo_sns_topic_arn": {
      "value": "arn:aws:sns:ap-northeast-1:891377135193:edo-db-incidents",
      "type": "string"
    },
    "edo_target_group_arn": {
      "value": "arn:aws:elasticloadbalancing:ap-northeast-1:891377135193:targetgroup/edo-tg01/a95afc2e0aa9d734",
      "type": "string"
    },
    "edo_vpc_id": {
      "value": "vpc-0c2b1b6e950e6039a",
      "type": "string"
    },
    "edo_vpce_logs_id": {
      "value": "vpce-0a717ed7c853a5bba",
      "type": "string"
    },
    "edo_vpce_s3_id": {
      "value": "vpce-0f7b5ef2fc56240f6",
      "type": "string"
    },
    "edo_vpce_secrets_id": {
      "value": "vpce-0d73fb18f4a700c31",
      "type": "string"
    },
    "edo_vpce_ssm_id": {
      "value": "vpce-0a787931c5839fa67",
      "type": "string"
    },
    "edo_waf_arn": {
      "value": "arn:aws:wafv2:us-east-1:891377135193:global/webacl/edo-cf-waf01/3d3ce570-c71a-4eda-b1c6-d87a5aa1582d",
      "type": "string"
    },
    "edo_waf_cw_log_group_name": {
      "value": "aws-waf-logs-edo-webacl01",
      "type": "string"
    },
    "edo_waf_log_destination": {
      "value": "cloudwatch",
      "type": "string"
    }
  },
  "resources": [
    {
      "mode": "data",
      "type": "aws_caller_identity",
      "name": "edo_self01",
      "provider": "provider[\"registry.terraform.io/hashicorp/aws\"]",
      "instances": [
        {
          "schema_version": 0,
          "attributes": {
            "account_id": "891377135193",
            "arn": "arn:aws:iam::891377135193:user/AWSCLI",
            "id": "891377135193",
            "user_id": "AIDA47CRXVZMTO7B3O726"
          },
          "sensitive_attributes": [],
          "identity_schema_version": 0
        }
      ]
    },
    {
      "mode": "data",
      "type": "aws_cloudfront_cache_policy",
      "name": "caching_disabled",
      "provider": "provider[\"registry.terraform.io/hashicorp/aws\"]",
      "instances": [
        {
          "schema_version": 0,
          "attributes": {
            "arn": "arn:aws:cloudfront::891377135193:cache-policy/4135ea2d-6df8-44a3-9df3-4b5a84be39ad",
            "comment": "Policy with caching disabled",
            "default_ttl": 0,
            "etag": "E23ZP02F085DFQ",
            "id": "4135ea2d-6df8-44a3-9df3-4b5a84be39ad",
            "max_ttl": 0,
            "min_ttl": 0,
            "name": "Managed-CachingDisabled",
            "parameters_in_cache_key_and_forwarded_to_origin": [
              {
                "cookies_config": [
                  {
                    "cookie_behavior": "none",
                    "cookies": []
                  }
                ],
                "enable_accept_encoding_brotli": false,
                "enable_accept_encoding_gzip": false,
                "headers_config": [
                  {
                    "header_behavior": "none",
                    "headers": []
                  }
                ],
                "query_strings_config": [
                  {
                    "query_string_behavior": "none",
                    "query_strings": []
                  }
                ]
              }
            ]
          },
          "sensitive_attributes": [],
          "identity_schema_version": 0
        }
      ]
    },
    {
      "mode": "data",
      "type": "aws_cloudfront_cache_policy",
      "name": "edo_use_origin_cache_headers01",
      "provider": "provider[\"registry.terraform.io/hashicorp/aws\"]",
      "instances": [
        {
          "schema_version": 0,
          "attributes": {
            "arn": "arn:aws:cloudfront::891377135193:cache-policy/83da9c7e-98b4-4e11-a168-04f0df8e2c65",
            "comment": "Policy for origins that return Cache-Control headers. Query strings are not included in the cache key.",
            "default_ttl": 0,
            "etag": "E23ZP02F085DFQ",
            "id": "83da9c7e-98b4-4e11-a168-04f0df8e2c65",
            "max_ttl": 31536000,
            "min_ttl": 0,
            "name": "UseOriginCacheControlHeaders",
            "parameters_in_cache_key_and_forwarded_to_origin": [
              {
                "cookies_config": [
                  {
                    "cookie_behavior": "all",
                    "cookies": []
                  }
                ],
                "enable_accept_encoding_brotli": true,
                "enable_accept_encoding_gzip": true,
                "headers_config": [
                  {
                    "header_behavior": "whitelist",
                    "headers": [
                      {
                        "items": [
                          "host",
                          "origin",
                          "x-http-method",
                          "x-http-method-override",
                          "x-method-override"
                        ]
                      }
                    ]
                  }
                ],
                "query_strings_config": [
                  {
                    "query_string_behavior": "none",
                    "query_strings": []
                  }
                ]
              }
            ]
          },
          "sensitive_attributes": [],
          "identity_schema_version": 0
        }
      ]
    },
    {
      "mode": "data",
      "type": "aws_cloudfront_cache_policy",
      "name": "edo_use_origin_cache_headers_qs01",
      "provider": "provider[\"registry.terraform.io/hashicorp/aws\"]",
      "instances": [
        {
          "schema_version": 0,
          "attributes": {
            "arn": "arn:aws:cloudfront::891377135193:cache-policy/4cc15a8a-d715-48a4-82b8-cc0b614638fe",
            "comment": "Policy for origins that return Cache-Control headers and serve different content based on values present in the query string.",
            "default_ttl": 0,
            "etag": "E23ZP02F085DFQ",
            "id": "4cc15a8a-d715-48a4-82b8-cc0b614638fe",
            "max_ttl": 31536000,
            "min_ttl": 0,
            "name": "UseOriginCacheControlHeaders-QueryStrings",
            "parameters_in_cache_key_and_forwarded_to_origin": [
              {
                "cookies_config": [
                  {
                    "cookie_behavior": "all",
                    "cookies": []
                  }
                ],
                "enable_accept_encoding_brotli": true,
                "enable_accept_encoding_gzip": true,
                "headers_config": [
                  {
                    "header_behavior": "whitelist",
                    "headers": [
                      {
                        "items": [
                          "host",
                          "origin",
                          "x-http-method",
                          "x-http-method-override",
                          "x-method-override"
                        ]
                      }
                    ]
                  }
                ],
                "query_strings_config": [
                  {
                    "query_string_behavior": "all",
                    "query_strings": []
                  }
                ]
              }
            ]
          },
          "sensitive_attributes": [],
          "identity_schema_version": 0
        }
      ]
    },
    {
      "mode": "data",
      "type": "aws_cloudfront_origin_request_policy",
      "name": "edo_orp_all_viewer01",
      "provider": "provider[\"registry.terraform.io/hashicorp/aws\"]",
      "instances": [
        {
          "schema_version": 0,
          "attributes": {
            "arn": "arn:aws:cloudfront::891377135193:origin-request-policy/216adef6-5c7f-47e4-b989-5492eafa07d3",
            "comment": "Policy to forward all parameters in viewer requests",
            "cookies_config": [
              {
                "cookie_behavior": "all",
                "cookies": []
              }
            ],
            "etag": "E23ZP02F085DFQ",
            "headers_config": [
              {
                "header_behavior": "allViewer",
                "headers": []
              }
            ],
            "id": "216adef6-5c7f-47e4-b989-5492eafa07d3",
            "name": "Managed-AllViewer",
            "query_strings_config": [
              {
                "query_string_behavior": "all",
                "query_strings": []
              }
            ]
          },
          "sensitive_attributes": [],
          "identity_schema_version": 0
        }
      ]
    },
    {
      "mode": "data",
      "type": "aws_cloudfront_origin_request_policy",
      "name": "edo_orp_all_viewer_except_host01",
      "provider": "provider[\"registry.terraform.io/hashicorp/aws\"]",
      "instances": [
        {
          "schema_version": 0,
          "attributes": {
            "arn": "arn:aws:cloudfront::891377135193:origin-request-policy/b689b0a8-53d0-40ab-baf2-68738e2966ac",
            "comment": "Policy to forward all parameters in viewer requests except for the Host header",
            "cookies_config": [
              {
                "cookie_behavior": "all",
                "cookies": []
              }
            ],
            "etag": "E23ZP02F085DFQ",
            "headers_config": [
              {
                "header_behavior": "allExcept",
                "headers": [
                  {
                    "items": [
                      "host"
                    ]
                  }
                ]
              }
            ],
            "id": "b689b0a8-53d0-40ab-baf2-68738e2966ac",
            "name": "Managed-AllViewerExceptHostHeader",
            "query_strings_config": [
              {
                "query_string_behavior": "all",
                "query_strings": []
              }
            ]
          },
          "sensitive_attributes": [],
          "identity_schema_version": 0
        }
      ]
    },
    {
      "mode": "data",
      "type": "aws_cloudfront_origin_request_policy",
      "name": "managed_all_viewer_except_host",
      "provider": "provider[\"registry.terraform.io/hashicorp/aws\"]",
      "instances": [
        {
          "schema_version": 0,
          "attributes": {
            "arn": "arn:aws:cloudfront::891377135193:origin-request-policy/b689b0a8-53d0-40ab-baf2-68738e2966ac",
            "comment": "Policy to forward all parameters in viewer requests except for the Host header",
            "cookies_config": [
              {
                "cookie_behavior": "all",
                "cookies": []
              }
            ],
            "etag": "E23ZP02F085DFQ",
            "headers_config": [
              {
                "header_behavior": "allExcept",
                "headers": [
                  {
                    "items": [
                      "host"
                    ]
                  }
                ]
              }
            ],
            "id": "b689b0a8-53d0-40ab-baf2-68738e2966ac",
            "name": "Managed-AllViewerExceptHostHeader",
            "query_strings_config": [
              {
                "query_string_behavior": "all",
                "query_strings": []
              }
            ]
          },
          "sensitive_attributes": [],
          "identity_schema_version": 0
        }
      ]
    },
    {
      "mode": "data",
      "type": "aws_ec2_managed_prefix_list",
      "name": "edo_cf_origin_facing01",
      "provider": "provider[\"registry.terraform.io/hashicorp/aws\"]",
      "instances": [
        {
          "schema_version": 0,
          "attributes": {
            "address_family": "IPv4",
            "arn": "arn:aws:ec2:ap-northeast-1:aws:prefix-list/pl-58a04531",
            "entries": [
              {
                "cidr": "13.124.199.0/24",
                "description": ""
              },
              {
                "cidr": "130.176.0.0/18",
                "description": ""
              },
              {
                "cidr": "130.176.128.0/21",
                "description": ""
              },
              {
                "cidr": "130.176.136.0/23",
                "description": ""
              },
              {
                "cidr": "130.176.140.0/22",
                "description": ""
              },
              {
                "cidr": "130.176.144.0/20",
                "description": ""
              },
              {
                "cidr": "130.176.160.0/19",
                "description": ""
              },
              {
                "cidr": "130.176.192.0/19",
                "description": ""
              },
              {
                "cidr": "130.176.64.0/21",
                "description": ""
              },
              {
                "cidr": "130.176.72.0/22",
                "description": ""
              },
              {
                "cidr": "130.176.76.0/24",
                "description": ""
              },
              {
                "cidr": "130.176.78.0/23",
                "description": ""
              },
              {
                "cidr": "130.176.80.0/22",
                "description": ""
              },
              {
                "cidr": "130.176.86.0/23",
                "description": ""
              },
              {
                "cidr": "130.176.88.0/21",
                "description": ""
              },
              {
                "cidr": "130.176.96.0/19",
                "description": ""
              },
              {
                "cidr": "15.158.0.0/16",
                "description": ""
              },
              {
                "cidr": "18.68.0.0/16",
                "description": ""
              },
              {
                "cidr": "204.246.166.0/24",
                "description": ""
              },
              {
                "cidr": "205.251.218.0/24",
                "description": ""
              },
              {
                "cidr": "3.172.0.0/18",
                "description": ""
              },
              {
                "cidr": "3.172.64.0/18",
                "description": ""
              },
              {
                "cidr": "3.29.57.0/26",
                "description": ""
              },
              {
                "cidr": "52.46.0.0/18",
                "description": ""
              },
              {
                "cidr": "52.82.128.0/23",
                "description": ""
              },
              {
                "cidr": "52.82.134.0/23",
                "description": ""
              },
              {
                "cidr": "54.182.128.0/20",
                "description": ""
              },
              {
                "cidr": "54.182.144.0/21",
                "description": ""
              },
              {
                "cidr": "54.182.154.0/23",
                "description": ""
              },
              {
                "cidr": "54.182.156.0/22",
                "description": ""
              },
              {
                "cidr": "54.182.160.0/21",
                "description": ""
              },
              {
                "cidr": "54.182.172.0/22",
                "description": ""
              },
              {
                "cidr": "54.182.176.0/21",
                "description": ""
              },
              {
                "cidr": "54.182.184.0/22",
                "description": ""
              },
              {
                "cidr": "54.182.188.0/23",
                "description": ""
              },
              {
                "cidr": "54.182.224.0/21",
                "description": ""
              },
              {
                "cidr": "54.182.240.0/21",
                "description": ""
              },
              {
                "cidr": "54.182.248.0/22",
                "description": ""
              },
              {
                "cidr": "54.239.134.0/23",
                "description": ""
              },
              {
                "cidr": "54.239.170.0/23",
                "description": ""
              },
              {
                "cidr": "54.239.204.0/22",
                "description": ""
              },
              {
                "cidr": "54.239.208.0/21",
                "description": ""
              },
              {
                "cidr": "64.252.128.0/18",
                "description": ""
              },
              {
                "cidr": "64.252.64.0/18",
                "description": ""
              },
              {
                "cidr": "70.132.0.0/18",
                "description": ""
              }
            ],
            "filter": null,
            "id": "pl-58a04531",
            "max_entries": 0,
            "name": "com.amazonaws.global.cloudfront.origin-facing",
            "owner_id": "AWS",
            "region": "ap-northeast-1",
            "tags": {},
            "timeouts": null,
            "version": 0
          },
          "sensitive_attributes": [],
          "identity_schema_version": 0
        }
      ]
    },
    {
      "mode": "data",
      "type": "aws_region",
      "name": "edo_region01",
      "provider": "provider[\"registry.terraform.io/hashicorp/aws\"]",
      "instances": [
        {
          "schema_version": 0,
          "attributes": {
            "description": "Asia Pacific (Tokyo)",
            "endpoint": "ec2.ap-northeast-1.amazonaws.com",
            "id": "ap-northeast-1",
            "name": "ap-northeast-1",
            "region": "ap-northeast-1"
          },
          "sensitive_attributes": [],
          "identity_schema_version": 0
        }
      ]
    },
    {
      "mode": "managed",
      "type": "aws_acm_certificate",
      "name": "edo_acm_cert01",
      "provider": "provider[\"registry.terraform.io/hashicorp/aws\"].use1",
      "instances": [
        {
          "schema_version": 0,
          "attributes": {
            "arn": "arn:aws:acm:us-east-1:891377135193:certificate/591e7a65-d303-4033-9023-ce93fc931378",
            "certificate_authority_arn": "",
            "certificate_body": null,
            "certificate_chain": null,
            "domain_name": "app.larrryharrisaws.com",
            "domain_validation_options": [
              {
                "domain_name": "app.larrryharrisaws.com",
                "resource_record_name": "_402ee52412176e3cc610fa9fd47343c2.app.larrryharrisaws.com.",
                "resource_record_type": "CNAME",
                "resource_record_value": "_cd5a736b59a29f7a9d8f6016140bda11.jkddzztszm.acm-validations.aws."
              },
              {
                "domain_name": "larrryharrisaws.com",
                "resource_record_name": "_e68c7bf92882b94911df33d8f80cfe32.larrryharrisaws.com.",
                "resource_record_type": "CNAME",
                "resource_record_value": "_e2aedbfa9bceb029721ca9db378b34a5.jkddzztszm.acm-validations.aws."
              }
            ],
            "early_renewal_duration": "",
            "id": "arn:aws:acm:us-east-1:891377135193:certificate/591e7a65-d303-4033-9023-ce93fc931378",
            "key_algorithm": "RSA_2048",
            "not_after": "2027-02-25T23:59:59Z",
            "not_before": "2026-01-27T00:00:00Z",
            "options": [
              {
                "certificate_transparency_logging_preference": "ENABLED",
                "export": "DISABLED"
              }
            ],
            "pending_renewal": false,
            "private_key": null,
            "region": "us-east-1",
            "renewal_eligibility": "INELIGIBLE",
            "renewal_summary": [],
            "status": "ISSUED",
            "subject_alternative_names": [
              "app.larrryharrisaws.com",
              "larrryharrisaws.com"
            ],
            "tags": {
              "Name": "edo-acm-cert01"
            },
            "tags_all": {
              "Name": "edo-acm-cert01"
            },
            "type": "AMAZON_ISSUED",
            "validation_emails": [],
            "validation_method": "DNS",
            "validation_option": []
          },
          "sensitive_attributes": [
            [
              {
                "type": "get_attr",
                "value": "private_key"
              }
            ]
          ],
          "identity_schema_version": 0,
          "identity": {
            "arn": "arn:aws:acm:us-east-1:891377135193:certificate/591e7a65-d303-4033-9023-ce93fc931378"
          },
          "private": "bnVsbA=="
        }
      ]
    },
    {
      "mode": "managed",
      "type": "aws_cloudfront_cache_policy",
      "name": "edo_cache_api_disabled01",
      "provider": "provider[\"registry.terraform.io/hashicorp/aws\"]",
      "instances": [
        {
          "schema_version": 0,
          "attributes": {
            "arn": "arn:aws:cloudfront::891377135193:cache-policy/bf90995e-4523-4e4b-bc9a-0156cd5b9539",
            "comment": "Disable caching for /api/* by default",
            "default_ttl": 0,
            "etag": "E23ZP02F085DFQ",
            "id": "bf90995e-4523-4e4b-bc9a-0156cd5b9539",
            "max_ttl": 0,
            "min_ttl": 0,
            "name": "edo-cache-api-disabled01",
            "parameters_in_cache_key_and_forwarded_to_origin": [
              {
                "cookies_config": [
                  {
                    "cookie_behavior": "none",
                    "cookies": []
                  }
                ],
                "enable_accept_encoding_brotli": false,
                "enable_accept_encoding_gzip": false,
                "headers_config": [
                  {
                    "header_behavior": "none",
                    "headers": []
                  }
                ],
                "query_strings_config": [
                  {
                    "query_string_behavior": "none",
                    "query_strings": []
                  }
                ]
              }
            ]
          },
          "sensitive_attributes": [],
          "identity_schema_version": 0,
          "private": "bnVsbA=="
        }
      ]
    },
    {
      "mode": "managed",
      "type": "aws_cloudfront_cache_policy",
      "name": "edo_cache_static01",
      "provider": "provider[\"registry.terraform.io/hashicorp/aws\"]",
      "instances": [
        {
          "schema_version": 0,
          "attributes": {
            "arn": "arn:aws:cloudfront::891377135193:cache-policy/ac5826bd-c2c4-4c69-8d89-6994be23e667",
            "comment": "Aggressive caching for /static/*",
            "default_ttl": 86400,
            "etag": "E23ZP02F085DFQ",
            "id": "ac5826bd-c2c4-4c69-8d89-6994be23e667",
            "max_ttl": 31536000,
            "min_ttl": 60,
            "name": "edo-cache-static01",
            "parameters_in_cache_key_and_forwarded_to_origin": [
              {
                "cookies_config": [
                  {
                    "cookie_behavior": "none",
                    "cookies": []
                  }
                ],
                "enable_accept_encoding_brotli": true,
                "enable_accept_encoding_gzip": true,
                "headers_config": [
                  {
                    "header_behavior": "none",
                    "headers": []
                  }
                ],
                "query_strings_config": [
                  {
                    "query_string_behavior": "none",
                    "query_strings": []
                  }
                ]
              }
            ]
          },
          "sensitive_attributes": [],
          "identity_schema_version": 0,
          "private": "bnVsbA=="
        }
      ]
    },
    {
      "mode": "managed",
      "type": "aws_cloudfront_distribution",
      "name": "edo_cf01",
      "provider": "provider[\"registry.terraform.io/hashicorp/aws\"]",
      "instances": [
        {
          "schema_version": 1,
          "attributes": {
            "aliases": [
              "app.larrryharrisaws.com",
              "larrryharrisaws.com"
            ],
            "anycast_ip_list_id": "",
            "arn": "arn:aws:cloudfront::891377135193:distribution/E1JEWXMSJEFUHS",
            "caller_reference": "terraform-20260127005858599300000002",
            "comment": "edo-cf01",
            "connection_function_association": [],
            "continuous_deployment_policy_id": "",
            "custom_error_response": [],
            "default_cache_behavior": [
              {
                "allowed_methods": [
                  "DELETE",
                  "GET",
                  "HEAD",
                  "OPTIONS",
                  "PATCH",
                  "POST",
                  "PUT"
                ],
                "cache_policy_id": "bf90995e-4523-4e4b-bc9a-0156cd5b9539",
                "cached_methods": [
                  "GET",
                  "HEAD"
                ],
                "compress": false,
                "default_ttl": 0,
                "field_level_encryption_id": "",
                "forwarded_values": [],
                "function_association": [],
                "grpc_config": [
                  {
                    "enabled": false
                  }
                ],
                "lambda_function_association": [],
                "max_ttl": 0,
                "min_ttl": 0,
                "origin_request_policy_id": "4470d145-8c6d-4ecc-bd61-f21bef01957a",
                "realtime_log_config_arn": "",
                "response_headers_policy_id": "",
                "smooth_streaming": false,
                "target_origin_id": "edo-alb-origin01",
                "trusted_key_groups": [],
                "trusted_signers": [],
                "viewer_protocol_policy": "redirect-to-https"
              }
            ],
            "default_root_object": "",
            "domain_name": "d2iwge7hy5xhhf.cloudfront.net",
            "enabled": true,
            "etag": "E23ZP02F085DFQ",
            "hosted_zone_id": "Z2FDTNDATAQYW2",
            "http_version": "http2",
            "id": "E1JEWXMSJEFUHS",
            "in_progress_validation_batches": 0,
            "is_ipv6_enabled": true,
            "last_modified_time": "2026-01-27 00:58:58.868 +0000 UTC",
            "logging_config": [],
            "logging_v1_enabled": false,
            "ordered_cache_behavior": [
              {
                "allowed_methods": [
                  "GET",
                  "HEAD",
                  "OPTIONS"
                ],
                "cache_policy_id": "83da9c7e-98b4-4e11-a168-04f0df8e2c65",
                "cached_methods": [
                  "GET",
                  "HEAD"
                ],
                "compress": false,
                "default_ttl": 0,
                "field_level_encryption_id": "",
                "forwarded_values": [],
                "function_association": [],
                "grpc_config": [
                  {
                    "enabled": false
                  }
                ],
                "lambda_function_association": [],
                "max_ttl": 0,
                "min_ttl": 0,
                "origin_request_policy_id": "b689b0a8-53d0-40ab-baf2-68738e2966ac",
                "path_pattern": "/api/public-feed",
                "realtime_log_config_arn": "",
                "response_headers_policy_id": "",
                "smooth_streaming": false,
                "target_origin_id": "edo-alb-origin01",
                "trusted_key_groups": null,
                "trusted_signers": null,
                "viewer_protocol_policy": "redirect-to-https"
              },
              {
                "allowed_methods": [
                  "DELETE",
                  "GET",
                  "HEAD",
                  "OPTIONS",
                  "PATCH",
                  "POST",
                  "PUT"
                ],
                "cache_policy_id": "bf90995e-4523-4e4b-bc9a-0156cd5b9539",
                "cached_methods": [
                  "GET",
                  "HEAD"
                ],
                "compress": false,
                "default_ttl": 0,
                "field_level_encryption_id": "",
                "forwarded_values": [],
                "function_association": [],
                "grpc_config": [
                  {
                    "enabled": false
                  }
                ],
                "lambda_function_association": [],
                "max_ttl": 0,
                "min_ttl": 0,
                "origin_request_policy_id": "4470d145-8c6d-4ecc-bd61-f21bef01957a",
                "path_pattern": "/api/*",
                "realtime_log_config_arn": "",
                "response_headers_policy_id": "",
                "smooth_streaming": false,
                "target_origin_id": "edo-alb-origin01",
                "trusted_key_groups": null,
                "trusted_signers": null,
                "viewer_protocol_policy": "redirect-to-https"
              },
              {
                "allowed_methods": [
                  "GET",
                  "HEAD",
                  "OPTIONS"
                ],
                "cache_policy_id": "ac5826bd-c2c4-4c69-8d89-6994be23e667",
                "cached_methods": [
                  "GET",
                  "HEAD"
                ],
                "compress": false,
                "default_ttl": 0,
                "field_level_encryption_id": "",
                "forwarded_values": [],
                "function_association": [],
                "grpc_config": [
                  {
                    "enabled": false
                  }
                ],
                "lambda_function_association": [],
                "max_ttl": 0,
                "min_ttl": 0,
                "origin_request_policy_id": "216adef6-5c7f-47e4-b989-5492eafa07d3",
                "path_pattern": "/static/*",
                "realtime_log_config_arn": "",
                "response_headers_policy_id": "e52b0c76-1068-4551-b484-8e5df1e6cfef",
                "smooth_streaming": false,
                "target_origin_id": "edo-alb-origin01",
                "trusted_key_groups": null,
                "trusted_signers": null,
                "viewer_protocol_policy": "redirect-to-https"
              }
            ],
            "origin": [
              {
                "connection_attempts": 3,
                "connection_timeout": 10,
                "custom_header": [
                  {
                    "name": "X-edo-Growl",
                    "value": "pwXtRFq42YxBwlZrNIdOLlVhKTdWv0Uh"
                  }
                ],
                "custom_origin_config": [
                  {
                    "http_port": 80,
                    "https_port": 443,
                    "ip_address_type": "",
                    "origin_keepalive_timeout": 5,
                    "origin_protocol_policy": "https-only",
                    "origin_read_timeout": 30,
                    "origin_ssl_protocols": [
                      "TLSv1.2"
                    ]
                  }
                ],
                "domain_name": "edo-alb01-1327469.ap-northeast-1.elb.amazonaws.com",
                "origin_access_control_id": "",
                "origin_id": "edo-alb-origin01",
                "origin_path": "",
                "origin_shield": [],
                "response_completion_timeout": 0,
                "s3_origin_config": [],
                "vpc_origin_config": []
              }
            ],
            "origin_group": [],
            "price_class": "PriceClass_All",
            "restrictions": [
              {
                "geo_restriction": [
                  {
                    "locations": [],
                    "restriction_type": "none"
                  }
                ]
              }
            ],
            "retain_on_delete": false,
            "staging": false,
            "status": "Deployed",
            "tags": null,
            "tags_all": {},
            "trusted_key_groups": [
              {
                "enabled": false,
                "items": []
              }
            ],
            "trusted_signers": [
              {
                "enabled": false,
                "items": []
              }
            ],
            "viewer_certificate": [
              {
                "acm_certificate_arn": "arn:aws:acm:us-east-1:891377135193:certificate/591e7a65-d303-4033-9023-ce93fc931378",
                "cloudfront_default_certificate": false,
                "iam_certificate_id": "",
                "minimum_protocol_version": "TLSv1.2_2021",
                "ssl_support_method": "sni-only"
              }
            ],
            "viewer_mtls_config": [],
            "wait_for_deployment": true,
            "web_acl_id": "arn:aws:wafv2:us-east-1:891377135193:global/webacl/edo-cf-waf01/3d3ce570-c71a-4eda-b1c6-d87a5aa1582d"
          },
          "sensitive_attributes": [
            [
              {
                "type": "get_attr",
                "value": "origin"
              }
            ]
          ],
          "identity_schema_version": 0,
          "private": "eyJzY2hlbWFfdmVyc2lvbiI6IjEifQ==",
          "dependencies": [
            "aws_acm_certificate.edo_acm_cert01",
            "aws_cloudfront_cache_policy.edo_cache_api_disabled01",
            "aws_cloudfront_cache_policy.edo_cache_static01",
            "aws_cloudfront_origin_request_policy.edo_orp_api01",
            "aws_cloudfront_response_headers_policy.edo_rsp_static01",
            "aws_lb.edo_alb01",
            "aws_s3_bucket.edo_alb_logs_bucket01",
            "aws_security_group.edo_alb_sg01",
            "aws_subnet.edo_public_subnets",
            "aws_vpc.edo_vpc01",
            "aws_wafv2_web_acl.edo_cf_waf01",
            "data.aws_cloudfront_cache_policy.edo_use_origin_cache_headers01",
            "data.aws_cloudfront_origin_request_policy.edo_orp_all_viewer01",
            "data.aws_cloudfront_origin_request_policy.edo_orp_all_viewer_except_host01",
            "random_password.edo_origin_header_value01"
          ]
        }
      ]
    },
    {
      "mode": "managed",
      "type": "aws_cloudfront_origin_request_policy",
      "name": "edo_orp_api01",
      "provider": "provider[\"registry.terraform.io/hashicorp/aws\"]",
      "instances": [
        {
          "schema_version": 0,
          "attributes": {
            "arn": "arn:aws:cloudfront::891377135193:origin-request-policy/4470d145-8c6d-4ecc-bd61-f21bef01957a",
            "comment": "Forward necessary values for API calls",
            "cookies_config": [
              {
                "cookie_behavior": "all",
                "cookies": []
              }
            ],
            "etag": "E23ZP02F085DFQ",
            "headers_config": [
              {
                "header_behavior": "whitelist",
                "headers": [
                  {
                    "items": [
                      "Content-Type",
                      "Host",
                      "Origin"
                    ]
                  }
                ]
              }
            ],
            "id": "4470d145-8c6d-4ecc-bd61-f21bef01957a",
            "name": "edo-orp-api01",
            "query_strings_config": [
              {
                "query_string_behavior": "all",
                "query_strings": []
              }
            ]
          },
          "sensitive_attributes": [],
          "identity_schema_version": 0,
          "private": "bnVsbA=="
        }
      ]
    },
    {
      "mode": "managed",
      "type": "aws_cloudfront_origin_request_policy",
      "name": "edo_orp_static01",
      "provider": "provider[\"registry.terraform.io/hashicorp/aws\"]",
      "instances": [
        {
          "schema_version": 0,
          "attributes": {
            "arn": "arn:aws:cloudfront::891377135193:origin-request-policy/e91e9243-2555-4e9a-b79f-990e921ca632",
            "comment": "Minimal forwarding for static assets",
            "cookies_config": [
              {
                "cookie_behavior": "none",
                "cookies": []
              }
            ],
            "etag": "E23ZP02F085DFQ",
            "headers_config": [
              {
                "header_behavior": "none",
                "headers": []
              }
            ],
            "id": "e91e9243-2555-4e9a-b79f-990e921ca632",
            "name": "edo-orp-static01",
            "query_strings_config": [
              {
                "query_string_behavior": "none",
                "query_strings": []
              }
            ]
          },
          "sensitive_attributes": [],
          "identity_schema_version": 0,
          "private": "bnVsbA=="
        }
      ]
    },
    {
      "mode": "managed",
      "type": "aws_cloudfront_response_headers_policy",
      "name": "edo_rsp_static01",
      "provider": "provider[\"registry.terraform.io/hashicorp/aws\"]",
      "instances": [
        {
          "schema_version": 0,
          "attributes": {
            "arn": "arn:aws:cloudfront::891377135193:response-headers-policy/e52b0c76-1068-4551-b484-8e5df1e6cfef",
            "comment": "Add explicit Cache-Control for static content",
            "cors_config": [],
            "custom_headers_config": [
              {
                "items": [
                  {
                    "header": "Cache-Control",
                    "override": true,
                    "value": "public, max-age=86400, immutable"
                  }
                ]
              }
            ],
            "etag": "E23ZP02F085DFQ",
            "id": "e52b0c76-1068-4551-b484-8e5df1e6cfef",
            "name": "edo-rsp-static01",
            "remove_headers_config": [],
            "security_headers_config": [],
            "server_timing_headers_config": []
          },
          "sensitive_attributes": [],
          "identity_schema_version": 0,
          "private": "bnVsbA=="
        }
      ]
    },
    {
      "mode": "managed",
      "type": "aws_cloudwatch_dashboard",
      "name": "edo_dashboard01",
      "provider": "provider[\"registry.terraform.io/hashicorp/aws\"]",
      "instances": [
        {
          "schema_version": 0,
          "attributes": {
            "dashboard_arn": "arn:aws:cloudwatch::891377135193:dashboard/edo-dashboard01",
            "dashboard_body": "{\"widgets\":[{\"height\":6,\"properties\":{\"metrics\":[[\"AWS/ApplicationELB\",\"RequestCount\",\"LoadBalancer\",\"app/edo-alb01/742de31852fb2987\"],[\".\",\"HTTPCode_ELB_5XX_Count\",\".\",\"app/edo-alb01/742de31852fb2987\"]],\"period\":300,\"region\":\"ap-northeast-1\",\"stat\":\"Sum\",\"title\":\"edo ALB: Requests + 5XX\"},\"type\":\"metric\",\"width\":12,\"x\":0,\"y\":0},{\"height\":6,\"properties\":{\"metrics\":[[\"AWS/ApplicationELB\",\"TargetResponseTime\",\"LoadBalancer\",\"app/edo-alb01/742de31852fb2987\"]],\"period\":300,\"region\":\"ap-northeast-1\",\"stat\":\"Average\",\"title\":\"edo ALB: Target Response Time\"},\"type\":\"metric\",\"width\":12,\"x\":12,\"y\":0}]}",
            "dashboard_name": "edo-dashboard01",
            "id": "edo-dashboard01",
            "region": "ap-northeast-1"
          },
          "sensitive_attributes": [],
          "identity_schema_version": 0,
          "private": "bnVsbA==",
          "dependencies": [
            "aws_lb.edo_alb01",
            "aws_s3_bucket.edo_alb_logs_bucket01",
            "aws_security_group.edo_alb_sg01",
            "aws_subnet.edo_public_subnets",
            "aws_vpc.edo_vpc01"
          ]
        }
      ]
    },
    {
      "mode": "managed",
      "type": "aws_cloudwatch_log_group",
      "name": "edo_log_group01",
      "provider": "provider[\"registry.terraform.io/hashicorp/aws\"]",
      "instances": [
        {
          "schema_version": 0,
          "attributes": {
            "arn": "arn:aws:logs:ap-northeast-1:891377135193:log-group:/aws/ec2/edo-rds-app",
            "deletion_protection_enabled": false,
            "id": "/aws/ec2/edo-rds-app",
            "kms_key_id": "",
            "log_group_class": "STANDARD",
            "name": "/aws/ec2/edo-rds-app",
            "name_prefix": "",
            "region": "ap-northeast-1",
            "retention_in_days": 7,
            "skip_destroy": false,
            "tags": {
              "Name": "edo-log-group01"
            },
            "tags_all": {
              "Name": "edo-log-group01"
            }
          },
          "sensitive_attributes": [],
          "identity_schema_version": 0,
          "identity": {
            "account_id": "891377135193",
            "name": "/aws/ec2/edo-rds-app",
            "region": "ap-northeast-1"
          },
          "private": "bnVsbA=="
        }
      ]
    },
    {
      "mode": "managed",
      "type": "aws_cloudwatch_log_group",
      "name": "edo_waf_log_group01",
      "provider": "provider[\"registry.terraform.io/hashicorp/aws\"]",
      "instances": [
        {
          "index_key": 0,
          "schema_version": 0,
          "attributes": {
            "arn": "arn:aws:logs:ap-northeast-1:891377135193:log-group:aws-waf-logs-edo-webacl01",
            "deletion_protection_enabled": false,
            "id": "aws-waf-logs-edo-webacl01",
            "kms_key_id": "",
            "log_group_class": "STANDARD",
            "name": "aws-waf-logs-edo-webacl01",
            "name_prefix": "",
            "region": "ap-northeast-1",
            "retention_in_days": 14,
            "skip_destroy": false,
            "tags": {
              "Name": "edo-waf-log-group01"
            },
            "tags_all": {
              "Name": "edo-waf-log-group01"
            }
          },
          "sensitive_attributes": [],
          "identity_schema_version": 0,
          "identity": {
            "account_id": "891377135193",
            "name": "aws-waf-logs-edo-webacl01",
            "region": "ap-northeast-1"
          },
          "private": "bnVsbA=="
        }
      ]
    },
    {
      "mode": "managed",
      "type": "aws_cloudwatch_metric_alarm",
      "name": "edo_alb_5xx_alarm01",
      "provider": "provider[\"registry.terraform.io/hashicorp/aws\"]",
      "instances": [
        {
          "schema_version": 1,
          "attributes": {
            "actions_enabled": true,
            "alarm_actions": [
              "arn:aws:sns:ap-northeast-1:891377135193:edo-db-incidents"
            ],
            "alarm_description": "",
            "alarm_name": "edo-alb-5xx-alarm01",
            "arn": "arn:aws:cloudwatch:ap-northeast-1:891377135193:alarm:edo-alb-5xx-alarm01",
            "comparison_operator": "GreaterThanOrEqualToThreshold",
            "datapoints_to_alarm": 0,
            "dimensions": {
              "LoadBalancer": "app/edo-alb01/742de31852fb2987"
            },
            "evaluate_low_sample_count_percentiles": "",
            "evaluation_periods": 1,
            "extended_statistic": "",
            "id": "edo-alb-5xx-alarm01",
            "insufficient_data_actions": null,
            "metric_name": "HTTPCode_ELB_5XX_Count",
            "metric_query": [],
            "namespace": "AWS/ApplicationELB",
            "ok_actions": null,
            "period": 300,
            "region": "ap-northeast-1",
            "statistic": "Sum",
            "tags": {
              "Name": "edo-alb-5xx-alarm01"
            },
            "tags_all": {
              "Name": "edo-alb-5xx-alarm01"
            },
            "threshold": 10,
            "threshold_metric_id": "",
            "treat_missing_data": "missing",
            "unit": ""
          },
          "sensitive_attributes": [],
          "identity_schema_version": 0,
          "identity": {
            "account_id": "891377135193",
            "alarm_name": "edo-alb-5xx-alarm01",
            "region": "ap-northeast-1"
          },
          "private": "eyJzY2hlbWFfdmVyc2lvbiI6IjEifQ==",
          "dependencies": [
            "aws_lb.edo_alb01",
            "aws_s3_bucket.edo_alb_logs_bucket01",
            "aws_security_group.edo_alb_sg01",
            "aws_sns_topic.edo_sns_topic01",
            "aws_subnet.edo_public_subnets",
            "aws_vpc.edo_vpc01"
          ]
        }
      ]
    },
    {
      "mode": "managed",
      "type": "aws_cloudwatch_metric_alarm",
      "name": "edo_db_alarm01",
      "provider": "provider[\"registry.terraform.io/hashicorp/aws\"]",
      "instances": [
        {
          "schema_version": 1,
          "attributes": {
            "actions_enabled": true,
            "alarm_actions": [
              "arn:aws:sns:ap-northeast-1:891377135193:edo-db-incidents"
            ],
            "alarm_description": "",
            "alarm_name": "edo-db-connection-failure",
            "arn": "arn:aws:cloudwatch:ap-northeast-1:891377135193:alarm:edo-db-connection-failure",
            "comparison_operator": "GreaterThanOrEqualToThreshold",
            "datapoints_to_alarm": 0,
            "dimensions": {},
            "evaluate_low_sample_count_percentiles": "",
            "evaluation_periods": 1,
            "extended_statistic": "",
            "id": "edo-db-connection-failure",
            "insufficient_data_actions": [],
            "metric_name": "DBConnectionErrors",
            "metric_query": [],
            "namespace": "edo/RDSApp",
            "ok_actions": [],
            "period": 300,
            "region": "ap-northeast-1",
            "statistic": "Sum",
            "tags": {
              "Name": "edo-alarm-db-fail"
            },
            "tags_all": {
              "Name": "edo-alarm-db-fail"
            },
            "threshold": 3,
            "threshold_metric_id": "",
            "treat_missing_data": "missing",
            "unit": ""
          },
          "sensitive_attributes": [],
          "identity_schema_version": 0,
          "identity": {
            "account_id": "891377135193",
            "alarm_name": "edo-db-connection-failure",
            "region": "ap-northeast-1"
          },
          "private": "eyJzY2hlbWFfdmVyc2lvbiI6IjEifQ==",
          "dependencies": [
            "aws_sns_topic.edo_sns_topic01"
          ]
        }
      ]
    },
    {
      "mode": "managed",
      "type": "aws_db_instance",
      "name": "edo_rds01",
      "provider": "provider[\"registry.terraform.io/hashicorp/aws\"]",
      "instances": [
        {
          "schema_version": 2,
          "attributes": {
            "address": "edo-rds01.c9akgwocs3g5.ap-northeast-1.rds.amazonaws.com",
            "allocated_storage": 20,
            "allow_major_version_upgrade": null,
            "apply_immediately": false,
            "arn": "arn:aws:rds:ap-northeast-1:891377135193:db:edo-rds01",
            "auto_minor_version_upgrade": true,
            "availability_zone": "ap-northeast-1d",
            "backup_retention_period": 0,
            "backup_target": "region",
            "backup_window": "16:39-17:09",
            "blue_green_update": [],
            "ca_cert_identifier": "rds-ca-rsa2048-g1",
            "character_set_name": "",
            "copy_tags_to_snapshot": false,
            "custom_iam_instance_profile": "",
            "customer_owned_ip_enabled": false,
            "database_insights_mode": "standard",
            "db_name": "labdb",
            "db_subnet_group_name": "edo-rds-subnet-group01",
            "dedicated_log_volume": false,
            "delete_automated_backups": true,
            "deletion_protection": false,
            "domain": "",
            "domain_auth_secret_arn": "",
            "domain_dns_ips": [],
            "domain_fqdn": "",
            "domain_iam_role_name": "",
            "domain_ou": "",
            "enabled_cloudwatch_logs_exports": [],
            "endpoint": "edo-rds01.c9akgwocs3g5.ap-northeast-1.rds.amazonaws.com:3306",
            "engine": "mysql",
            "engine_lifecycle_support": "open-source-rds-extended-support",
            "engine_version": "8.0.43",
            "engine_version_actual": "8.0.43",
            "final_snapshot_identifier": null,
            "hosted_zone_id": "Z24O6O9L7SGTNB",
            "iam_database_authentication_enabled": false,
            "id": "db-TEE5QGPOXYFKM4TFJ4DSSJBM6E",
            "identifier": "edo-rds01",
            "identifier_prefix": "",
            "instance_class": "db.t3.micro",
            "iops": 0,
            "kms_key_id": "",
            "latest_restorable_time": "",
            "license_model": "general-public-license",
            "listener_endpoint": [],
            "maintenance_window": "sat:19:38-sat:20:08",
            "manage_master_user_password": null,
            "master_user_secret": [],
            "master_user_secret_kms_key_id": null,
            "max_allocated_storage": 0,
            "monitoring_interval": 0,
            "monitoring_role_arn": "",
            "multi_az": false,
            "nchar_character_set_name": "",
            "network_type": "IPV4",
            "option_group_name": "default:mysql-8-0",
            "parameter_group_name": "default.mysql8.0",
            "password": "Broth3rH00d",
            "password_wo": null,
            "password_wo_version": null,
            "performance_insights_enabled": false,
            "performance_insights_kms_key_id": "",
            "performance_insights_retention_period": 0,
            "port": 3306,
            "publicly_accessible": false,
            "region": "ap-northeast-1",
            "replica_mode": "",
            "replicas": [],
            "replicate_source_db": "",
            "resource_id": "db-TEE5QGPOXYFKM4TFJ4DSSJBM6E",
            "restore_to_point_in_time": [],
            "s3_import": [],
            "skip_final_snapshot": true,
            "snapshot_identifier": null,
            "status": "available",
            "storage_encrypted": false,
            "storage_throughput": 0,
            "storage_type": "gp2",
            "tags": {
              "Name": "edo-rds01"
            },
            "tags_all": {
              "Name": "edo-rds01"
            },
            "timeouts": null,
            "timezone": "",
            "upgrade_rollout_order": "second",
            "upgrade_storage_config": null,
            "username": "admiral",
            "vpc_security_group_ids": [
              "sg-0d956db1a6f808b8a"
            ]
          },
          "sensitive_attributes": [
            [
              {
                "type": "get_attr",
                "value": "password"
              }
            ],
            [
              {
                "type": "get_attr",
                "value": "password_wo"
              }
            ]
          ],
          "identity_schema_version": 0,
          "private": "eyJlMmJmYjczMC1lY2FhLTExZTYtOGY4OC0zNDM2M2JjN2M0YzAiOnsiY3JlYXRlIjozMDAwMDAwMDAwMDAwLCJkZWxldGUiOjM2MDAwMDAwMDAwMDAsInVwZGF0ZSI6NDgwMDAwMDAwMDAwMH0sInNjaGVtYV92ZXJzaW9uIjoiMiJ9",
          "dependencies": [
            "aws_db_subnet_group.edo_rds_subnet_group01",
            "aws_security_group.edo_rds_sg01",
            "aws_subnet.edo_private_subnets",
            "aws_vpc.edo_vpc01"
          ]
        }
      ]
    },
    {
      "mode": "managed",
      "type": "aws_db_subnet_group",
      "name": "edo_rds_subnet_group01",
      "provider": "provider[\"registry.terraform.io/hashicorp/aws\"]",
      "instances": [
        {
          "schema_version": 0,
          "attributes": {
            "arn": "arn:aws:rds:ap-northeast-1:891377135193:subgrp:edo-rds-subnet-group01",
            "description": "Managed by Terraform",
            "id": "edo-rds-subnet-group01",
            "name": "edo-rds-subnet-group01",
            "name_prefix": "",
            "region": "ap-northeast-1",
            "subnet_ids": [
              "subnet-055bfccb765308218",
              "subnet-07a6d3b9c082c43a9",
              "subnet-0b2f7bd00666dd221"
            ],
            "supported_network_types": [
              "IPV4"
            ],
            "tags": {
              "Name": "edo-rds-subnet-group01"
            },
            "tags_all": {
              "Name": "edo-rds-subnet-group01"
            },
            "vpc_id": "vpc-0c2b1b6e950e6039a"
          },
          "sensitive_attributes": [],
          "identity_schema_version": 0,
          "private": "bnVsbA==",
          "dependencies": [
            "aws_subnet.edo_private_subnets",
            "aws_vpc.edo_vpc01"
          ]
        }
      ]
    },
    {
      "mode": "managed",
      "type": "aws_eip",
      "name": "edo_nat_eip01",
      "provider": "provider[\"registry.terraform.io/hashicorp/aws\"]",
      "instances": [
        {
          "schema_version": 0,
          "attributes": {
            "address": null,
            "allocation_id": "eipalloc-0472a07f871f6c46d",
            "arn": "arn:aws:ec2:ap-northeast-1:891377135193:elastic-ip/eipalloc-0472a07f871f6c46d",
            "associate_with_private_ip": null,
            "association_id": "",
            "carrier_ip": "",
            "customer_owned_ip": "",
            "customer_owned_ipv4_pool": "",
            "domain": "vpc",
            "id": "eipalloc-0472a07f871f6c46d",
            "instance": "",
            "ipam_pool_id": null,
            "network_border_group": "ap-northeast-1",
            "network_interface": "",
            "private_dns": null,
            "private_ip": "",
            "ptr_record": "",
            "public_dns": "ec2-52-192-173-199.ap-northeast-1.compute.amazonaws.com",
            "public_ip": "52.192.173.199",
            "public_ipv4_pool": "amazon",
            "region": "ap-northeast-1",
            "tags": {
              "Name": "edo-nat-eip01"
            },
            "tags_all": {
              "Name": "edo-nat-eip01"
            },
            "timeouts": null
          },
          "sensitive_attributes": [],
          "identity_schema_version": 0,
          "private": "eyJlMmJmYjczMC1lY2FhLTExZTYtOGY4OC0zNDM2M2JjN2M0YzAiOnsiZGVsZXRlIjoxODAwMDAwMDAwMDAsInJlYWQiOjkwMDAwMDAwMDAwMCwidXBkYXRlIjozMDAwMDAwMDAwMDB9fQ=="
        }
      ]
    },
    {
      "mode": "managed",
      "type": "aws_iam_instance_profile",
      "name": "edo_instance_profile01",
      "provider": "provider[\"registry.terraform.io/hashicorp/aws\"]",
      "instances": [
        {
          "schema_version": 0,
          "attributes": {
            "arn": "arn:aws:iam::891377135193:instance-profile/edo-instance-profile01",
            "create_date": "2026-01-27T00:30:27Z",
            "id": "edo-instance-profile01",
            "name": "edo-instance-profile01",
            "name_prefix": "",
            "path": "/",
            "role": "edo-ec2-role01",
            "tags": {},
            "tags_all": {},
            "unique_id": "AIPA47CRXVZMVMP4XVJZL"
          },
          "sensitive_attributes": [],
          "identity_schema_version": 0,
          "private": "bnVsbA==",
          "dependencies": [
            "aws_iam_role.edo_ec2_role01"
          ]
        }
      ]
    },
    {
      "mode": "managed",
      "type": "aws_iam_policy",
      "name": "edo_leastpriv_cwlogs01",
      "provider": "provider[\"registry.terraform.io/hashicorp/aws\"]",
      "instances": [
        {
          "schema_version": 0,
          "attributes": {
            "arn": "arn:aws:iam::891377135193:policy/edo-lp-cwlogs01",
            "attachment_count": 1,
            "delay_after_policy_creation_in_ms": null,
            "description": "Least-privilege CloudWatch Logs write for the app log group",
            "id": "arn:aws:iam::891377135193:policy/edo-lp-cwlogs01",
            "name": "edo-lp-cwlogs01",
            "name_prefix": "",
            "path": "/",
            "policy": "{\"Statement\":[{\"Action\":[\"logs:CreateLogStream\",\"logs:PutLogEvents\",\"logs:DescribeLogStreams\"],\"Effect\":\"Allow\",\"Resource\":[\"arn:aws:logs:ap-northeast-1:891377135193:log-group:/aws/ec2/edo-rds-app:*\"],\"Sid\":\"WriteLogs\"}],\"Version\":\"2012-10-17\"}",
            "policy_id": "ANPA47CRXVZMXOQEKQXM6",
            "tags": {},
            "tags_all": {}
          },
          "sensitive_attributes": [],
          "identity_schema_version": 0,
          "identity": {
            "arn": "arn:aws:iam::891377135193:policy/edo-lp-cwlogs01"
          },
          "private": "bnVsbA==",
          "dependencies": [
            "aws_cloudwatch_log_group.edo_log_group01"
          ]
        }
      ]
    },
    {
      "mode": "managed",
      "type": "aws_iam_policy",
      "name": "edo_leastpriv_read_params01",
      "provider": "provider[\"registry.terraform.io/hashicorp/aws\"]",
      "instances": [
        {
          "schema_version": 0,
          "attributes": {
            "arn": "arn:aws:iam::891377135193:policy/edo-lp-ssm-read01",
            "attachment_count": 1,
            "delay_after_policy_creation_in_ms": null,
            "description": "Least-privilege read for SSM Parameter Store under /edo/db/*",
            "id": "arn:aws:iam::891377135193:policy/edo-lp-ssm-read01",
            "name": "edo-lp-ssm-read01",
            "name_prefix": "",
            "path": "/",
            "policy": "{\"Statement\":[{\"Action\":[\"ssm:GetParameter\",\"ssm:GetParameters\",\"ssm:GetParametersByPath\"],\"Effect\":\"Allow\",\"Resource\":[\"arn:aws:ssm:ap-northeast-1:891377135193:parameter/edo/db/*\"],\"Sid\":\"ReadLabDbParams\"}],\"Version\":\"2012-10-17\"}",
            "policy_id": "ANPA47CRXVZMTDPIIF2CC",
            "tags": {},
            "tags_all": {}
          },
          "sensitive_attributes": [],
          "identity_schema_version": 0,
          "identity": {
            "arn": "arn:aws:iam::891377135193:policy/edo-lp-ssm-read01"
          },
          "private": "bnVsbA==",
          "dependencies": [
            "data.aws_caller_identity.edo_self01",
            "data.aws_region.edo_region01"
          ]
        }
      ]
    },
    {
      "mode": "managed",
      "type": "aws_iam_policy",
      "name": "edo_leastpriv_read_secret01",
      "provider": "provider[\"registry.terraform.io/hashicorp/aws\"]",
      "instances": [
        {
          "schema_version": 0,
          "attributes": {
            "arn": "arn:aws:iam::891377135193:policy/edo-lp-secrets-read01",
            "attachment_count": 1,
            "delay_after_policy_creation_in_ms": null,
            "description": "Least-privilege read for the lab DB secret",
            "id": "arn:aws:iam::891377135193:policy/edo-lp-secrets-read01",
            "name": "edo-lp-secrets-read01",
            "name_prefix": "",
            "path": "/",
            "policy": "{\"Statement\":[{\"Action\":[\"secretsmanager:GetSecretValue\",\"secretsmanager:DescribeSecret\"],\"Effect\":\"Allow\",\"Resource\":\"arn:aws:secretsmanager:ap-northeast-1:891377135193:secret:edo/rds/mysql*\",\"Sid\":\"ReadOnlyLabSecret\"}],\"Version\":\"2012-10-17\"}",
            "policy_id": "ANPA47CRXVZMXJOCA2SEL",
            "tags": {},
            "tags_all": {}
          },
          "sensitive_attributes": [],
          "identity_schema_version": 0,
          "identity": {
            "arn": "arn:aws:iam::891377135193:policy/edo-lp-secrets-read01"
          },
          "private": "bnVsbA==",
          "dependencies": [
            "data.aws_caller_identity.edo_self01",
            "data.aws_region.edo_region01"
          ]
        }
      ]
    },
    {
      "mode": "managed",
      "type": "aws_iam_role",
      "name": "edo_ec2_role01",
      "provider": "provider[\"registry.terraform.io/hashicorp/aws\"]",
      "instances": [
        {
          "schema_version": 0,
          "attributes": {
            "arn": "arn:aws:iam::891377135193:role/edo-ec2-role01",
            "assume_role_policy": "{\"Statement\":[{\"Action\":\"sts:AssumeRole\",\"Effect\":\"Allow\",\"Principal\":{\"Service\":\"ec2.amazonaws.com\"}}],\"Version\":\"2012-10-17\"}",
            "create_date": "2026-01-27T00:30:25Z",
            "description": "",
            "force_detach_policies": false,
            "id": "edo-ec2-role01",
            "inline_policy": [
              {
                "name": "secrets-manager-edo-rds",
                "policy": "{\"Version\":\"2012-10-17\",\"Statement\":[{\"Action\":[\"secretsmanager:GetSecretValue\"],\"Effect\":\"Allow\",\"Resource\":\"arn:aws:secretsmanager:us-east-1:891377135193:secret:bos/rds/mysql*\",\"Sid\":\"ReadSpecificSecret\"}]}"
              }
            ],
            "managed_policy_arns": [
              "arn:aws:iam::891377135193:policy/edo-lp-cwlogs01",
              "arn:aws:iam::891377135193:policy/edo-lp-secrets-read01",
              "arn:aws:iam::891377135193:policy/edo-lp-ssm-read01",
              "arn:aws:iam::aws:policy/AmazonSSMManagedInstanceCore",
              "arn:aws:iam::aws:policy/CloudWatchAgentServerPolicy"
            ],
            "max_session_duration": 3600,
            "name": "edo-ec2-role01",
            "name_prefix": "",
            "path": "/",
            "permissions_boundary": "",
            "tags": {},
            "tags_all": {},
            "unique_id": "AROA47CRXVZM3XOVAMTMH"
          },
          "sensitive_attributes": [],
          "identity_schema_version": 0,
          "identity": {
            "account_id": "891377135193",
            "name": "edo-ec2-role01"
          },
          "private": "bnVsbA=="
        }
      ]
    },
    {
      "mode": "managed",
      "type": "aws_iam_role_policy",
      "name": "edo_ec2_secrets_access",
      "provider": "provider[\"registry.terraform.io/hashicorp/aws\"]",
      "instances": [
        {
          "schema_version": 0,
          "attributes": {
            "id": "edo-ec2-role01:secrets-manager-edo-rds",
            "name": "secrets-manager-edo-rds",
            "name_prefix": "",
            "policy": "{\"Version\":\"2012-10-17\",\"Statement\":[{\"Action\":[\"secretsmanager:GetSecretValue\"],\"Effect\":\"Allow\",\"Resource\":\"arn:aws:secretsmanager:us-east-1:891377135193:secret:bos/rds/mysql*\",\"Sid\":\"ReadSpecificSecret\"}]}",
            "role": "edo-ec2-role01"
          },
          "sensitive_attributes": [],
          "identity_schema_version": 0,
          "identity": {
            "account_id": "891377135193",
            "name": "secrets-manager-edo-rds",
            "role": "edo-ec2-role01"
          },
          "private": "bnVsbA==",
          "dependencies": [
            "aws_iam_role.edo_ec2_role01"
          ]
        }
      ]
    },
    {
      "mode": "managed",
      "type": "aws_iam_role_policy_attachment",
      "name": "edo_attach_lp_cwlogs01",
      "provider": "provider[\"registry.terraform.io/hashicorp/aws\"]",
      "instances": [
        {
          "schema_version": 0,
          "attributes": {
            "id": "edo-ec2-role01/arn:aws:iam::891377135193:policy/edo-lp-cwlogs01",
            "policy_arn": "arn:aws:iam::891377135193:policy/edo-lp-cwlogs01",
            "role": "edo-ec2-role01"
          },
          "sensitive_attributes": [],
          "identity_schema_version": 0,
          "identity": {
            "account_id": "891377135193",
            "policy_arn": "arn:aws:iam::891377135193:policy/edo-lp-cwlogs01",
            "role": "edo-ec2-role01"
          },
          "private": "bnVsbA==",
          "dependencies": [
            "aws_cloudwatch_log_group.edo_log_group01",
            "aws_iam_policy.edo_leastpriv_cwlogs01",
            "aws_iam_role.edo_ec2_role01"
          ]
        }
      ]
    },
    {
      "mode": "managed",
      "type": "aws_iam_role_policy_attachment",
      "name": "edo_attach_lp_params01",
      "provider": "provider[\"registry.terraform.io/hashicorp/aws\"]",
      "instances": [
        {
          "schema_version": 0,
          "attributes": {
            "id": "edo-ec2-role01/arn:aws:iam::891377135193:policy/edo-lp-ssm-read01",
            "policy_arn": "arn:aws:iam::891377135193:policy/edo-lp-ssm-read01",
            "role": "edo-ec2-role01"
          },
          "sensitive_attributes": [],
          "identity_schema_version": 0,
          "identity": {
            "account_id": "891377135193",
            "policy_arn": "arn:aws:iam::891377135193:policy/edo-lp-ssm-read01",
            "role": "edo-ec2-role01"
          },
          "private": "bnVsbA==",
          "dependencies": [
            "aws_iam_policy.edo_leastpriv_read_params01",
            "aws_iam_role.edo_ec2_role01",
            "data.aws_caller_identity.edo_self01",
            "data.aws_region.edo_region01"
          ]
        }
      ]
    },
    {
      "mode": "managed",
      "type": "aws_iam_role_policy_attachment",
      "name": "edo_attach_lp_secret01",
      "provider": "provider[\"registry.terraform.io/hashicorp/aws\"]",
      "instances": [
        {
          "schema_version": 0,
          "attributes": {
            "id": "edo-ec2-role01/arn:aws:iam::891377135193:policy/edo-lp-secrets-read01",
            "policy_arn": "arn:aws:iam::891377135193:policy/edo-lp-secrets-read01",
            "role": "edo-ec2-role01"
          },
          "sensitive_attributes": [],
          "identity_schema_version": 0,
          "identity": {
            "account_id": "891377135193",
            "policy_arn": "arn:aws:iam::891377135193:policy/edo-lp-secrets-read01",
            "role": "edo-ec2-role01"
          },
          "private": "bnVsbA==",
          "dependencies": [
            "aws_iam_policy.edo_leastpriv_read_secret01",
            "aws_iam_role.edo_ec2_role01",
            "data.aws_caller_identity.edo_self01",
            "data.aws_region.edo_region01"
          ]
        }
      ]
    },
    {
      "mode": "managed",
      "type": "aws_iam_role_policy_attachment",
      "name": "edo_ec2_cw_attach",
      "provider": "provider[\"registry.terraform.io/hashicorp/aws\"]",
      "instances": [
        {
          "schema_version": 0,
          "attributes": {
            "id": "edo-ec2-role01/arn:aws:iam::aws:policy/CloudWatchAgentServerPolicy",
            "policy_arn": "arn:aws:iam::aws:policy/CloudWatchAgentServerPolicy",
            "role": "edo-ec2-role01"
          },
          "sensitive_attributes": [],
          "identity_schema_version": 0,
          "identity": {
            "account_id": "891377135193",
            "policy_arn": "arn:aws:iam::aws:policy/CloudWatchAgentServerPolicy",
            "role": "edo-ec2-role01"
          },
          "private": "bnVsbA==",
          "dependencies": [
            "aws_iam_role.edo_ec2_role01"
          ]
        }
      ]
    },
    {
      "mode": "managed",
      "type": "aws_iam_role_policy_attachment",
      "name": "edo_ec2_ssm_attach",
      "provider": "provider[\"registry.terraform.io/hashicorp/aws\"]",
      "instances": [
        {
          "schema_version": 0,
          "attributes": {
            "id": "edo-ec2-role01/arn:aws:iam::aws:policy/AmazonSSMManagedInstanceCore",
            "policy_arn": "arn:aws:iam::aws:policy/AmazonSSMManagedInstanceCore",
            "role": "edo-ec2-role01"
          },
          "sensitive_attributes": [],
          "identity_schema_version": 0,
          "identity": {
            "account_id": "891377135193",
            "policy_arn": "arn:aws:iam::aws:policy/AmazonSSMManagedInstanceCore",
            "role": "edo-ec2-role01"
          },
          "private": "bnVsbA==",
          "dependencies": [
            "aws_iam_role.edo_ec2_role01"
          ]
        }
      ]
    },
    {
      "mode": "managed",
      "type": "aws_instance",
      "name": "edo_ec201_private_bonus",
      "provider": "provider[\"registry.terraform.io/hashicorp/aws\"]",
      "instances": [
        {
          "schema_version": 2,
          "attributes": {
            "ami": "ami-06cce67a5893f85f9",
            "arn": "arn:aws:ec2:ap-northeast-1:891377135193:instance/i-0f7552bf12cfef1a0",
            "associate_public_ip_address": false,
            "availability_zone": "ap-northeast-1a",
            "capacity_reservation_specification": [
              {
                "capacity_reservation_preference": "open",
                "capacity_reservation_target": []
              }
            ],
            "cpu_options": [
              {
                "amd_sev_snp": "",
                "core_count": 1,
                "threads_per_core": 2
              }
            ],
            "credit_specification": [
              {
                "cpu_credits": "unlimited"
              }
            ],
            "disable_api_stop": false,
            "disable_api_termination": false,
            "ebs_block_device": [],
            "ebs_optimized": false,
            "enable_primary_ipv6": null,
            "enclave_options": [
              {
                "enabled": false
              }
            ],
            "ephemeral_block_device": [],
            "force_destroy": false,
            "get_password_data": false,
            "hibernation": false,
            "host_id": "",
            "host_resource_group_arn": null,
            "iam_instance_profile": "edo-instance-profile01",
            "id": "i-0f7552bf12cfef1a0",
            "instance_initiated_shutdown_behavior": "stop",
            "instance_lifecycle": "",
            "instance_market_options": [],
            "instance_state": "running",
            "instance_type": "t3.micro",
            "ipv6_address_count": 0,
            "ipv6_addresses": [],
            "key_name": "",
            "launch_template": [],
            "maintenance_options": [
              {
                "auto_recovery": "default"
              }
            ],
            "metadata_options": [
              {
                "http_endpoint": "enabled",
                "http_protocol_ipv6": "disabled",
                "http_put_response_hop_limit": 2,
                "http_tokens": "required",
                "instance_metadata_tags": "disabled"
              }
            ],
            "monitoring": false,
            "network_interface": [],
            "outpost_arn": "",
            "password_data": "",
            "placement_group": "",
            "placement_group_id": "",
            "placement_partition_number": 0,
            "primary_network_interface": [
              {
                "delete_on_termination": true,
                "network_interface_id": "eni-0e9440f7df06e0b09"
              }
            ],
            "primary_network_interface_id": "eni-0e9440f7df06e0b09",
            "private_dns": "ip-10-81-101-175.ap-northeast-1.compute.internal",
            "private_dns_name_options": [
              {
                "enable_resource_name_dns_a_record": false,
                "enable_resource_name_dns_aaaa_record": false,
                "hostname_type": "ip-name"
              }
            ],
            "private_ip": "10.81.101.175",
            "public_dns": "",
            "public_ip": "",
            "region": "ap-northeast-1",
            "root_block_device": [
              {
                "delete_on_termination": true,
                "device_name": "/dev/xvda",
                "encrypted": false,
                "iops": 3000,
                "kms_key_id": "",
                "tags": {},
                "tags_all": {},
                "throughput": 125,
                "volume_id": "vol-0518b544f9fed7830",
                "volume_size": 8,
                "volume_type": "gp3"
              }
            ],
            "secondary_private_ips": [],
            "security_groups": [],
            "source_dest_check": true,
            "spot_instance_request_id": "",
            "subnet_id": "subnet-055bfccb765308218",
            "tags": {
              "Name": "edo-ec201-private"
            },
            "tags_all": {
              "Name": "edo-ec201-private"
            },
            "tenancy": "default",
            "timeouts": null,
            "user_data": "#!/bin/bash\ncloud-init clean\ndnf update -y\ndnf install -y python3-pip\ndnf install -y mariadb105\npip3 install flask pymysql boto3\n# Create project directories and static test file early\nmkdir -p /opt/rdsapp/static\necho \"This is a test static file for caching proof.\" \u003e /opt/rdsapp/static/example.txt\nchmod 644 /opt/rdsapp/static/example.txt\nchown -R ec2-user:ec2-user /opt/rdsapp # Make sure Flask can read/write logs/static\nmkdir -p /opt/rdsapp\ncat \u003e/opt/rdsapp/app.py \u003c\u003c'PY'\nimport json\nimport os\nimport boto3\nimport pymysql\nimport logging\nimport datetime\nfrom flask import Flask, request, jsonify\n# Setup logging\nlogging.basicConfig(\n    filename='/opt/rdsapp/app.log',\n    level=logging.INFO,\n    format='%(asctime)s %(levelname)s %(name)s %(threadName)s : %(message)s'\n)\nlogger = logging.getLogger(__name__)\nREGION = os.environ.get(\"AWS_REGION\", \"us-east-1\")\nSECRET_ID = os.environ.get(\"SECRET_ID\", \"japan/rds/mysql\")\nsecrets = boto3.client(\"secretsmanager\", region_name=REGION)\ndef get_db_creds():\n    try:\n        resp = secrets.get_secret_value(SecretId=SECRET_ID)\n        s = json.loads(resp[\"SecretString\"])\n        return s\n    except Exception as e:\n        logger.error(f\"Failed to retrieve secret {SECRET_ID}: {str(e)}\")\n        raise\ndef get_conn():\n    c = get_db_creds()\n    host = c[\"host\"]\n    user = c[\"username\"]\n    password = c[\"password\"]\n    port = int(c.get(\"port\", 3306))\n    db = c.get(\"dbname\", \"labdb\")\n    try:\n        return pymysql.connect(host=host, user=user, password=password, port=port, database=db, autocommit=True)\n    except Exception as e:\n        logger.error(f\"DB connection failed: {str(e)}\")\n        raise\napp = Flask(__name__)\n@app.route(\"/\")\ndef home():\n    logger.info(\"Accessed home page\")\n    return \"\"\"\n    \u003ch2\u003eEC2 -\u003e RDS Notes App\u003c/h2\u003e\n    \u003cp\u003ePOST /add?note=hello\u003c/p\u003e\n    \u003cp\u003eGET /list\u003c/p\u003e\n    \u003cp\u003eGET /api/list (JSON version)\u003c/p\u003e\n    \"\"\"\n@app.route(\"/init\")\ndef init_db():\n    logger.info(\"Initializing database\")\n    c = get_db_creds()\n    host = c[\"host\"]\n    user = c[\"username\"]\n    password = c[\"password\"]\n    port = int(c.get(\"port\", 3306))\n    try:\n        conn = pymysql.connect(host=host, user=user, password=password, port=port, autocommit=True)\n        cur = conn.cursor()\n        cur.execute(\"CREATE DATABASE IF NOT EXISTS labdb;\")\n        cur.execute(\"USE labdb;\")\n        cur.execute(\"\"\"\n            CREATE TABLE IF NOT EXISTS notes (\n                id INT AUTO_INCREMENT PRIMARY KEY,\n                note VARCHAR(255) NOT NULL\n            );\n        \"\"\")\n        cur.close()\n        conn.close()\n        logger.info(\"Database and table initialized successfully\")\n        return \"Initialized labdb + notes table.\"\n    except Exception as e:\n        logger.error(f\"DB init failed: {str(e)}\")\n        return f\"Initialization failed: {str(e)}\", 500\n@app.route(\"/add\", methods=[\"POST\", \"GET\"])\ndef add_note():\n    note = request.args.get(\"note\", \"\").strip()\n    if not note:\n        logger.warning(\"Add note requested without 'note' parameter\")\n        return \"Missing note param. Try: /add?note=hello\", 400\n    try:\n        conn = get_conn()\n        cur = conn.cursor()\n        cur.execute(\"INSERT INTO notes(note) VALUES(%s);\", (note,))\n        cur.close()\n        conn.close()\n        logger.info(f\"Inserted note: {note}\")\n        return f\"Inserted note: {note}\"\n    except Exception as e:\n        logger.error(f\"Add note failed: {str(e)}\")\n        return f\"Insert failed: {str(e)}\", 500\n@app.route(\"/list\")\ndef list_notes():\n    logger.info(\"Listing notes\")\n    try:\n        conn = get_conn()\n        cur = conn.cursor()\n        cur.execute(\"SELECT id, note FROM notes ORDER BY id DESC;\")\n        rows = cur.fetchall()\n        cur.close()\n        conn.close()\n        out = \"\u003ch3\u003eNotes\u003c/h3\u003e\u003cul\u003e\"\n        for r in rows:\n            out += f\"\u003cli\u003e{r[0]}: {r[1]}\u003c/li\u003e\"\n        out += \"\u003c/ul\u003e\"\n        if not rows:\n            out = \"No notes yet.\"\n            logger.info(\"No notes found\")\n        else:\n            logger.info(f\"Retrieved {len(rows)} notes\")\n        return out\n    except Exception as e:\n        logger.error(f\"List notes failed: {str(e)}\")\n        return f\"Cannot list notes: {str(e)}\", 500\n# New JSON API endpoint for /api/list\n@app.route(\"/api/list\")\ndef api_list():\n    logger.info(\"API /api/list accessed\")\n    try:\n        conn = get_conn()\n        cur = conn.cursor()\n        cur.execute(\"SELECT id, note FROM notes ORDER BY id DESC;\")\n        rows = cur.fetchall()\n        cur.close()\n        conn.close()\n        return jsonify([{\"id\": r[0], \"note\": r[1]} for r in rows])\n    except Exception as e:\n        logger.error(f\"API list failed: {str(e)}\")\n        return jsonify({\"error\": str(e)}), 500\n@app.route('/api/public-feed')\ndef public_feed():\n    now = datetime.datetime.utcnow().isoformat() + 'Z'\n    minute = datetime.datetime.utcnow().minute\n    message = f\"Message of the minute: {minute:02d} - Fresh from origin at request time!\"\n    data = {\n        \"server_time_utc\": now,\n        \"message_of_the_minute\": message,\n        \"note\": \"This should be cached by CloudFront for 30 seconds (s-maxage=30)\"\n    }\n    response = jsonify(data)\n    response.headers['Cache-Control'] = 'public, s-maxage=30, max-age=0'\n    logger.info(f\"Public feed served: {now}\")\n    return response\n@app.route('/api/private-feed')\ndef private_feed():\n    now = datetime.datetime.utcnow().isoformat() + 'Z'\n    data = {\n        \"server_time_utc\": now,\n        \"message\": \"Always fresh - never cached\"\n    }\n    response = jsonify(data)\n    logger.info(f\"Private feed served: {now}\")\n    return response\n# Define private paths that should NEVER be cached\nPRIVATE_PATHS = {\n    '/api/list',\n    '/list',\n    '/add',\n    '/api/private-feed',\n}\n@app.after_request\ndef add_no_cache_headers(response):\n    if request.path in PRIVATE_PATHS:\n        response.headers['Cache-Control'] = 'private, no-store'\n        response.headers['Pragma'] = 'no-cache'\n        response.headers['Expires'] = '0'\n    return response\nif __name__ == \"__main__\":\n    logger.info(\"Starting Flask app\")\n    app.run(host=\"0.0.0.0\", port=80)\nPY\ncat \u003e/etc/systemd/system/rdsapp.service \u003c\u003c'SERVICE'\n[Unit]\nDescription=EC2 to RDS Notes App\nAfter=network.target\n[Service]\nWorkingDirectory=/opt/rdsapp\nEnvironment=SECRET_ID=japan/rds/mysql\nExecStart=/usr/bin/python3 /opt/rdsapp/app.py\nRestart=always\n[Install]\nWantedBy=multi-user.target\nSERVICE\nsystemctl daemon-reload\nsystemctl enable rdsapp\nsystemctl start rdsapp\n=== ADD CLOUDWATCH AGENT BELOW THIS LINE ===\n# Install unified CloudWatch Agent\nwget https://s3.amazonaws.com/amazoncloudwatch-agent-us-east-1/amazon_linux/amd64/latest/amazon-cloudwatch-agent.rpm\nrpm -U ./amazon-cloudwatch-agent.rpm\n# Create config directory if needed\nmkdir -p /opt/aws/amazon-cloudwatch-agent/bin\ncat \u003e/opt/aws/amazon-cloudwatch-agent/bin/config.json \u003c\u003c'EOF'\n{\n  \"agent\": {\n    \"run_as_user\": \"cwagent\"\n  },\n  \"logs\": {\n    \"logs_collected\": {\n      \"files\": {\n        \"collect_list\": [\n          {\n            \"file_path\": \"/opt/rdsapp/*.log\",\n            \"log_group_name\": \"/aws/ec2/japan-rds-app\",\n            \"log_stream_name\": \"{instance_id}\"\n          }\n        ]\n      }\n    }\n  }\n}\nEOF\n# Start the agent\n/opt/aws/amazon-cloudwatch-agent/bin/amazon-cloudwatch-agent-ctl \\\n-a fetch-config -m ec2 \\\n-c file:/opt/aws/amazon-cloudwatch-agent/bin/config.json -s\n# Test log\nlogger \"RDS App and CloudWatch Agent started successfully $(date)\"",
            "user_data_base64": null,
            "user_data_replace_on_change": false,
            "volume_tags": null,
            "vpc_security_group_ids": [
              "sg-0ec856f3d27b30ab2"
            ]
          },
          "sensitive_attributes": [],
          "identity_schema_version": 0,
          "identity": {
            "account_id": "891377135193",
            "id": "i-0f7552bf12cfef1a0",
            "region": "ap-northeast-1"
          },
          "private": "eyJlMmJmYjczMC1lY2FhLTExZTYtOGY4OC0zNDM2M2JjN2M0YzAiOnsiY3JlYXRlIjo2MDAwMDAwMDAwMDAsImRlbGV0ZSI6MTIwMDAwMDAwMDAwMCwicmVhZCI6OTAwMDAwMDAwMDAwLCJ1cGRhdGUiOjYwMDAwMDAwMDAwMH0sInNjaGVtYV92ZXJzaW9uIjoiMiJ9",
          "dependencies": [
            "aws_iam_instance_profile.edo_instance_profile01",
            "aws_iam_role.edo_ec2_role01",
            "aws_security_group.edo_ec2_sg01",
            "aws_subnet.edo_private_subnets",
            "aws_vpc.edo_vpc01"
          ]
        }
      ]
    },
    {
      "mode": "managed",
      "type": "aws_internet_gateway",
      "name": "edo_igw01",
      "provider": "provider[\"registry.terraform.io/hashicorp/aws\"]",
      "instances": [
        {
          "schema_version": 0,
          "attributes": {
            "arn": "arn:aws:ec2:ap-northeast-1:891377135193:internet-gateway/igw-04bbcd20e65941494",
            "id": "igw-04bbcd20e65941494",
            "owner_id": "891377135193",
            "region": "ap-northeast-1",
            "tags": {
              "Name": "edo-igw01"
            },
            "tags_all": {
              "Name": "edo-igw01"
            },
            "timeouts": null,
            "vpc_id": "vpc-0c2b1b6e950e6039a"
          },
          "sensitive_attributes": [],
          "identity_schema_version": 0,
          "private": "eyJlMmJmYjczMC1lY2FhLTExZTYtOGY4OC0zNDM2M2JjN2M0YzAiOnsiY3JlYXRlIjoxMjAwMDAwMDAwMDAwLCJkZWxldGUiOjEyMDAwMDAwMDAwMDAsInVwZGF0ZSI6MTIwMDAwMDAwMDAwMH19",
          "dependencies": [
            "aws_vpc.edo_vpc01"
          ]
        }
      ]
    },
    {
      "mode": "managed",
      "type": "aws_lb",
      "name": "edo_alb01",
      "provider": "provider[\"registry.terraform.io/hashicorp/aws\"]",
      "instances": [
        {
          "schema_version": 0,
          "attributes": {
            "access_logs": [
              {
                "bucket": "edo-alb-logs-lh-891377135193",
                "enabled": true,
                "prefix": "alb-access-logs"
              }
            ],
            "arn": "arn:aws:elasticloadbalancing:ap-northeast-1:891377135193:loadbalancer/app/edo-alb01/742de31852fb2987",
            "arn_suffix": "app/edo-alb01/742de31852fb2987",
            "client_keep_alive": 3600,
            "connection_logs": [
              {
                "bucket": "",
                "enabled": false,
                "prefix": ""
              }
            ],
            "customer_owned_ipv4_pool": "",
            "desync_mitigation_mode": "defensive",
            "dns_name": "edo-alb01-1327469.ap-northeast-1.elb.amazonaws.com",
            "dns_record_client_routing_policy": null,
            "drop_invalid_header_fields": false,
            "enable_cross_zone_load_balancing": true,
            "enable_deletion_protection": false,
            "enable_http2": true,
            "enable_tls_version_and_cipher_suite_headers": false,
            "enable_waf_fail_open": false,
            "enable_xff_client_port": false,
            "enable_zonal_shift": false,
            "enforce_security_group_inbound_rules_on_private_link_traffic": "",
            "health_check_logs": [
              {
                "bucket": "",
                "enabled": false,
                "prefix": ""
              }
            ],
            "id": "arn:aws:elasticloadbalancing:ap-northeast-1:891377135193:loadbalancer/app/edo-alb01/742de31852fb2987",
            "idle_timeout": 60,
            "internal": false,
            "ip_address_type": "ipv4",
            "ipam_pools": [],
            "load_balancer_type": "application",
            "minimum_load_balancer_capacity": [],
            "name": "edo-alb01",
            "name_prefix": "",
            "preserve_host_header": false,
            "region": "ap-northeast-1",
            "secondary_ips_auto_assigned_per_subnet": null,
            "security_groups": [
              "sg-05244d3959f55f83e"
            ],
            "subnet_mapping": [
              {
                "allocation_id": "",
                "ipv6_address": "",
                "outpost_id": "",
                "private_ipv4_address": "",
                "subnet_id": "subnet-049aaab1e76441a17"
              },
              {
                "allocation_id": "",
                "ipv6_address": "",
                "outpost_id": "",
                "private_ipv4_address": "",
                "subnet_id": "subnet-0e1e23026eed2fbcd"
              },
              {
                "allocation_id": "",
                "ipv6_address": "",
                "outpost_id": "",
                "private_ipv4_address": "",
                "subnet_id": "subnet-0f4f959be3feb177f"
              }
            ],
            "subnets": [
              "subnet-049aaab1e76441a17",
              "subnet-0e1e23026eed2fbcd",
              "subnet-0f4f959be3feb177f"
            ],
            "tags": {
              "Name": "edo-alb01"
            },
            "tags_all": {
              "Name": "edo-alb01"
            },
            "timeouts": null,
            "vpc_id": "vpc-0c2b1b6e950e6039a",
            "xff_header_processing_mode": "append",
            "zone_id": "Z14GRHDCWA56QT"
          },
          "sensitive_attributes": [],
          "identity_schema_version": 0,
          "identity": {
            "arn": "arn:aws:elasticloadbalancing:ap-northeast-1:891377135193:loadbalancer/app/edo-alb01/742de31852fb2987"
          },
          "private": "eyJlMmJmYjczMC1lY2FhLTExZTYtOGY4OC0zNDM2M2JjN2M0YzAiOnsiY3JlYXRlIjo2MDAwMDAwMDAwMDAsImRlbGV0ZSI6NjAwMDAwMDAwMDAwLCJ1cGRhdGUiOjYwMDAwMDAwMDAwMH19",
          "dependencies": [
            "aws_s3_bucket.edo_alb_logs_bucket01",
            "aws_security_group.edo_alb_sg01",
            "aws_subnet.edo_public_subnets",
            "aws_vpc.edo_vpc01"
          ]
        }
      ]
    },
    {
      "mode": "managed",
      "type": "aws_lb_listener",
      "name": "edo_http_listener01",
      "provider": "provider[\"registry.terraform.io/hashicorp/aws\"]",
      "instances": [
        {
          "schema_version": 0,
          "attributes": {
            "alpn_policy": null,
            "arn": "arn:aws:elasticloadbalancing:ap-northeast-1:891377135193:listener/app/edo-alb01/742de31852fb2987/804ccc566f98365f",
            "certificate_arn": null,
            "default_action": [
              {
                "authenticate_cognito": [],
                "authenticate_oidc": [],
                "fixed_response": [],
                "forward": [],
                "jwt_validation": [],
                "order": 1,
                "redirect": [
                  {
                    "host": "#{host}",
                    "path": "/#{path}",
                    "port": "443",
                    "protocol": "HTTPS",
                    "query": "#{query}",
                    "status_code": "HTTP_301"
                  }
                ],
                "target_group_arn": "",
                "type": "redirect"
              }
            ],
            "id": "arn:aws:elasticloadbalancing:ap-northeast-1:891377135193:listener/app/edo-alb01/742de31852fb2987/804ccc566f98365f",
            "load_balancer_arn": "arn:aws:elasticloadbalancing:ap-northeast-1:891377135193:loadbalancer/app/edo-alb01/742de31852fb2987",
            "mutual_authentication": [],
            "port": 80,
            "protocol": "HTTP",
            "region": "ap-northeast-1",
            "routing_http_request_x_amzn_mtls_clientcert_header_name": null,
            "routing_http_request_x_amzn_mtls_clientcert_issuer_header_name": null,
            "routing_http_request_x_amzn_mtls_clientcert_leaf_header_name": null,
            "routing_http_request_x_amzn_mtls_clientcert_serial_number_header_name": null,
            "routing_http_request_x_amzn_mtls_clientcert_subject_header_name": null,
            "routing_http_request_x_amzn_mtls_clientcert_validity_header_name": null,
            "routing_http_request_x_amzn_tls_cipher_suite_header_name": null,
            "routing_http_request_x_amzn_tls_version_header_name": null,
            "routing_http_response_access_control_allow_credentials_header_value": "",
            "routing_http_response_access_control_allow_headers_header_value": "",
            "routing_http_response_access_control_allow_methods_header_value": "",
            "routing_http_response_access_control_allow_origin_header_value": "",
            "routing_http_response_access_control_expose_headers_header_value": "",
            "routing_http_response_access_control_max_age_header_value": "",
            "routing_http_response_content_security_policy_header_value": "",
            "routing_http_response_server_enabled": true,
            "routing_http_response_strict_transport_security_header_value": "",
            "routing_http_response_x_content_type_options_header_value": "",
            "routing_http_response_x_frame_options_header_value": "",
            "ssl_policy": "",
            "tags": null,
            "tags_all": {},
            "tcp_idle_timeout_seconds": null,
            "timeouts": null
          },
          "sensitive_attributes": [],
          "identity_schema_version": 0,
          "identity": {
            "arn": "arn:aws:elasticloadbalancing:ap-northeast-1:891377135193:listener/app/edo-alb01/742de31852fb2987/804ccc566f98365f"
          },
          "private": "eyJlMmJmYjczMC1lY2FhLTExZTYtOGY4OC0zNDM2M2JjN2M0YzAiOnsiY3JlYXRlIjozMDAwMDAwMDAwMDAsInVwZGF0ZSI6MzAwMDAwMDAwMDAwfX0=",
          "dependencies": [
            "aws_lb.edo_alb01",
            "aws_s3_bucket.edo_alb_logs_bucket01",
            "aws_security_group.edo_alb_sg01",
            "aws_subnet.edo_public_subnets",
            "aws_vpc.edo_vpc01"
          ]
        }
      ]
    },
    {
      "mode": "managed",
      "type": "aws_lb_target_group",
      "name": "edo_tg01",
      "provider": "provider[\"registry.terraform.io/hashicorp/aws\"]",
      "instances": [
        {
          "schema_version": 0,
          "attributes": {
            "arn": "arn:aws:elasticloadbalancing:ap-northeast-1:891377135193:targetgroup/edo-tg01/a95afc2e0aa9d734",
            "arn_suffix": "targetgroup/edo-tg01/a95afc2e0aa9d734",
            "connection_termination": null,
            "deregistration_delay": "300",
            "health_check": [
              {
                "enabled": true,
                "healthy_threshold": 2,
                "interval": 30,
                "matcher": "200-399",
                "path": "/",
                "port": "traffic-port",
                "protocol": "HTTP",
                "timeout": 5,
                "unhealthy_threshold": 2
              }
            ],
            "id": "arn:aws:elasticloadbalancing:ap-northeast-1:891377135193:targetgroup/edo-tg01/a95afc2e0aa9d734",
            "ip_address_type": "ipv4",
            "lambda_multi_value_headers_enabled": false,
            "load_balancer_arns": [],
            "load_balancing_algorithm_type": "round_robin",
            "load_balancing_anomaly_mitigation": "off",
            "load_balancing_cross_zone_enabled": "use_load_balancer_configuration",
            "name": "edo-tg01",
            "name_prefix": "",
            "port": 80,
            "preserve_client_ip": null,
            "protocol": "HTTP",
            "protocol_version": "HTTP1",
            "proxy_protocol_v2": false,
            "region": "ap-northeast-1",
            "slow_start": 0,
            "stickiness": [
              {
                "cookie_duration": 86400,
                "cookie_name": "",
                "enabled": false,
                "type": "lb_cookie"
              }
            ],
            "tags": {
              "Name": "edo-tg01"
            },
            "tags_all": {
              "Name": "edo-tg01"
            },
            "target_control_port": 0,
            "target_failover": [
              {
                "on_deregistration": null,
                "on_unhealthy": null
              }
            ],
            "target_group_health": [
              {
                "dns_failover": [
                  {
                    "minimum_healthy_targets_count": "1",
                    "minimum_healthy_targets_percentage": "off"
                  }
                ],
                "unhealthy_state_routing": [
                  {
                    "minimum_healthy_targets_count": 1,
                    "minimum_healthy_targets_percentage": "off"
                  }
                ]
              }
            ],
            "target_health_state": [
              {
                "enable_unhealthy_connection_termination": null,
                "unhealthy_draining_interval": null
              }
            ],
            "target_type": "instance",
            "vpc_id": "vpc-0c2b1b6e950e6039a"
          },
          "sensitive_attributes": [],
          "identity_schema_version": 0,
          "identity": {
            "arn": "arn:aws:elasticloadbalancing:ap-northeast-1:891377135193:targetgroup/edo-tg01/a95afc2e0aa9d734"
          },
          "private": "bnVsbA==",
          "dependencies": [
            "aws_vpc.edo_vpc01"
          ]
        }
      ]
    },
    {
      "mode": "managed",
      "type": "aws_lb_target_group_attachment",
      "name": "edo_tg_attach01",
      "provider": "provider[\"registry.terraform.io/hashicorp/aws\"]",
      "instances": [
        {
          "schema_version": 0,
          "attributes": {
            "availability_zone": null,
            "id": "arn:aws:elasticloadbalancing:ap-northeast-1:891377135193:targetgroup/edo-tg01/a95afc2e0aa9d734-2026012700395621410000000b",
            "port": 80,
            "quic_server_id": null,
            "region": "ap-northeast-1",
            "target_group_arn": "arn:aws:elasticloadbalancing:ap-northeast-1:891377135193:targetgroup/edo-tg01/a95afc2e0aa9d734",
            "target_id": "i-0f7552bf12cfef1a0"
          },
          "sensitive_attributes": [],
          "identity_schema_version": 0,
          "private": "bnVsbA==",
          "dependencies": [
            "aws_iam_instance_profile.edo_instance_profile01",
            "aws_iam_role.edo_ec2_role01",
            "aws_instance.edo_ec201_private_bonus",
            "aws_lb_target_group.edo_tg01",
            "aws_security_group.edo_ec2_sg01",
            "aws_subnet.edo_private_subnets",
            "aws_vpc.edo_vpc01"
          ]
        }
      ]
    },
    {
      "mode": "managed",
      "type": "aws_nat_gateway",
      "name": "edo_nat01",
      "provider": "provider[\"registry.terraform.io/hashicorp/aws\"]",
      "instances": [
        {
          "schema_version": 0,
          "attributes": {
            "allocation_id": "eipalloc-0472a07f871f6c46d",
            "association_id": "eipassoc-0329841d559ce6b2e",
            "auto_provision_zones": null,
            "auto_scaling_ips": null,
            "availability_mode": "zonal",
            "availability_zone_address": [],
            "connectivity_type": "public",
            "id": "nat-06663a087f3c8edbc",
            "network_interface_id": "eni-01559925a337c40b2",
            "private_ip": "10.81.1.117",
            "public_ip": "52.192.173.199",
            "region": "ap-northeast-1",
            "regional_nat_gateway_address": [],
            "regional_nat_gateway_auto_mode": null,
            "route_table_id": null,
            "secondary_allocation_ids": [],
            "secondary_private_ip_address_count": 0,
            "secondary_private_ip_addresses": [],
            "subnet_id": "subnet-0e1e23026eed2fbcd",
            "tags": {
              "Name": "edo-nat01"
            },
            "tags_all": {
              "Name": "edo-nat01"
            },
            "timeouts": null,
            "vpc_id": "vpc-0c2b1b6e950e6039a"
          },
          "sensitive_attributes": [],
          "identity_schema_version": 0,
          "private": "eyJlMmJmYjczMC1lY2FhLTExZTYtOGY4OC0zNDM2M2JjN2M0YzAiOnsiY3JlYXRlIjo2MDAwMDAwMDAwMDAsImRlbGV0ZSI6MTgwMDAwMDAwMDAwMCwidXBkYXRlIjo2MDAwMDAwMDAwMDB9fQ==",
          "dependencies": [
            "aws_eip.edo_nat_eip01",
            "aws_internet_gateway.edo_igw01",
            "aws_subnet.edo_public_subnets",
            "aws_vpc.edo_vpc01"
          ]
        }
      ]
    },
    {
      "mode": "managed",
      "type": "aws_route",
      "name": "edo_private_default_route",
      "provider": "provider[\"registry.terraform.io/hashicorp/aws\"]",
      "instances": [
        {
          "schema_version": 0,
          "attributes": {
            "carrier_gateway_id": "",
            "core_network_arn": "",
            "destination_cidr_block": "0.0.0.0/0",
            "destination_ipv6_cidr_block": "",
            "destination_prefix_list_id": "",
            "egress_only_gateway_id": "",
            "gateway_id": "",
            "id": "r-rtb-057de691c7c92a4ea1080289494",
            "instance_id": "",
            "instance_owner_id": "",
            "local_gateway_id": "",
            "nat_gateway_id": "nat-06663a087f3c8edbc",
            "network_interface_id": "",
            "origin": "CreateRoute",
            "region": "ap-northeast-1",
            "route_table_id": "rtb-057de691c7c92a4ea",
            "state": "active",
            "timeouts": null,
            "transit_gateway_id": "",
            "vpc_endpoint_id": "",
            "vpc_peering_connection_id": ""
          },
          "sensitive_attributes": [],
          "identity_schema_version": 0,
          "identity": {
            "account_id": "891377135193",
            "destination_cidr_block": "0.0.0.0/0",
            "destination_ipv6_cidr_block": null,
            "destination_prefix_list_id": null,
            "region": "ap-northeast-1",
            "route_table_id": "rtb-057de691c7c92a4ea"
          },
          "private": "eyJlMmJmYjczMC1lY2FhLTExZTYtOGY4OC0zNDM2M2JjN2M0YzAiOnsiY3JlYXRlIjozMDAwMDAwMDAwMDAsImRlbGV0ZSI6MzAwMDAwMDAwMDAwLCJ1cGRhdGUiOjEyMDAwMDAwMDAwMH19",
          "dependencies": [
            "aws_eip.edo_nat_eip01",
            "aws_internet_gateway.edo_igw01",
            "aws_nat_gateway.edo_nat01",
            "aws_route_table.edo_private_rt01",
            "aws_subnet.edo_public_subnets",
            "aws_vpc.edo_vpc01"
          ]
        }
      ]
    },
    {
      "mode": "managed",
      "type": "aws_route",
      "name": "edo_public_default_route",
      "provider": "provider[\"registry.terraform.io/hashicorp/aws\"]",
      "instances": [
        {
          "schema_version": 0,
          "attributes": {
            "carrier_gateway_id": "",
            "core_network_arn": "",
            "destination_cidr_block": "0.0.0.0/0",
            "destination_ipv6_cidr_block": "",
            "destination_prefix_list_id": "",
            "egress_only_gateway_id": "",
            "gateway_id": "igw-04bbcd20e65941494",
            "id": "r-rtb-0411109b3301099251080289494",
            "instance_id": "",
            "instance_owner_id": "",
            "local_gateway_id": "",
            "nat_gateway_id": "",
            "network_interface_id": "",
            "origin": "CreateRoute",
            "region": "ap-northeast-1",
            "route_table_id": "rtb-0411109b330109925",
            "state": "active",
            "timeouts": null,
            "transit_gateway_id": "",
            "vpc_endpoint_id": "",
            "vpc_peering_connection_id": ""
          },
          "sensitive_attributes": [],
          "identity_schema_version": 0,
          "identity": {
            "account_id": "891377135193",
            "destination_cidr_block": "0.0.0.0/0",
            "destination_ipv6_cidr_block": null,
            "destination_prefix_list_id": null,
            "region": "ap-northeast-1",
            "route_table_id": "rtb-0411109b330109925"
          },
          "private": "eyJlMmJmYjczMC1lY2FhLTExZTYtOGY4OC0zNDM2M2JjN2M0YzAiOnsiY3JlYXRlIjozMDAwMDAwMDAwMDAsImRlbGV0ZSI6MzAwMDAwMDAwMDAwLCJ1cGRhdGUiOjEyMDAwMDAwMDAwMH19",
          "dependencies": [
            "aws_internet_gateway.edo_igw01",
            "aws_route_table.edo_public_rt01",
            "aws_vpc.edo_vpc01"
          ]
        }
      ]
    },
    {
      "mode": "managed",
      "type": "aws_route53_record",
      "name": "edo_acm_validation_records01",
      "provider": "provider[\"registry.terraform.io/hashicorp/aws\"]",
      "instances": [
        {
          "index_key": "app.larrryharrisaws.com",
          "schema_version": 2,
          "attributes": {
            "alias": [],
            "allow_overwrite": true,
            "cidr_routing_policy": [],
            "failover_routing_policy": [],
            "fqdn": "_402ee52412176e3cc610fa9fd47343c2.app.larrryharrisaws.com",
            "geolocation_routing_policy": [],
            "geoproximity_routing_policy": [],
            "health_check_id": "",
            "id": "Z0825167K1N04S2RCG6V__402ee52412176e3cc610fa9fd47343c2.app.larrryharrisaws.com._CNAME",
            "latency_routing_policy": [],
            "multivalue_answer_routing_policy": false,
            "name": "_402ee52412176e3cc610fa9fd47343c2.app.larrryharrisaws.com",
            "records": [
              "_cd5a736b59a29f7a9d8f6016140bda11.jkddzztszm.acm-validations.aws."
            ],
            "set_identifier": "",
            "timeouts": null,
            "ttl": 60,
            "type": "CNAME",
            "weighted_routing_policy": [],
            "zone_id": "Z0825167K1N04S2RCG6V"
          },
          "sensitive_attributes": [],
          "identity_schema_version": 0,
          "identity": {
            "account_id": "891377135193",
            "name": "_402ee52412176e3cc610fa9fd47343c2.app.larrryharrisaws.com",
            "set_identifier": null,
            "type": "CNAME",
            "zone_id": "Z0825167K1N04S2RCG6V"
          },
          "private": "eyJlMmJmYjczMC1lY2FhLTExZTYtOGY4OC0zNDM2M2JjN2M0YzAiOnsiY3JlYXRlIjoxODAwMDAwMDAwMDAwLCJkZWxldGUiOjE4MDAwMDAwMDAwMDAsInVwZGF0ZSI6MTgwMDAwMDAwMDAwMH0sInNjaGVtYV92ZXJzaW9uIjoiMiJ9",
          "dependencies": [
            "aws_acm_certificate.edo_acm_cert01"
          ]
        },
        {
          "index_key": "larrryharrisaws.com",
          "schema_version": 2,
          "attributes": {
            "alias": [],
            "allow_overwrite": true,
            "cidr_routing_policy": [],
            "failover_routing_policy": [],
            "fqdn": "_e68c7bf92882b94911df33d8f80cfe32.larrryharrisaws.com",
            "geolocation_routing_policy": [],
            "geoproximity_routing_policy": [],
            "health_check_id": "",
            "id": "Z0825167K1N04S2RCG6V__e68c7bf92882b94911df33d8f80cfe32.larrryharrisaws.com._CNAME",
            "latency_routing_policy": [],
            "multivalue_answer_routing_policy": false,
            "name": "_e68c7bf92882b94911df33d8f80cfe32.larrryharrisaws.com",
            "records": [
              "_e2aedbfa9bceb029721ca9db378b34a5.jkddzztszm.acm-validations.aws."
            ],
            "set_identifier": "",
            "timeouts": null,
            "ttl": 60,
            "type": "CNAME",
            "weighted_routing_policy": [],
            "zone_id": "Z0825167K1N04S2RCG6V"
          },
          "sensitive_attributes": [],
          "identity_schema_version": 0,
          "identity": {
            "account_id": "891377135193",
            "name": "_e68c7bf92882b94911df33d8f80cfe32.larrryharrisaws.com",
            "set_identifier": null,
            "type": "CNAME",
            "zone_id": "Z0825167K1N04S2RCG6V"
          },
          "private": "eyJlMmJmYjczMC1lY2FhLTExZTYtOGY4OC0zNDM2M2JjN2M0YzAiOnsiY3JlYXRlIjoxODAwMDAwMDAwMDAwLCJkZWxldGUiOjE4MDAwMDAwMDAwMDAsInVwZGF0ZSI6MTgwMDAwMDAwMDAwMH0sInNjaGVtYV92ZXJzaW9uIjoiMiJ9",
          "dependencies": [
            "aws_acm_certificate.edo_acm_cert01"
          ]
        }
      ]
    },
    {
      "mode": "managed",
      "type": "aws_route53_record",
      "name": "edo_apex_to_cf01",
      "provider": "provider[\"registry.terraform.io/hashicorp/aws\"]",
      "instances": [
        {
          "schema_version": 2,
          "attributes": {
            "alias": [
              {
                "evaluate_target_health": false,
                "name": "d2iwge7hy5xhhf.cloudfront.net",
                "zone_id": "Z2FDTNDATAQYW2"
              }
            ],
            "allow_overwrite": null,
            "cidr_routing_policy": [],
            "failover_routing_policy": [],
            "fqdn": "larrryharrisaws.com",
            "geolocation_routing_policy": [],
            "geoproximity_routing_policy": [],
            "health_check_id": "",
            "id": "Z0825167K1N04S2RCG6V_larrryharrisaws.com_A",
            "latency_routing_policy": [],
            "multivalue_answer_routing_policy": false,
            "name": "larrryharrisaws.com",
            "records": null,
            "set_identifier": "",
            "timeouts": null,
            "ttl": 0,
            "type": "A",
            "weighted_routing_policy": [],
            "zone_id": "Z0825167K1N04S2RCG6V"
          },
          "sensitive_attributes": [],
          "identity_schema_version": 0,
          "identity": {
            "account_id": "891377135193",
            "name": "larrryharrisaws.com",
            "set_identifier": null,
            "type": "A",
            "zone_id": "Z0825167K1N04S2RCG6V"
          },
          "private": "eyJlMmJmYjczMC1lY2FhLTExZTYtOGY4OC0zNDM2M2JjN2M0YzAiOnsiY3JlYXRlIjoxODAwMDAwMDAwMDAwLCJkZWxldGUiOjE4MDAwMDAwMDAwMDAsInVwZGF0ZSI6MTgwMDAwMDAwMDAwMH0sInNjaGVtYV92ZXJzaW9uIjoiMiJ9",
          "dependencies": [
            "aws_acm_certificate.edo_acm_cert01",
            "aws_cloudfront_cache_policy.edo_cache_api_disabled01",
            "aws_cloudfront_cache_policy.edo_cache_static01",
            "aws_cloudfront_distribution.edo_cf01",
            "aws_cloudfront_origin_request_policy.edo_orp_api01",
            "aws_cloudfront_response_headers_policy.edo_rsp_static01",
            "aws_lb.edo_alb01",
            "aws_s3_bucket.edo_alb_logs_bucket01",
            "aws_security_group.edo_alb_sg01",
            "aws_subnet.edo_public_subnets",
            "aws_vpc.edo_vpc01",
            "aws_wafv2_web_acl.edo_cf_waf01",
            "data.aws_cloudfront_cache_policy.edo_use_origin_cache_headers01",
            "data.aws_cloudfront_origin_request_policy.edo_orp_all_viewer01",
            "data.aws_cloudfront_origin_request_policy.edo_orp_all_viewer_except_host01",
            "random_password.edo_origin_header_value01"
          ]
        }
      ]
    },
    {
      "mode": "managed",
      "type": "aws_route53_record",
      "name": "edo_app_to_cf01",
      "provider": "provider[\"registry.terraform.io/hashicorp/aws\"]",
      "instances": [
        {
          "schema_version": 2,
          "attributes": {
            "alias": [
              {
                "evaluate_target_health": false,
                "name": "d2iwge7hy5xhhf.cloudfront.net",
                "zone_id": "Z2FDTNDATAQYW2"
              }
            ],
            "allow_overwrite": null,
            "cidr_routing_policy": [],
            "failover_routing_policy": [],
            "fqdn": "app.larrryharrisaws.com",
            "geolocation_routing_policy": [],
            "geoproximity_routing_policy": [],
            "health_check_id": "",
            "id": "Z0825167K1N04S2RCG6V_app.larrryharrisaws.com_A",
            "latency_routing_policy": [],
            "multivalue_answer_routing_policy": false,
            "name": "app.larrryharrisaws.com",
            "records": null,
            "set_identifier": "",
            "timeouts": null,
            "ttl": 0,
            "type": "A",
            "weighted_routing_policy": [],
            "zone_id": "Z0825167K1N04S2RCG6V"
          },
          "sensitive_attributes": [],
          "identity_schema_version": 0,
          "identity": {
            "account_id": "891377135193",
            "name": "app.larrryharrisaws.com",
            "set_identifier": null,
            "type": "A",
            "zone_id": "Z0825167K1N04S2RCG6V"
          },
          "private": "eyJlMmJmYjczMC1lY2FhLTExZTYtOGY4OC0zNDM2M2JjN2M0YzAiOnsiY3JlYXRlIjoxODAwMDAwMDAwMDAwLCJkZWxldGUiOjE4MDAwMDAwMDAwMDAsInVwZGF0ZSI6MTgwMDAwMDAwMDAwMH0sInNjaGVtYV92ZXJzaW9uIjoiMiJ9",
          "dependencies": [
            "aws_acm_certificate.edo_acm_cert01",
            "aws_cloudfront_cache_policy.edo_cache_api_disabled01",
            "aws_cloudfront_cache_policy.edo_cache_static01",
            "aws_cloudfront_distribution.edo_cf01",
            "aws_cloudfront_origin_request_policy.edo_orp_api01",
            "aws_cloudfront_response_headers_policy.edo_rsp_static01",
            "aws_lb.edo_alb01",
            "aws_s3_bucket.edo_alb_logs_bucket01",
            "aws_security_group.edo_alb_sg01",
            "aws_subnet.edo_public_subnets",
            "aws_vpc.edo_vpc01",
            "aws_wafv2_web_acl.edo_cf_waf01",
            "data.aws_cloudfront_cache_policy.edo_use_origin_cache_headers01",
            "data.aws_cloudfront_origin_request_policy.edo_orp_all_viewer01",
            "data.aws_cloudfront_origin_request_policy.edo_orp_all_viewer_except_host01",
            "random_password.edo_origin_header_value01"
          ]
        }
      ]
    },
    {
      "mode": "managed",
      "type": "aws_route53_zone",
      "name": "edo_zone01",
      "provider": "provider[\"registry.terraform.io/hashicorp/aws\"]",
      "instances": []
    },
    {
      "mode": "managed",
      "type": "aws_route_table",
      "name": "edo_private_rt01",
      "provider": "provider[\"registry.terraform.io/hashicorp/aws\"]",
      "instances": [
        {
          "schema_version": 0,
          "attributes": {
            "arn": "arn:aws:ec2:ap-northeast-1:891377135193:route-table/rtb-057de691c7c92a4ea",
            "id": "rtb-057de691c7c92a4ea",
            "owner_id": "891377135193",
            "propagating_vgws": [],
            "region": "ap-northeast-1",
            "route": [],
            "tags": {
              "Name": "edo-private-rt01"
            },
            "tags_all": {
              "Name": "edo-private-rt01"
            },
            "timeouts": null,
            "vpc_id": "vpc-0c2b1b6e950e6039a"
          },
          "sensitive_attributes": [],
          "identity_schema_version": 0,
          "identity": {
            "account_id": "891377135193",
            "id": "rtb-057de691c7c92a4ea",
            "region": "ap-northeast-1"
          },
          "private": "eyJlMmJmYjczMC1lY2FhLTExZTYtOGY4OC0zNDM2M2JjN2M0YzAiOnsiY3JlYXRlIjozMDAwMDAwMDAwMDAsImRlbGV0ZSI6MzAwMDAwMDAwMDAwLCJ1cGRhdGUiOjEyMDAwMDAwMDAwMH19",
          "dependencies": [
            "aws_vpc.edo_vpc01"
          ]
        }
      ]
    },
    {
      "mode": "managed",
      "type": "aws_route_table",
      "name": "edo_public_rt01",
      "provider": "provider[\"registry.terraform.io/hashicorp/aws\"]",
      "instances": [
        {
          "schema_version": 0,
          "attributes": {
            "arn": "arn:aws:ec2:ap-northeast-1:891377135193:route-table/rtb-0411109b330109925",
            "id": "rtb-0411109b330109925",
            "owner_id": "891377135193",
            "propagating_vgws": [],
            "region": "ap-northeast-1",
            "route": [],
            "tags": {
              "Name": "edo-public-rt01"
            },
            "tags_all": {
              "Name": "edo-public-rt01"
            },
            "timeouts": null,
            "vpc_id": "vpc-0c2b1b6e950e6039a"
          },
          "sensitive_attributes": [],
          "identity_schema_version": 0,
          "identity": {
            "account_id": "891377135193",
            "id": "rtb-0411109b330109925",
            "region": "ap-northeast-1"
          },
          "private": "eyJlMmJmYjczMC1lY2FhLTExZTYtOGY4OC0zNDM2M2JjN2M0YzAiOnsiY3JlYXRlIjozMDAwMDAwMDAwMDAsImRlbGV0ZSI6MzAwMDAwMDAwMDAwLCJ1cGRhdGUiOjEyMDAwMDAwMDAwMH19",
          "dependencies": [
            "aws_vpc.edo_vpc01"
          ]
        }
      ]
    },
    {
      "mode": "managed",
      "type": "aws_route_table_association",
      "name": "edo_private_rta",
      "provider": "provider[\"registry.terraform.io/hashicorp/aws\"]",
      "instances": [
        {
          "index_key": 0,
          "schema_version": 0,
          "attributes": {
            "gateway_id": "",
            "id": "rtbassoc-0f045bae0667451ff",
            "region": "ap-northeast-1",
            "route_table_id": "rtb-057de691c7c92a4ea",
            "subnet_id": "subnet-055bfccb765308218",
            "timeouts": null
          },
          "sensitive_attributes": [],
          "identity_schema_version": 0,
          "private": "eyJlMmJmYjczMC1lY2FhLTExZTYtOGY4OC0zNDM2M2JjN2M0YzAiOnsiY3JlYXRlIjozMDAwMDAwMDAwMDAsImRlbGV0ZSI6MzAwMDAwMDAwMDAwLCJ1cGRhdGUiOjEyMDAwMDAwMDAwMH19",
          "dependencies": [
            "aws_route_table.edo_private_rt01",
            "aws_subnet.edo_private_subnets",
            "aws_vpc.edo_vpc01"
          ]
        },
        {
          "index_key": 1,
          "schema_version": 0,
          "attributes": {
            "gateway_id": "",
            "id": "rtbassoc-0fc3326726e99128f",
            "region": "ap-northeast-1",
            "route_table_id": "rtb-057de691c7c92a4ea",
            "subnet_id": "subnet-0b2f7bd00666dd221",
            "timeouts": null
          },
          "sensitive_attributes": [],
          "identity_schema_version": 0,
          "private": "eyJlMmJmYjczMC1lY2FhLTExZTYtOGY4OC0zNDM2M2JjN2M0YzAiOnsiY3JlYXRlIjozMDAwMDAwMDAwMDAsImRlbGV0ZSI6MzAwMDAwMDAwMDAwLCJ1cGRhdGUiOjEyMDAwMDAwMDAwMH19",
          "dependencies": [
            "aws_route_table.edo_private_rt01",
            "aws_subnet.edo_private_subnets",
            "aws_vpc.edo_vpc01"
          ]
        },
        {
          "index_key": 2,
          "schema_version": 0,
          "attributes": {
            "gateway_id": "",
            "id": "rtbassoc-09c754d68538147a6",
            "region": "ap-northeast-1",
            "route_table_id": "rtb-057de691c7c92a4ea",
            "subnet_id": "subnet-07a6d3b9c082c43a9",
            "timeouts": null
          },
          "sensitive_attributes": [],
          "identity_schema_version": 0,
          "private": "eyJlMmJmYjczMC1lY2FhLTExZTYtOGY4OC0zNDM2M2JjN2M0YzAiOnsiY3JlYXRlIjozMDAwMDAwMDAwMDAsImRlbGV0ZSI6MzAwMDAwMDAwMDAwLCJ1cGRhdGUiOjEyMDAwMDAwMDAwMH19",
          "dependencies": [
            "aws_route_table.edo_private_rt01",
            "aws_subnet.edo_private_subnets",
            "aws_vpc.edo_vpc01"
          ]
        }
      ]
    },
    {
      "mode": "managed",
      "type": "aws_route_table_association",
      "name": "edo_public_rta",
      "provider": "provider[\"registry.terraform.io/hashicorp/aws\"]",
      "instances": [
        {
          "index_key": 0,
          "schema_version": 0,
          "attributes": {
            "gateway_id": "",
            "id": "rtbassoc-06b5912360ead9cc1",
            "region": "ap-northeast-1",
            "route_table_id": "rtb-0411109b330109925",
            "subnet_id": "subnet-0e1e23026eed2fbcd",
            "timeouts": null
          },
          "sensitive_attributes": [],
          "identity_schema_version": 0,
          "private": "eyJlMmJmYjczMC1lY2FhLTExZTYtOGY4OC0zNDM2M2JjN2M0YzAiOnsiY3JlYXRlIjozMDAwMDAwMDAwMDAsImRlbGV0ZSI6MzAwMDAwMDAwMDAwLCJ1cGRhdGUiOjEyMDAwMDAwMDAwMH19",
          "dependencies": [
            "aws_route_table.edo_public_rt01",
            "aws_subnet.edo_public_subnets",
            "aws_vpc.edo_vpc01"
          ]
        },
        {
          "index_key": 1,
          "schema_version": 0,
          "attributes": {
            "gateway_id": "",
            "id": "rtbassoc-084aa3521f8019aa7",
            "region": "ap-northeast-1",
            "route_table_id": "rtb-0411109b330109925",
            "subnet_id": "subnet-049aaab1e76441a17",
            "timeouts": null
          },
          "sensitive_attributes": [],
          "identity_schema_version": 0,
          "private": "eyJlMmJmYjczMC1lY2FhLTExZTYtOGY4OC0zNDM2M2JjN2M0YzAiOnsiY3JlYXRlIjozMDAwMDAwMDAwMDAsImRlbGV0ZSI6MzAwMDAwMDAwMDAwLCJ1cGRhdGUiOjEyMDAwMDAwMDAwMH19",
          "dependencies": [
            "aws_route_table.edo_public_rt01",
            "aws_subnet.edo_public_subnets",
            "aws_vpc.edo_vpc01"
          ]
        },
        {
          "index_key": 2,
          "schema_version": 0,
          "attributes": {
            "gateway_id": "",
            "id": "rtbassoc-0f4dd7195a0f4d8a6",
            "region": "ap-northeast-1",
            "route_table_id": "rtb-0411109b330109925",
            "subnet_id": "subnet-0f4f959be3feb177f",
            "timeouts": null
          },
          "sensitive_attributes": [],
          "identity_schema_version": 0,
          "private": "eyJlMmJmYjczMC1lY2FhLTExZTYtOGY4OC0zNDM2M2JjN2M0YzAiOnsiY3JlYXRlIjozMDAwMDAwMDAwMDAsImRlbGV0ZSI6MzAwMDAwMDAwMDAwLCJ1cGRhdGUiOjEyMDAwMDAwMDAwMH19",
          "dependencies": [
            "aws_route_table.edo_public_rt01",
            "aws_subnet.edo_public_subnets",
            "aws_vpc.edo_vpc01"
          ]
        }
      ]
    },
    {
      "mode": "managed",
      "type": "aws_s3_bucket",
      "name": "edo_alb_logs_bucket01",
      "provider": "provider[\"registry.terraform.io/hashicorp/aws\"]",
      "instances": [
        {
          "index_key": 0,
          "schema_version": 0,
          "attributes": {
            "acceleration_status": "",
            "acl": null,
            "arn": "arn:aws:s3:::edo-alb-logs-lh-891377135193",
            "bucket": "edo-alb-logs-lh-891377135193",
            "bucket_domain_name": "edo-alb-logs-lh-891377135193.s3.amazonaws.com",
            "bucket_prefix": "",
            "bucket_region": "ap-northeast-1",
            "bucket_regional_domain_name": "edo-alb-logs-lh-891377135193.s3.ap-northeast-1.amazonaws.com",
            "cors_rule": [],
            "force_destroy": true,
            "grant": [
              {
                "id": "903b1c250754076520a57e879a3113da4cbe0f2c8efdadb3b5dd954edd18db9b",
                "permissions": [
                  "FULL_CONTROL"
                ],
                "type": "CanonicalUser",
                "uri": ""
              }
            ],
            "hosted_zone_id": "Z2M4EHUR26P7ZW",
            "id": "edo-alb-logs-lh-891377135193",
            "lifecycle_rule": [],
            "logging": [],
            "object_lock_configuration": [],
            "object_lock_enabled": false,
            "policy": "{\"Statement\":[{\"Action\":\"s3:*\",\"Condition\":{\"Bool\":{\"aws:SecureTransport\":\"false\"}},\"Effect\":\"Deny\",\"Principal\":\"*\",\"Resource\":[\"arn:aws:s3:::edo-alb-logs-lh-891377135193\",\"arn:aws:s3:::edo-alb-logs-lh-891377135193/*\"],\"Sid\":\"DenyInsecureTransport\"},{\"Action\":\"s3:PutObject\",\"Effect\":\"Allow\",\"Principal\":{\"Service\":\"logdelivery.elasticloadbalancing.amazonaws.com\"},\"Resource\":\"arn:aws:s3:::edo-alb-logs-lh-891377135193/alb-access-logs/AWSLogs/891377135193/*\",\"Sid\":\"AllowELBPutObject\"}],\"Version\":\"2012-10-17\"}",
            "region": "ap-northeast-1",
            "replication_configuration": [],
            "request_payer": "BucketOwner",
            "server_side_encryption_configuration": [
              {
                "rule": [
                  {
                    "apply_server_side_encryption_by_default": [
                      {
                        "kms_master_key_id": "",
                        "sse_algorithm": "AES256"
                      }
                    ],
                    "bucket_key_enabled": false
                  }
                ]
              }
            ],
            "tags": {
              "Name": "edo-alb-logs-bucket01"
            },
            "tags_all": {
              "Name": "edo-alb-logs-bucket01"
            },
            "timeouts": null,
            "versioning": [
              {
                "enabled": false,
                "mfa_delete": false
              }
            ],
            "website": [],
            "website_domain": null,
            "website_endpoint": null
          },
          "sensitive_attributes": [],
          "identity_schema_version": 0,
          "identity": {
            "account_id": "891377135193",
            "bucket": "edo-alb-logs-lh-891377135193",
            "region": "ap-northeast-1"
          },
          "private": "eyJlMmJmYjczMC1lY2FhLTExZTYtOGY4OC0zNDM2M2JjN2M0YzAiOnsiY3JlYXRlIjoxMjAwMDAwMDAwMDAwLCJkZWxldGUiOjM2MDAwMDAwMDAwMDAsInJlYWQiOjEyMDAwMDAwMDAwMDAsInVwZGF0ZSI6MTIwMDAwMDAwMDAwMH19"
        }
      ]
    },
    {
      "mode": "managed",
      "type": "aws_s3_bucket_ownership_controls",
      "name": "edo_alb_logs_owner01",
      "provider": "provider[\"registry.terraform.io/hashicorp/aws\"]",
      "instances": [
        {
          "index_key": 0,
          "schema_version": 0,
          "attributes": {
            "bucket": "edo-alb-logs-lh-891377135193",
            "id": "edo-alb-logs-lh-891377135193",
            "region": "ap-northeast-1",
            "rule": [
              {
                "object_ownership": "BucketOwnerPreferred"
              }
            ]
          },
          "sensitive_attributes": [],
          "identity_schema_version": 0,
          "identity": {
            "account_id": "891377135193",
            "bucket": "edo-alb-logs-lh-891377135193",
            "region": "ap-northeast-1"
          },
          "private": "bnVsbA==",
          "dependencies": [
            "aws_s3_bucket.edo_alb_logs_bucket01"
          ]
        }
      ]
    },
    {
      "mode": "managed",
      "type": "aws_s3_bucket_policy",
      "name": "edo_alb_logs_policy01",
      "provider": "provider[\"registry.terraform.io/hashicorp/aws\"]",
      "instances": [
        {
          "index_key": 0,
          "schema_version": 0,
          "attributes": {
            "bucket": "edo-alb-logs-lh-891377135193",
            "id": "edo-alb-logs-lh-891377135193",
            "policy": "{\"Statement\":[{\"Action\":\"s3:*\",\"Condition\":{\"Bool\":{\"aws:SecureTransport\":\"false\"}},\"Effect\":\"Deny\",\"Principal\":\"*\",\"Resource\":[\"arn:aws:s3:::edo-alb-logs-lh-891377135193\",\"arn:aws:s3:::edo-alb-logs-lh-891377135193/*\"],\"Sid\":\"DenyInsecureTransport\"},{\"Action\":\"s3:PutObject\",\"Effect\":\"Allow\",\"Principal\":{\"Service\":\"logdelivery.elasticloadbalancing.amazonaws.com\"},\"Resource\":\"arn:aws:s3:::edo-alb-logs-lh-891377135193/alb-access-logs/AWSLogs/891377135193/*\",\"Sid\":\"AllowELBPutObject\"}],\"Version\":\"2012-10-17\"}",
            "region": "ap-northeast-1"
          },
          "sensitive_attributes": [],
          "identity_schema_version": 0,
          "identity": {
            "account_id": "891377135193",
            "bucket": "edo-alb-logs-lh-891377135193",
            "region": "ap-northeast-1"
          },
          "private": "bnVsbA==",
          "dependencies": [
            "aws_s3_bucket.edo_alb_logs_bucket01",
            "data.aws_caller_identity.edo_self01"
          ]
        }
      ]
    },
    {
      "mode": "managed",
      "type": "aws_s3_bucket_public_access_block",
      "name": "edo_alb_logs_pab01",
      "provider": "provider[\"registry.terraform.io/hashicorp/aws\"]",
      "instances": [
        {
          "index_key": 0,
          "schema_version": 0,
          "attributes": {
            "block_public_acls": true,
            "block_public_policy": true,
            "bucket": "edo-alb-logs-lh-891377135193",
            "id": "edo-alb-logs-lh-891377135193",
            "ignore_public_acls": true,
            "region": "ap-northeast-1",
            "restrict_public_buckets": true,
            "skip_destroy": null
          },
          "sensitive_attributes": [],
          "identity_schema_version": 0,
          "identity": {
            "account_id": "891377135193",
            "bucket": "edo-alb-logs-lh-891377135193",
            "region": "ap-northeast-1"
          },
          "private": "bnVsbA==",
          "dependencies": [
            "aws_s3_bucket.edo_alb_logs_bucket01"
          ]
        }
      ]
    },
    {
      "mode": "managed",
      "type": "aws_secretsmanager_secret",
      "name": "edo_db_secret01",
      "provider": "provider[\"registry.terraform.io/hashicorp/aws\"]",
      "instances": [
        {
          "schema_version": 0,
          "attributes": {
            "arn": "arn:aws:secretsmanager:ap-northeast-1:891377135193:secret:edo/rds/mysql-j0Sqh3",
            "description": "",
            "force_overwrite_replica_secret": false,
            "id": "arn:aws:secretsmanager:ap-northeast-1:891377135193:secret:edo/rds/mysql-j0Sqh3",
            "kms_key_id": "",
            "name": "edo/rds/mysql",
            "name_prefix": "",
            "policy": "",
            "recovery_window_in_days": 0,
            "region": "ap-northeast-1",
            "replica": [],
            "tags": {},
            "tags_all": {}
          },
          "sensitive_attributes": [],
          "identity_schema_version": 0,
          "identity": {
            "arn": "arn:aws:secretsmanager:ap-northeast-1:891377135193:secret:edo/rds/mysql-j0Sqh3"
          },
          "private": "bnVsbA=="
        }
      ]
    },
    {
      "mode": "managed",
      "type": "aws_secretsmanager_secret_version",
      "name": "edo_db_secret_version01",
      "provider": "provider[\"registry.terraform.io/hashicorp/aws\"]",
      "instances": [
        {
          "schema_version": 0,
          "attributes": {
            "arn": "arn:aws:secretsmanager:ap-northeast-1:891377135193:secret:edo/rds/mysql-j0Sqh3",
            "has_secret_string_wo": null,
            "id": "arn:aws:secretsmanager:ap-northeast-1:891377135193:secret:edo/rds/mysql-j0Sqh3|terraform-2026012700444916010000000c",
            "region": "ap-northeast-1",
            "secret_binary": "",
            "secret_id": "arn:aws:secretsmanager:ap-northeast-1:891377135193:secret:edo/rds/mysql-j0Sqh3",
            "secret_string": "{\"dbname\":\"labdb\",\"host\":\"edo-rds01.c9akgwocs3g5.ap-northeast-1.rds.amazonaws.com\",\"password\":\"Broth3rH00d\",\"port\":3306,\"username\":\"admiral\"}",
            "secret_string_wo": null,
            "secret_string_wo_version": null,
            "version_id": "terraform-2026012700444916010000000c",
            "version_stages": [
              "AWSCURRENT"
            ]
          },
          "sensitive_attributes": [
            [
              {
                "type": "get_attr",
                "value": "secret_binary"
              }
            ],
            [
              {
                "type": "get_attr",
                "value": "secret_string"
              }
            ],
            [
              {
                "type": "get_attr",
                "value": "secret_string_wo"
              }
            ]
          ],
          "identity_schema_version": 0,
          "identity": {
            "account_id": "891377135193",
            "region": "ap-northeast-1",
            "secret_id": "arn:aws:secretsmanager:ap-northeast-1:891377135193:secret:edo/rds/mysql-j0Sqh3",
            "version_id": "terraform-2026012700444916010000000c"
          },
          "private": "bnVsbA==",
          "dependencies": [
            "aws_db_instance.edo_rds01",
            "aws_db_subnet_group.edo_rds_subnet_group01",
            "aws_secretsmanager_secret.edo_db_secret01",
            "aws_security_group.edo_rds_sg01",
            "aws_subnet.edo_private_subnets",
            "aws_vpc.edo_vpc01"
          ]
        }
      ]
    },
    {
      "mode": "managed",
      "type": "aws_security_group",
      "name": "edo_alb_sg01",
      "provider": "provider[\"registry.terraform.io/hashicorp/aws\"]",
      "instances": [
        {
          "schema_version": 1,
          "attributes": {
            "arn": "arn:aws:ec2:ap-northeast-1:891377135193:security-group/sg-05244d3959f55f83e",
            "description": "ALB security group",
            "egress": [
              {
                "cidr_blocks": [
                  "0.0.0.0/0"
                ],
                "description": "",
                "from_port": 0,
                "ipv6_cidr_blocks": [],
                "prefix_list_ids": [],
                "protocol": "-1",
                "security_groups": [],
                "self": false,
                "to_port": 0
              }
            ],
            "id": "sg-05244d3959f55f83e",
            "ingress": [
              {
                "cidr_blocks": [
                  "0.0.0.0/0"
                ],
                "description": "",
                "from_port": 80,
                "ipv6_cidr_blocks": [],
                "prefix_list_ids": [],
                "protocol": "tcp",
                "security_groups": [],
                "self": false,
                "to_port": 80
              },
              {
                "cidr_blocks": [],
                "description": "",
                "from_port": 443,
                "ipv6_cidr_blocks": [],
                "prefix_list_ids": [
                  "pl-58a04531"
                ],
                "protocol": "tcp",
                "security_groups": [],
                "self": false,
                "to_port": 443
              }
            ],
            "name": "edo-alb-sg01",
            "name_prefix": "",
            "owner_id": "891377135193",
            "region": "ap-northeast-1",
            "revoke_rules_on_delete": false,
            "tags": {
              "Name": "edo-alb-sg01"
            },
            "tags_all": {
              "Name": "edo-alb-sg01"
            },
            "timeouts": null,
            "vpc_id": "vpc-0c2b1b6e950e6039a"
          },
          "sensitive_attributes": [],
          "identity_schema_version": 0,
          "identity": {
            "account_id": "891377135193",
            "id": "sg-05244d3959f55f83e",
            "region": "ap-northeast-1"
          },
          "private": "eyJlMmJmYjczMC1lY2FhLTExZTYtOGY4OC0zNDM2M2JjN2M0YzAiOnsiY3JlYXRlIjo2MDAwMDAwMDAwMDAsImRlbGV0ZSI6OTAwMDAwMDAwMDAwfSwic2NoZW1hX3ZlcnNpb24iOiIxIn0=",
          "dependencies": [
            "aws_vpc.edo_vpc01"
          ]
        }
      ]
    },
    {
      "mode": "managed",
      "type": "aws_security_group",
      "name": "edo_ec2_sg01",
      "provider": "provider[\"registry.terraform.io/hashicorp/aws\"]",
      "instances": [
        {
          "schema_version": 1,
          "attributes": {
            "arn": "arn:aws:ec2:ap-northeast-1:891377135193:security-group/sg-0ec856f3d27b30ab2",
            "description": "EC2 app security group",
            "egress": [
              {
                "cidr_blocks": [
                  "0.0.0.0/0"
                ],
                "description": "",
                "from_port": 0,
                "ipv6_cidr_blocks": [],
                "prefix_list_ids": [],
                "protocol": "-1",
                "security_groups": [],
                "self": false,
                "to_port": 0
              }
            ],
            "id": "sg-0ec856f3d27b30ab2",
            "ingress": [
              {
                "cidr_blocks": [],
                "description": "",
                "from_port": 80,
                "ipv6_cidr_blocks": [],
                "prefix_list_ids": [],
                "protocol": "tcp",
                "security_groups": [
                  "sg-05244d3959f55f83e"
                ],
                "self": false,
                "to_port": 80
              }
            ],
            "name": "edo-ec2-sg01",
            "name_prefix": "",
            "owner_id": "891377135193",
            "region": "ap-northeast-1",
            "revoke_rules_on_delete": false,
            "tags": {
              "Name": "edo-ec2-sg01"
            },
            "tags_all": {
              "Name": "edo-ec2-sg01"
            },
            "timeouts": null,
            "vpc_id": "vpc-0c2b1b6e950e6039a"
          },
          "sensitive_attributes": [],
          "identity_schema_version": 0,
          "identity": {
            "account_id": "891377135193",
            "id": "sg-0ec856f3d27b30ab2",
            "region": "ap-northeast-1"
          },
          "private": "eyJlMmJmYjczMC1lY2FhLTExZTYtOGY4OC0zNDM2M2JjN2M0YzAiOnsiY3JlYXRlIjo2MDAwMDAwMDAwMDAsImRlbGV0ZSI6OTAwMDAwMDAwMDAwfSwic2NoZW1hX3ZlcnNpb24iOiIxIn0=",
          "dependencies": [
            "aws_vpc.edo_vpc01"
          ]
        }
      ]
    },
    {
      "mode": "managed",
      "type": "aws_security_group",
      "name": "edo_rds_sg01",
      "provider": "provider[\"registry.terraform.io/hashicorp/aws\"]",
      "instances": [
        {
          "schema_version": 1,
          "attributes": {
            "arn": "arn:aws:ec2:ap-northeast-1:891377135193:security-group/sg-0d956db1a6f808b8a",
            "description": "RDS security group",
            "egress": [
              {
                "cidr_blocks": [
                  "0.0.0.0/0"
                ],
                "description": "Allow all outbound traffic",
                "from_port": 0,
                "ipv6_cidr_blocks": [],
                "prefix_list_ids": [],
                "protocol": "-1",
                "security_groups": [],
                "self": false,
                "to_port": 0
              }
            ],
            "id": "sg-0d956db1a6f808b8a",
            "ingress": [
              {
                "cidr_blocks": [],
                "description": "Allow MySQL access only from app tier EC2 instances",
                "from_port": 3306,
                "ipv6_cidr_blocks": [],
                "prefix_list_ids": [],
                "protocol": "tcp",
                "security_groups": [
                  "sg-0ec856f3d27b30ab2"
                ],
                "self": false,
                "to_port": 3306
              }
            ],
            "name": "edo-rds-sg01",
            "name_prefix": "",
            "owner_id": "891377135193",
            "region": "ap-northeast-1",
            "revoke_rules_on_delete": false,
            "tags": {
              "Name": "edo-rds-sg01"
            },
            "tags_all": {
              "Name": "edo-rds-sg01"
            },
            "timeouts": null,
            "vpc_id": "vpc-0c2b1b6e950e6039a"
          },
          "sensitive_attributes": [],
          "identity_schema_version": 0,
          "identity": {
            "account_id": "891377135193",
            "id": "sg-0d956db1a6f808b8a",
            "region": "ap-northeast-1"
          },
          "private": "eyJlMmJmYjczMC1lY2FhLTExZTYtOGY4OC0zNDM2M2JjN2M0YzAiOnsiY3JlYXRlIjo2MDAwMDAwMDAwMDAsImRlbGV0ZSI6OTAwMDAwMDAwMDAwfSwic2NoZW1hX3ZlcnNpb24iOiIxIn0=",
          "dependencies": [
            "aws_vpc.edo_vpc01"
          ]
        }
      ]
    },
    {
      "mode": "managed",
      "type": "aws_security_group",
      "name": "edo_vpce_sg01",
      "provider": "provider[\"registry.terraform.io/hashicorp/aws\"]",
      "instances": [
        {
          "schema_version": 1,
          "attributes": {
            "arn": "arn:aws:ec2:ap-northeast-1:891377135193:security-group/sg-0a04720ec6313b1f3",
            "description": "SG for VPC Interface Endpoints",
            "egress": [
              {
                "cidr_blocks": [
                  "0.0.0.0/0"
                ],
                "description": "Allow all outbound traffic",
                "from_port": 0,
                "ipv6_cidr_blocks": [],
                "prefix_list_ids": [],
                "protocol": "-1",
                "security_groups": [],
                "self": false,
                "to_port": 0
              }
            ],
            "id": "sg-0a04720ec6313b1f3",
            "ingress": [
              {
                "cidr_blocks": [],
                "description": "Allow EC2 SG access only for 443",
                "from_port": 443,
                "ipv6_cidr_blocks": [],
                "prefix_list_ids": [],
                "protocol": "tcp",
                "security_groups": [
                  "sg-0ec856f3d27b30ab2"
                ],
                "self": false,
                "to_port": 443
              }
            ],
            "name": "edo-vpce-sg01",
            "name_prefix": "",
            "owner_id": "891377135193",
            "region": "ap-northeast-1",
            "revoke_rules_on_delete": false,
            "tags": {
              "Name": "edo-vpce-sg01"
            },
            "tags_all": {
              "Name": "edo-vpce-sg01"
            },
            "timeouts": null,
            "vpc_id": "vpc-0c2b1b6e950e6039a"
          },
          "sensitive_attributes": [],
          "identity_schema_version": 0,
          "identity": {
            "account_id": "891377135193",
            "id": "sg-0a04720ec6313b1f3",
            "region": "ap-northeast-1"
          },
          "private": "eyJlMmJmYjczMC1lY2FhLTExZTYtOGY4OC0zNDM2M2JjN2M0YzAiOnsiY3JlYXRlIjo2MDAwMDAwMDAwMDAsImRlbGV0ZSI6OTAwMDAwMDAwMDAwfSwic2NoZW1hX3ZlcnNpb24iOiIxIn0=",
          "dependencies": [
            "aws_vpc.edo_vpc01"
          ]
        }
      ]
    },
    {
      "mode": "managed",
      "type": "aws_sns_topic",
      "name": "edo_sns_topic01",
      "provider": "provider[\"registry.terraform.io/hashicorp/aws\"]",
      "instances": [
        {
          "schema_version": 0,
          "attributes": {
            "application_failure_feedback_role_arn": "",
            "application_success_feedback_role_arn": "",
            "application_success_feedback_sample_rate": 0,
            "archive_policy": "",
            "arn": "arn:aws:sns:ap-northeast-1:891377135193:edo-db-incidents",
            "beginning_archive_time": "",
            "content_based_deduplication": false,
            "delivery_policy": "",
            "display_name": "",
            "fifo_throughput_scope": "",
            "fifo_topic": false,
            "firehose_failure_feedback_role_arn": "",
            "firehose_success_feedback_role_arn": "",
            "firehose_success_feedback_sample_rate": 0,
            "http_failure_feedback_role_arn": "",
            "http_success_feedback_role_arn": "",
            "http_success_feedback_sample_rate": 0,
            "id": "arn:aws:sns:ap-northeast-1:891377135193:edo-db-incidents",
            "kms_master_key_id": "",
            "lambda_failure_feedback_role_arn": "",
            "lambda_success_feedback_role_arn": "",
            "lambda_success_feedback_sample_rate": 0,
            "name": "edo-db-incidents",
            "name_prefix": "",
            "owner": "891377135193",
            "policy": "{\"Id\":\"__default_policy_ID\",\"Statement\":[{\"Action\":[\"SNS:GetTopicAttributes\",\"SNS:SetTopicAttributes\",\"SNS:AddPermission\",\"SNS:RemovePermission\",\"SNS:DeleteTopic\",\"SNS:Subscribe\",\"SNS:ListSubscriptionsByTopic\",\"SNS:Publish\"],\"Condition\":{\"StringEquals\":{\"AWS:SourceOwner\":\"891377135193\"}},\"Effect\":\"Allow\",\"Principal\":{\"AWS\":\"*\"},\"Resource\":\"arn:aws:sns:ap-northeast-1:891377135193:edo-db-incidents\",\"Sid\":\"__default_statement_ID\"}],\"Version\":\"2008-10-17\"}",
            "region": "ap-northeast-1",
            "signature_version": 0,
            "sqs_failure_feedback_role_arn": "",
            "sqs_success_feedback_role_arn": "",
            "sqs_success_feedback_sample_rate": 0,
            "tags": {},
            "tags_all": {},
            "tracing_config": ""
          },
          "sensitive_attributes": [],
          "identity_schema_version": 0,
          "identity": {
            "arn": "arn:aws:sns:ap-northeast-1:891377135193:edo-db-incidents"
          },
          "private": "bnVsbA=="
        }
      ]
    },
    {
      "mode": "managed",
      "type": "aws_sns_topic_subscription",
      "name": "edo_sns_sub01",
      "provider": "provider[\"registry.terraform.io/hashicorp/aws\"]",
      "instances": [
        {
          "schema_version": 0,
          "attributes": {
            "arn": "arn:aws:sns:ap-northeast-1:891377135193:edo-db-incidents:328069b2-a5d9-4414-b111-77a2d2799362",
            "confirmation_timeout_in_minutes": 1,
            "confirmation_was_authenticated": false,
            "delivery_policy": "",
            "endpoint": "larrygharris76@gmail.com",
            "endpoint_auto_confirms": false,
            "filter_policy": "",
            "filter_policy_scope": "",
            "id": "arn:aws:sns:ap-northeast-1:891377135193:edo-db-incidents:328069b2-a5d9-4414-b111-77a2d2799362",
            "owner_id": "891377135193",
            "pending_confirmation": true,
            "protocol": "email",
            "raw_message_delivery": false,
            "redrive_policy": "",
            "region": "ap-northeast-1",
            "replay_policy": "",
            "subscription_role_arn": "",
            "topic_arn": "arn:aws:sns:ap-northeast-1:891377135193:edo-db-incidents"
          },
          "sensitive_attributes": [],
          "identity_schema_version": 0,
          "identity": {
            "arn": "arn:aws:sns:ap-northeast-1:891377135193:edo-db-incidents:328069b2-a5d9-4414-b111-77a2d2799362"
          },
          "private": "bnVsbA==",
          "dependencies": [
            "aws_sns_topic.edo_sns_topic01"
          ]
        }
      ]
    },
    {
      "mode": "managed",
      "type": "aws_ssm_parameter",
      "name": "edo_db_endpoint_param",
      "provider": "provider[\"registry.terraform.io/hashicorp/aws\"]",
      "instances": [
        {
          "schema_version": 0,
          "attributes": {
            "allowed_pattern": "",
            "arn": "arn:aws:ssm:ap-northeast-1:891377135193:parameter/edo/db/endpoint",
            "data_type": "text",
            "description": "",
            "has_value_wo": false,
            "id": "/edo/db/endpoint",
            "insecure_value": null,
            "key_id": "",
            "name": "/edo/db/endpoint",
            "overwrite": null,
            "region": "ap-northeast-1",
            "tags": {
              "Name": "edo-param-db-endpoint"
            },
            "tags_all": {
              "Name": "edo-param-db-endpoint"
            },
            "tier": "Standard",
            "type": "String",
            "value": "edo-rds01.c9akgwocs3g5.ap-northeast-1.rds.amazonaws.com",
            "value_wo": null,
            "value_wo_version": null,
            "version": 1
          },
          "sensitive_attributes": [
            [
              {
                "type": "get_attr",
                "value": "value"
              }
            ],
            [
              {
                "type": "get_attr",
                "value": "value_wo"
              }
            ]
          ],
          "identity_schema_version": 0,
          "identity": {
            "account_id": "891377135193",
            "name": "/edo/db/endpoint",
            "region": "ap-northeast-1"
          },
          "private": "bnVsbA==",
          "dependencies": [
            "aws_db_instance.edo_rds01",
            "aws_db_subnet_group.edo_rds_subnet_group01",
            "aws_security_group.edo_rds_sg01",
            "aws_subnet.edo_private_subnets",
            "aws_vpc.edo_vpc01"
          ]
        }
      ]
    },
    {
      "mode": "managed",
      "type": "aws_ssm_parameter",
      "name": "edo_db_name_param",
      "provider": "provider[\"registry.terraform.io/hashicorp/aws\"]",
      "instances": [
        {
          "schema_version": 0,
          "attributes": {
            "allowed_pattern": "",
            "arn": "arn:aws:ssm:ap-northeast-1:891377135193:parameter/edo/db/name",
            "data_type": "text",
            "description": "",
            "has_value_wo": false,
            "id": "/edo/db/name",
            "insecure_value": null,
            "key_id": "",
            "name": "/edo/db/name",
            "overwrite": null,
            "region": "ap-northeast-1",
            "tags": {
              "Name": "edo-param-db-name"
            },
            "tags_all": {
              "Name": "edo-param-db-name"
            },
            "tier": "Standard",
            "type": "String",
            "value": "labdb",
            "value_wo": null,
            "value_wo_version": null,
            "version": 1
          },
          "sensitive_attributes": [
            [
              {
                "type": "get_attr",
                "value": "value"
              }
            ],
            [
              {
                "type": "get_attr",
                "value": "value_wo"
              }
            ]
          ],
          "identity_schema_version": 0,
          "identity": {
            "account_id": "891377135193",
            "name": "/edo/db/name",
            "region": "ap-northeast-1"
          },
          "private": "bnVsbA=="
        }
      ]
    },
    {
      "mode": "managed",
      "type": "aws_ssm_parameter",
      "name": "edo_db_port_param",
      "provider": "provider[\"registry.terraform.io/hashicorp/aws\"]",
      "instances": [
        {
          "schema_version": 0,
          "attributes": {
            "allowed_pattern": "",
            "arn": "arn:aws:ssm:ap-northeast-1:891377135193:parameter/edo/db/port",
            "data_type": "text",
            "description": "",
            "has_value_wo": false,
            "id": "/edo/db/port",
            "insecure_value": null,
            "key_id": "",
            "name": "/edo/db/port",
            "overwrite": null,
            "region": "ap-northeast-1",
            "tags": {
              "Name": "edo-param-db-port"
            },
            "tags_all": {
              "Name": "edo-param-db-port"
            },
            "tier": "Standard",
            "type": "String",
            "value": "3306",
            "value_wo": null,
            "value_wo_version": null,
            "version": 1
          },
          "sensitive_attributes": [
            [
              {
                "type": "get_attr",
                "value": "value"
              }
            ],
            [
              {
                "type": "get_attr",
                "value": "value_wo"
              }
            ]
          ],
          "identity_schema_version": 0,
          "identity": {
            "account_id": "891377135193",
            "name": "/edo/db/port",
            "region": "ap-northeast-1"
          },
          "private": "bnVsbA==",
          "dependencies": [
            "aws_db_instance.edo_rds01",
            "aws_db_subnet_group.edo_rds_subnet_group01",
            "aws_security_group.edo_rds_sg01",
            "aws_subnet.edo_private_subnets",
            "aws_vpc.edo_vpc01"
          ]
        }
      ]
    },
    {
      "mode": "managed",
      "type": "aws_subnet",
      "name": "edo_private_subnets",
      "provider": "provider[\"registry.terraform.io/hashicorp/aws\"]",
      "instances": [
        {
          "index_key": 0,
          "schema_version": 1,
          "attributes": {
            "arn": "arn:aws:ec2:ap-northeast-1:891377135193:subnet/subnet-055bfccb765308218",
            "assign_ipv6_address_on_creation": false,
            "availability_zone": "ap-northeast-1a",
            "availability_zone_id": "apne1-az4",
            "cidr_block": "10.81.101.0/24",
            "customer_owned_ipv4_pool": "",
            "enable_dns64": false,
            "enable_lni_at_device_index": 0,
            "enable_resource_name_dns_a_record_on_launch": false,
            "enable_resource_name_dns_aaaa_record_on_launch": false,
            "id": "subnet-055bfccb765308218",
            "ipv6_cidr_block": "",
            "ipv6_cidr_block_association_id": "",
            "ipv6_native": false,
            "map_customer_owned_ip_on_launch": false,
            "map_public_ip_on_launch": false,
            "outpost_arn": "",
            "owner_id": "891377135193",
            "private_dns_hostname_type_on_launch": "ip-name",
            "region": "ap-northeast-1",
            "tags": {
              "Name": "edo-private-subnet01"
            },
            "tags_all": {
              "Name": "edo-private-subnet01"
            },
            "timeouts": null,
            "vpc_id": "vpc-0c2b1b6e950e6039a"
          },
          "sensitive_attributes": [],
          "identity_schema_version": 0,
          "identity": {
            "account_id": "891377135193",
            "id": "subnet-055bfccb765308218",
            "region": "ap-northeast-1"
          },
          "private": "eyJlMmJmYjczMC1lY2FhLTExZTYtOGY4OC0zNDM2M2JjN2M0YzAiOnsiY3JlYXRlIjo2MDAwMDAwMDAwMDAsImRlbGV0ZSI6MTIwMDAwMDAwMDAwMH0sInNjaGVtYV92ZXJzaW9uIjoiMSJ9",
          "dependencies": [
            "aws_vpc.edo_vpc01"
          ]
        },
        {
          "index_key": 1,
          "schema_version": 1,
          "attributes": {
            "arn": "arn:aws:ec2:ap-northeast-1:891377135193:subnet/subnet-0b2f7bd00666dd221",
            "assign_ipv6_address_on_creation": false,
            "availability_zone": "ap-northeast-1c",
            "availability_zone_id": "apne1-az1",
            "cidr_block": "10.81.102.0/24",
            "customer_owned_ipv4_pool": "",
            "enable_dns64": false,
            "enable_lni_at_device_index": 0,
            "enable_resource_name_dns_a_record_on_launch": false,
            "enable_resource_name_dns_aaaa_record_on_launch": false,
            "id": "subnet-0b2f7bd00666dd221",
            "ipv6_cidr_block": "",
            "ipv6_cidr_block_association_id": "",
            "ipv6_native": false,
            "map_customer_owned_ip_on_launch": false,
            "map_public_ip_on_launch": false,
            "outpost_arn": "",
            "owner_id": "891377135193",
            "private_dns_hostname_type_on_launch": "ip-name",
            "region": "ap-northeast-1",
            "tags": {
              "Name": "edo-private-subnet02"
            },
            "tags_all": {
              "Name": "edo-private-subnet02"
            },
            "timeouts": null,
            "vpc_id": "vpc-0c2b1b6e950e6039a"
          },
          "sensitive_attributes": [],
          "identity_schema_version": 0,
          "identity": {
            "account_id": "891377135193",
            "id": "subnet-0b2f7bd00666dd221",
            "region": "ap-northeast-1"
          },
          "private": "eyJlMmJmYjczMC1lY2FhLTExZTYtOGY4OC0zNDM2M2JjN2M0YzAiOnsiY3JlYXRlIjo2MDAwMDAwMDAwMDAsImRlbGV0ZSI6MTIwMDAwMDAwMDAwMH0sInNjaGVtYV92ZXJzaW9uIjoiMSJ9",
          "dependencies": [
            "aws_vpc.edo_vpc01"
          ]
        },
        {
          "index_key": 2,
          "schema_version": 1,
          "attributes": {
            "arn": "arn:aws:ec2:ap-northeast-1:891377135193:subnet/subnet-07a6d3b9c082c43a9",
            "assign_ipv6_address_on_creation": false,
            "availability_zone": "ap-northeast-1d",
            "availability_zone_id": "apne1-az2",
            "cidr_block": "10.81.103.0/24",
            "customer_owned_ipv4_pool": "",
            "enable_dns64": false,
            "enable_lni_at_device_index": 0,
            "enable_resource_name_dns_a_record_on_launch": false,
            "enable_resource_name_dns_aaaa_record_on_launch": false,
            "id": "subnet-07a6d3b9c082c43a9",
            "ipv6_cidr_block": "",
            "ipv6_cidr_block_association_id": "",
            "ipv6_native": false,
            "map_customer_owned_ip_on_launch": false,
            "map_public_ip_on_launch": false,
            "outpost_arn": "",
            "owner_id": "891377135193",
            "private_dns_hostname_type_on_launch": "ip-name",
            "region": "ap-northeast-1",
            "tags": {
              "Name": "edo-private-subnet03"
            },
            "tags_all": {
              "Name": "edo-private-subnet03"
            },
            "timeouts": null,
            "vpc_id": "vpc-0c2b1b6e950e6039a"
          },
          "sensitive_attributes": [],
          "identity_schema_version": 0,
          "identity": {
            "account_id": "891377135193",
            "id": "subnet-07a6d3b9c082c43a9",
            "region": "ap-northeast-1"
          },
          "private": "eyJlMmJmYjczMC1lY2FhLTExZTYtOGY4OC0zNDM2M2JjN2M0YzAiOnsiY3JlYXRlIjo2MDAwMDAwMDAwMDAsImRlbGV0ZSI6MTIwMDAwMDAwMDAwMH0sInNjaGVtYV92ZXJzaW9uIjoiMSJ9",
          "dependencies": [
            "aws_vpc.edo_vpc01"
          ]
        }
      ]
    },
    {
      "mode": "managed",
      "type": "aws_subnet",
      "name": "edo_public_subnets",
      "provider": "provider[\"registry.terraform.io/hashicorp/aws\"]",
      "instances": [
        {
          "index_key": 0,
          "schema_version": 1,
          "attributes": {
            "arn": "arn:aws:ec2:ap-northeast-1:891377135193:subnet/subnet-0e1e23026eed2fbcd",
            "assign_ipv6_address_on_creation": false,
            "availability_zone": "ap-northeast-1a",
            "availability_zone_id": "apne1-az4",
            "cidr_block": "10.81.1.0/24",
            "customer_owned_ipv4_pool": "",
            "enable_dns64": false,
            "enable_lni_at_device_index": 0,
            "enable_resource_name_dns_a_record_on_launch": false,
            "enable_resource_name_dns_aaaa_record_on_launch": false,
            "id": "subnet-0e1e23026eed2fbcd",
            "ipv6_cidr_block": "",
            "ipv6_cidr_block_association_id": "",
            "ipv6_native": false,
            "map_customer_owned_ip_on_launch": false,
            "map_public_ip_on_launch": true,
            "outpost_arn": "",
            "owner_id": "891377135193",
            "private_dns_hostname_type_on_launch": "ip-name",
            "region": "ap-northeast-1",
            "tags": {
              "Name": "edo-public-subnet01"
            },
            "tags_all": {
              "Name": "edo-public-subnet01"
            },
            "timeouts": null,
            "vpc_id": "vpc-0c2b1b6e950e6039a"
          },
          "sensitive_attributes": [],
          "identity_schema_version": 0,
          "identity": {
            "account_id": "891377135193",
            "id": "subnet-0e1e23026eed2fbcd",
            "region": "ap-northeast-1"
          },
          "private": "eyJlMmJmYjczMC1lY2FhLTExZTYtOGY4OC0zNDM2M2JjN2M0YzAiOnsiY3JlYXRlIjo2MDAwMDAwMDAwMDAsImRlbGV0ZSI6MTIwMDAwMDAwMDAwMH0sInNjaGVtYV92ZXJzaW9uIjoiMSJ9",
          "dependencies": [
            "aws_vpc.edo_vpc01"
          ]
        },
        {
          "index_key": 1,
          "schema_version": 1,
          "attributes": {
            "arn": "arn:aws:ec2:ap-northeast-1:891377135193:subnet/subnet-049aaab1e76441a17",
            "assign_ipv6_address_on_creation": false,
            "availability_zone": "ap-northeast-1c",
            "availability_zone_id": "apne1-az1",
            "cidr_block": "10.81.2.0/24",
            "customer_owned_ipv4_pool": "",
            "enable_dns64": false,
            "enable_lni_at_device_index": 0,
            "enable_resource_name_dns_a_record_on_launch": false,
            "enable_resource_name_dns_aaaa_record_on_launch": false,
            "id": "subnet-049aaab1e76441a17",
            "ipv6_cidr_block": "",
            "ipv6_cidr_block_association_id": "",
            "ipv6_native": false,
            "map_customer_owned_ip_on_launch": false,
            "map_public_ip_on_launch": true,
            "outpost_arn": "",
            "owner_id": "891377135193",
            "private_dns_hostname_type_on_launch": "ip-name",
            "region": "ap-northeast-1",
            "tags": {
              "Name": "edo-public-subnet02"
            },
            "tags_all": {
              "Name": "edo-public-subnet02"
            },
            "timeouts": null,
            "vpc_id": "vpc-0c2b1b6e950e6039a"
          },
          "sensitive_attributes": [],
          "identity_schema_version": 0,
          "identity": {
            "account_id": "891377135193",
            "id": "subnet-049aaab1e76441a17",
            "region": "ap-northeast-1"
          },
          "private": "eyJlMmJmYjczMC1lY2FhLTExZTYtOGY4OC0zNDM2M2JjN2M0YzAiOnsiY3JlYXRlIjo2MDAwMDAwMDAwMDAsImRlbGV0ZSI6MTIwMDAwMDAwMDAwMH0sInNjaGVtYV92ZXJzaW9uIjoiMSJ9",
          "dependencies": [
            "aws_vpc.edo_vpc01"
          ]
        },
        {
          "index_key": 2,
          "schema_version": 1,
          "attributes": {
            "arn": "arn:aws:ec2:ap-northeast-1:891377135193:subnet/subnet-0f4f959be3feb177f",
            "assign_ipv6_address_on_creation": false,
            "availability_zone": "ap-northeast-1d",
            "availability_zone_id": "apne1-az2",
            "cidr_block": "10.81.3.0/24",
            "customer_owned_ipv4_pool": "",
            "enable_dns64": false,
            "enable_lni_at_device_index": 0,
            "enable_resource_name_dns_a_record_on_launch": false,
            "enable_resource_name_dns_aaaa_record_on_launch": false,
            "id": "subnet-0f4f959be3feb177f",
            "ipv6_cidr_block": "",
            "ipv6_cidr_block_association_id": "",
            "ipv6_native": false,
            "map_customer_owned_ip_on_launch": false,
            "map_public_ip_on_launch": true,
            "outpost_arn": "",
            "owner_id": "891377135193",
            "private_dns_hostname_type_on_launch": "ip-name",
            "region": "ap-northeast-1",
            "tags": {
              "Name": "edo-public-subnet03"
            },
            "tags_all": {
              "Name": "edo-public-subnet03"
            },
            "timeouts": null,
            "vpc_id": "vpc-0c2b1b6e950e6039a"
          },
          "sensitive_attributes": [],
          "identity_schema_version": 0,
          "identity": {
            "account_id": "891377135193",
            "id": "subnet-0f4f959be3feb177f",
            "region": "ap-northeast-1"
          },
          "private": "eyJlMmJmYjczMC1lY2FhLTExZTYtOGY4OC0zNDM2M2JjN2M0YzAiOnsiY3JlYXRlIjo2MDAwMDAwMDAwMDAsImRlbGV0ZSI6MTIwMDAwMDAwMDAwMH0sInNjaGVtYV92ZXJzaW9uIjoiMSJ9",
          "dependencies": [
            "aws_vpc.edo_vpc01"
          ]
        }
      ]
    },
    {
      "mode": "managed",
      "type": "aws_vpc",
      "name": "edo_vpc01",
      "provider": "provider[\"registry.terraform.io/hashicorp/aws\"]",
      "instances": [
        {
          "schema_version": 1,
          "attributes": {
            "arn": "arn:aws:ec2:ap-northeast-1:891377135193:vpc/vpc-0c2b1b6e950e6039a",
            "assign_generated_ipv6_cidr_block": false,
            "cidr_block": "10.81.0.0/16",
            "default_network_acl_id": "acl-06c59fb467bc50327",
            "default_route_table_id": "rtb-03fc838d75b50c834",
            "default_security_group_id": "sg-0bb3d6259433df68a",
            "dhcp_options_id": "dopt-06001cad9a135c512",
            "enable_dns_hostnames": true,
            "enable_dns_support": true,
            "enable_network_address_usage_metrics": false,
            "id": "vpc-0c2b1b6e950e6039a",
            "instance_tenancy": "default",
            "ipv4_ipam_pool_id": null,
            "ipv4_netmask_length": null,
            "ipv6_association_id": "",
            "ipv6_cidr_block": "",
            "ipv6_cidr_block_network_border_group": "",
            "ipv6_ipam_pool_id": "",
            "ipv6_netmask_length": 0,
            "main_route_table_id": "rtb-03fc838d75b50c834",
            "owner_id": "891377135193",
            "region": "ap-northeast-1",
            "tags": {
              "Name": "edo-vpc01"
            },
            "tags_all": {
              "Name": "edo-vpc01"
            }
          },
          "sensitive_attributes": [],
          "identity_schema_version": 0,
          "identity": {
            "account_id": "891377135193",
            "id": "vpc-0c2b1b6e950e6039a",
            "region": "ap-northeast-1"
          },
          "private": "eyJzY2hlbWFfdmVyc2lvbiI6IjEifQ=="
        }
      ]
    },
    {
      "mode": "managed",
      "type": "aws_vpc_endpoint",
      "name": "edo_vpce_ec2messages01",
      "provider": "provider[\"registry.terraform.io/hashicorp/aws\"]",
      "instances": [
        {
          "schema_version": 0,
          "attributes": {
            "arn": "arn:aws:ec2:ap-northeast-1:891377135193:vpc-endpoint/vpce-06906a615202db0a9",
            "auto_accept": null,
            "cidr_blocks": [],
            "dns_entry": [
              {
                "dns_name": "vpce-06906a615202db0a9-iwpfxkz6.ec2messages.ap-northeast-1.vpce.amazonaws.com",
                "hosted_zone_id": "Z2E726K9Y6RL4W"
              },
              {
                "dns_name": "vpce-06906a615202db0a9-iwpfxkz6-ap-northeast-1d.ec2messages.ap-northeast-1.vpce.amazonaws.com",
                "hosted_zone_id": "Z2E726K9Y6RL4W"
              },
              {
                "dns_name": "vpce-06906a615202db0a9-iwpfxkz6-ap-northeast-1a.ec2messages.ap-northeast-1.vpce.amazonaws.com",
                "hosted_zone_id": "Z2E726K9Y6RL4W"
              },
              {
                "dns_name": "vpce-06906a615202db0a9-iwpfxkz6-ap-northeast-1c.ec2messages.ap-northeast-1.vpce.amazonaws.com",
                "hosted_zone_id": "Z2E726K9Y6RL4W"
              },
              {
                "dns_name": "ec2messages.ap-northeast-1.amazonaws.com",
                "hosted_zone_id": "Z0787746CUZAZMK3Q5RC"
              }
            ],
            "dns_options": [
              {
                "dns_record_ip_type": "ipv4",
                "private_dns_only_for_inbound_resolver_endpoint": false,
                "private_dns_preference": "",
                "private_dns_specified_domains": []
              }
            ],
            "id": "vpce-06906a615202db0a9",
            "ip_address_type": "ipv4",
            "network_interface_ids": [
              "eni-00884d0d578bb55d4",
              "eni-0512fb1c7a23e20b0",
              "eni-06035bcd6dfc213a6"
            ],
            "owner_id": "891377135193",
            "policy": "{\"Statement\":[{\"Action\":\"*\",\"Effect\":\"Allow\",\"Principal\":\"*\",\"Resource\":\"*\"}]}",
            "prefix_list_id": null,
            "private_dns_enabled": true,
            "region": "ap-northeast-1",
            "requester_managed": false,
            "resource_configuration_arn": "",
            "route_table_ids": [],
            "security_group_ids": [
              "sg-0a04720ec6313b1f3"
            ],
            "service_name": "com.amazonaws.ap-northeast-1.ec2messages",
            "service_network_arn": "",
            "service_region": "ap-northeast-1",
            "state": "available",
            "subnet_configuration": [
              {
                "ipv4": "10.81.101.236",
                "ipv6": "",
                "subnet_id": "subnet-055bfccb765308218"
              },
              {
                "ipv4": "10.81.102.50",
                "ipv6": "",
                "subnet_id": "subnet-0b2f7bd00666dd221"
              },
              {
                "ipv4": "10.81.103.219",
                "ipv6": "",
                "subnet_id": "subnet-07a6d3b9c082c43a9"
              }
            ],
            "subnet_ids": [
              "subnet-055bfccb765308218",
              "subnet-07a6d3b9c082c43a9",
              "subnet-0b2f7bd00666dd221"
            ],
            "tags": {
              "Name": "edo-vpce-ec2messages01"
            },
            "tags_all": {
              "Name": "edo-vpce-ec2messages01"
            },
            "timeouts": null,
            "vpc_endpoint_type": "Interface",
            "vpc_id": "vpc-0c2b1b6e950e6039a"
          },
          "sensitive_attributes": [],
          "identity_schema_version": 0,
          "identity": {
            "account_id": "891377135193",
            "id": "vpce-06906a615202db0a9",
            "region": "ap-northeast-1"
          },
          "private": "eyJlMmJmYjczMC1lY2FhLTExZTYtOGY4OC0zNDM2M2JjN2M0YzAiOnsiY3JlYXRlIjo2MDAwMDAwMDAwMDAsImRlbGV0ZSI6NjAwMDAwMDAwMDAwLCJ1cGRhdGUiOjYwMDAwMDAwMDAwMH19",
          "dependencies": [
            "aws_security_group.edo_vpce_sg01",
            "aws_subnet.edo_private_subnets",
            "aws_vpc.edo_vpc01",
            "data.aws_region.edo_region01"
          ]
        }
      ]
    },
    {
      "mode": "managed",
      "type": "aws_vpc_endpoint",
      "name": "edo_vpce_kms01",
      "provider": "provider[\"registry.terraform.io/hashicorp/aws\"]",
      "instances": [
        {
          "schema_version": 0,
          "attributes": {
            "arn": "arn:aws:ec2:ap-northeast-1:891377135193:vpc-endpoint/vpce-0ebc7690600d518a8",
            "auto_accept": null,
            "cidr_blocks": [],
            "dns_entry": [
              {
                "dns_name": "vpce-0ebc7690600d518a8-905bftz3.kms.ap-northeast-1.vpce.amazonaws.com",
                "hosted_zone_id": "Z2E726K9Y6RL4W"
              },
              {
                "dns_name": "vpce-0ebc7690600d518a8-905bftz3-ap-northeast-1d.kms.ap-northeast-1.vpce.amazonaws.com",
                "hosted_zone_id": "Z2E726K9Y6RL4W"
              },
              {
                "dns_name": "vpce-0ebc7690600d518a8-905bftz3-ap-northeast-1a.kms.ap-northeast-1.vpce.amazonaws.com",
                "hosted_zone_id": "Z2E726K9Y6RL4W"
              },
              {
                "dns_name": "vpce-0ebc7690600d518a8-905bftz3-ap-northeast-1c.kms.ap-northeast-1.vpce.amazonaws.com",
                "hosted_zone_id": "Z2E726K9Y6RL4W"
              },
              {
                "dns_name": "kms.ap-northeast-1.amazonaws.com",
                "hosted_zone_id": "Z078777233N32Z9BAO27N"
              },
              {
                "dns_name": "kms.ap-northeast-1.api.aws",
                "hosted_zone_id": "Z07877471MTXVBJ8N2PKB"
              }
            ],
            "dns_options": [
              {
                "dns_record_ip_type": "ipv4",
                "private_dns_only_for_inbound_resolver_endpoint": false,
                "private_dns_preference": "",
                "private_dns_specified_domains": []
              }
            ],
            "id": "vpce-0ebc7690600d518a8",
            "ip_address_type": "ipv4",
            "network_interface_ids": [
              "eni-06672b80ebd4d7f4e",
              "eni-0917f39a466ffdd63",
              "eni-0a6621be851394317"
            ],
            "owner_id": "891377135193",
            "policy": "{\"Statement\":[{\"Action\":\"*\",\"Effect\":\"Allow\",\"Principal\":\"*\",\"Resource\":\"*\"}]}",
            "prefix_list_id": null,
            "private_dns_enabled": true,
            "region": "ap-northeast-1",
            "requester_managed": false,
            "resource_configuration_arn": "",
            "route_table_ids": [],
            "security_group_ids": [
              "sg-0a04720ec6313b1f3"
            ],
            "service_name": "com.amazonaws.ap-northeast-1.kms",
            "service_network_arn": "",
            "service_region": "ap-northeast-1",
            "state": "available",
            "subnet_configuration": [
              {
                "ipv4": "10.81.101.179",
                "ipv6": "",
                "subnet_id": "subnet-055bfccb765308218"
              },
              {
                "ipv4": "10.81.102.92",
                "ipv6": "",
                "subnet_id": "subnet-0b2f7bd00666dd221"
              },
              {
                "ipv4": "10.81.103.192",
                "ipv6": "",
                "subnet_id": "subnet-07a6d3b9c082c43a9"
              }
            ],
            "subnet_ids": [
              "subnet-055bfccb765308218",
              "subnet-07a6d3b9c082c43a9",
              "subnet-0b2f7bd00666dd221"
            ],
            "tags": {
              "Name": "edo-vpce-kms01"
            },
            "tags_all": {
              "Name": "edo-vpce-kms01"
            },
            "timeouts": null,
            "vpc_endpoint_type": "Interface",
            "vpc_id": "vpc-0c2b1b6e950e6039a"
          },
          "sensitive_attributes": [],
          "identity_schema_version": 0,
          "identity": {
            "account_id": "891377135193",
            "id": "vpce-0ebc7690600d518a8",
            "region": "ap-northeast-1"
          },
          "private": "eyJlMmJmYjczMC1lY2FhLTExZTYtOGY4OC0zNDM2M2JjN2M0YzAiOnsiY3JlYXRlIjo2MDAwMDAwMDAwMDAsImRlbGV0ZSI6NjAwMDAwMDAwMDAwLCJ1cGRhdGUiOjYwMDAwMDAwMDAwMH19",
          "dependencies": [
            "aws_security_group.edo_vpce_sg01",
            "aws_subnet.edo_private_subnets",
            "aws_vpc.edo_vpc01",
            "data.aws_region.edo_region01"
          ]
        }
      ]
    },
    {
      "mode": "managed",
      "type": "aws_vpc_endpoint",
      "name": "edo_vpce_logs01",
      "provider": "provider[\"registry.terraform.io/hashicorp/aws\"]",
      "instances": [
        {
          "schema_version": 0,
          "attributes": {
            "arn": "arn:aws:ec2:ap-northeast-1:891377135193:vpc-endpoint/vpce-0a717ed7c853a5bba",
            "auto_accept": null,
            "cidr_blocks": [],
            "dns_entry": [
              {
                "dns_name": "vpce-0a717ed7c853a5bba-tqbp4lkf.logs.ap-northeast-1.vpce.amazonaws.com",
                "hosted_zone_id": "Z2E726K9Y6RL4W"
              },
              {
                "dns_name": "vpce-0a717ed7c853a5bba-tqbp4lkf-ap-northeast-1a.logs.ap-northeast-1.vpce.amazonaws.com",
                "hosted_zone_id": "Z2E726K9Y6RL4W"
              },
              {
                "dns_name": "vpce-0a717ed7c853a5bba-tqbp4lkf-ap-northeast-1c.logs.ap-northeast-1.vpce.amazonaws.com",
                "hosted_zone_id": "Z2E726K9Y6RL4W"
              },
              {
                "dns_name": "vpce-0a717ed7c853a5bba-tqbp4lkf-ap-northeast-1d.logs.ap-northeast-1.vpce.amazonaws.com",
                "hosted_zone_id": "Z2E726K9Y6RL4W"
              },
              {
                "dns_name": "logs.ap-northeast-1.amazonaws.com",
                "hosted_zone_id": "Z08378411O0JO4ZTYPLWZ"
              },
              {
                "dns_name": "logs.ap-northeast-1.api.aws",
                "hosted_zone_id": "Z0839651154KO7HK6C9B2"
              },
              {
                "dns_name": "streaming-logs.ap-northeast-1.amazonaws.com",
                "hosted_zone_id": "Z08378042WNYWF5YG0NTF"
              },
              {
                "dns_name": "streaming-logs.ap-northeast-1.api.aws",
                "hosted_zone_id": "Z08364561E2N2UVTRJAND"
              }
            ],
            "dns_options": [
              {
                "dns_record_ip_type": "ipv4",
                "private_dns_only_for_inbound_resolver_endpoint": false,
                "private_dns_preference": "",
                "private_dns_specified_domains": []
              }
            ],
            "id": "vpce-0a717ed7c853a5bba",
            "ip_address_type": "ipv4",
            "network_interface_ids": [
              "eni-001b3258419abe8f6",
              "eni-038578d54454a0cf1",
              "eni-0855037519d68c28f"
            ],
            "owner_id": "891377135193",
            "policy": "{\"Statement\":[{\"Action\":\"*\",\"Effect\":\"Allow\",\"Principal\":\"*\",\"Resource\":\"*\"}]}",
            "prefix_list_id": null,
            "private_dns_enabled": true,
            "region": "ap-northeast-1",
            "requester_managed": false,
            "resource_configuration_arn": "",
            "route_table_ids": [],
            "security_group_ids": [
              "sg-0a04720ec6313b1f3"
            ],
            "service_name": "com.amazonaws.ap-northeast-1.logs",
            "service_network_arn": "",
            "service_region": "ap-northeast-1",
            "state": "available",
            "subnet_configuration": [
              {
                "ipv4": "10.81.101.231",
                "ipv6": "",
                "subnet_id": "subnet-055bfccb765308218"
              },
              {
                "ipv4": "10.81.102.207",
                "ipv6": "",
                "subnet_id": "subnet-0b2f7bd00666dd221"
              },
              {
                "ipv4": "10.81.103.42",
                "ipv6": "",
                "subnet_id": "subnet-07a6d3b9c082c43a9"
              }
            ],
            "subnet_ids": [
              "subnet-055bfccb765308218",
              "subnet-07a6d3b9c082c43a9",
              "subnet-0b2f7bd00666dd221"
            ],
            "tags": {
              "Name": "edo-vpce-logs01"
            },
            "tags_all": {
              "Name": "edo-vpce-logs01"
            },
            "timeouts": null,
            "vpc_endpoint_type": "Interface",
            "vpc_id": "vpc-0c2b1b6e950e6039a"
          },
          "sensitive_attributes": [],
          "identity_schema_version": 0,
          "identity": {
            "account_id": "891377135193",
            "id": "vpce-0a717ed7c853a5bba",
            "region": "ap-northeast-1"
          },
          "private": "eyJlMmJmYjczMC1lY2FhLTExZTYtOGY4OC0zNDM2M2JjN2M0YzAiOnsiY3JlYXRlIjo2MDAwMDAwMDAwMDAsImRlbGV0ZSI6NjAwMDAwMDAwMDAwLCJ1cGRhdGUiOjYwMDAwMDAwMDAwMH19",
          "dependencies": [
            "aws_security_group.edo_vpce_sg01",
            "aws_subnet.edo_private_subnets",
            "aws_vpc.edo_vpc01",
            "data.aws_region.edo_region01"
          ]
        }
      ]
    },
    {
      "mode": "managed",
      "type": "aws_vpc_endpoint",
      "name": "edo_vpce_s3_gw01",
      "provider": "provider[\"registry.terraform.io/hashicorp/aws\"]",
      "instances": [
        {
          "schema_version": 0,
          "attributes": {
            "arn": "arn:aws:ec2:ap-northeast-1:891377135193:vpc-endpoint/vpce-0f7b5ef2fc56240f6",
            "auto_accept": null,
            "cidr_blocks": [
              "3.5.152.0/21",
              "52.219.162.0/23",
              "52.219.0.0/20",
              "52.219.16.0/22",
              "52.219.196.0/22",
              "52.219.172.0/22",
              "52.219.20.0/23",
              "52.219.195.0/24",
              "52.219.200.0/23",
              "52.219.150.0/23",
              "52.219.152.0/22",
              "52.219.136.0/22",
              "52.219.68.0/22"
            ],
            "dns_entry": [],
            "dns_options": [
              {
                "dns_record_ip_type": "service-defined",
                "private_dns_only_for_inbound_resolver_endpoint": false,
                "private_dns_preference": "",
                "private_dns_specified_domains": []
              }
            ],
            "id": "vpce-0f7b5ef2fc56240f6",
            "ip_address_type": "ipv4",
            "network_interface_ids": [],
            "owner_id": "891377135193",
            "policy": "{\"Statement\":[{\"Action\":\"*\",\"Effect\":\"Allow\",\"Principal\":\"*\",\"Resource\":\"*\"}],\"Version\":\"2008-10-17\"}",
            "prefix_list_id": "pl-61a54008",
            "private_dns_enabled": false,
            "region": "ap-northeast-1",
            "requester_managed": false,
            "resource_configuration_arn": "",
            "route_table_ids": [
              "rtb-057de691c7c92a4ea"
            ],
            "security_group_ids": [],
            "service_name": "com.amazonaws.ap-northeast-1.s3",
            "service_network_arn": "",
            "service_region": "ap-northeast-1",
            "state": "available",
            "subnet_configuration": [],
            "subnet_ids": [],
            "tags": {
              "Name": "edo-vpce-s3-gw01"
            },
            "tags_all": {
              "Name": "edo-vpce-s3-gw01"
            },
            "timeouts": null,
            "vpc_endpoint_type": "Gateway",
            "vpc_id": "vpc-0c2b1b6e950e6039a"
          },
          "sensitive_attributes": [],
          "identity_schema_version": 0,
          "identity": {
            "account_id": "891377135193",
            "id": "vpce-0f7b5ef2fc56240f6",
            "region": "ap-northeast-1"
          },
          "private": "eyJlMmJmYjczMC1lY2FhLTExZTYtOGY4OC0zNDM2M2JjN2M0YzAiOnsiY3JlYXRlIjo2MDAwMDAwMDAwMDAsImRlbGV0ZSI6NjAwMDAwMDAwMDAwLCJ1cGRhdGUiOjYwMDAwMDAwMDAwMH19",
          "dependencies": [
            "aws_route_table.edo_private_rt01",
            "aws_vpc.edo_vpc01",
            "data.aws_region.edo_region01"
          ]
        }
      ]
    },
    {
      "mode": "managed",
      "type": "aws_vpc_endpoint",
      "name": "edo_vpce_secrets01",
      "provider": "provider[\"registry.terraform.io/hashicorp/aws\"]",
      "instances": [
        {
          "schema_version": 0,
          "attributes": {
            "arn": "arn:aws:ec2:ap-northeast-1:891377135193:vpc-endpoint/vpce-0d73fb18f4a700c31",
            "auto_accept": null,
            "cidr_blocks": [],
            "dns_entry": [
              {
                "dns_name": "vpce-0d73fb18f4a700c31-49m0jxm9.secretsmanager.ap-northeast-1.vpce.amazonaws.com",
                "hosted_zone_id": "Z2E726K9Y6RL4W"
              },
              {
                "dns_name": "vpce-0d73fb18f4a700c31-49m0jxm9-ap-northeast-1c.secretsmanager.ap-northeast-1.vpce.amazonaws.com",
                "hosted_zone_id": "Z2E726K9Y6RL4W"
              },
              {
                "dns_name": "vpce-0d73fb18f4a700c31-49m0jxm9-ap-northeast-1a.secretsmanager.ap-northeast-1.vpce.amazonaws.com",
                "hosted_zone_id": "Z2E726K9Y6RL4W"
              },
              {
                "dns_name": "vpce-0d73fb18f4a700c31-49m0jxm9-ap-northeast-1d.secretsmanager.ap-northeast-1.vpce.amazonaws.com",
                "hosted_zone_id": "Z2E726K9Y6RL4W"
              },
              {
                "dns_name": "secretsmanager.ap-northeast-1.amazonaws.com",
                "hosted_zone_id": "Z0843725RB6T979ZL7TF"
              }
            ],
            "dns_options": [
              {
                "dns_record_ip_type": "ipv4",
                "private_dns_only_for_inbound_resolver_endpoint": false,
                "private_dns_preference": "",
                "private_dns_specified_domains": []
              }
            ],
            "id": "vpce-0d73fb18f4a700c31",
            "ip_address_type": "ipv4",
            "network_interface_ids": [
              "eni-045113f46ec204351",
              "eni-059b98ffae6efb404",
              "eni-0bd7886c4b940d287"
            ],
            "owner_id": "891377135193",
            "policy": "{\"Statement\":[{\"Action\":\"*\",\"Effect\":\"Allow\",\"Principal\":\"*\",\"Resource\":\"*\"}]}",
            "prefix_list_id": null,
            "private_dns_enabled": true,
            "region": "ap-northeast-1",
            "requester_managed": false,
            "resource_configuration_arn": "",
            "route_table_ids": [],
            "security_group_ids": [
              "sg-0a04720ec6313b1f3"
            ],
            "service_name": "com.amazonaws.ap-northeast-1.secretsmanager",
            "service_network_arn": "",
            "service_region": "ap-northeast-1",
            "state": "available",
            "subnet_configuration": [
              {
                "ipv4": "10.81.101.49",
                "ipv6": "",
                "subnet_id": "subnet-055bfccb765308218"
              },
              {
                "ipv4": "10.81.102.223",
                "ipv6": "",
                "subnet_id": "subnet-0b2f7bd00666dd221"
              },
              {
                "ipv4": "10.81.103.132",
                "ipv6": "",
                "subnet_id": "subnet-07a6d3b9c082c43a9"
              }
            ],
            "subnet_ids": [
              "subnet-055bfccb765308218",
              "subnet-07a6d3b9c082c43a9",
              "subnet-0b2f7bd00666dd221"
            ],
            "tags": {
              "Name": "edo-vpce-secrets01"
            },
            "tags_all": {
              "Name": "edo-vpce-secrets01"
            },
            "timeouts": null,
            "vpc_endpoint_type": "Interface",
            "vpc_id": "vpc-0c2b1b6e950e6039a"
          },
          "sensitive_attributes": [],
          "identity_schema_version": 0,
          "identity": {
            "account_id": "891377135193",
            "id": "vpce-0d73fb18f4a700c31",
            "region": "ap-northeast-1"
          },
          "private": "eyJlMmJmYjczMC1lY2FhLTExZTYtOGY4OC0zNDM2M2JjN2M0YzAiOnsiY3JlYXRlIjo2MDAwMDAwMDAwMDAsImRlbGV0ZSI6NjAwMDAwMDAwMDAwLCJ1cGRhdGUiOjYwMDAwMDAwMDAwMH19",
          "dependencies": [
            "aws_security_group.edo_vpce_sg01",
            "aws_subnet.edo_private_subnets",
            "aws_vpc.edo_vpc01",
            "data.aws_region.edo_region01"
          ]
        }
      ]
    },
    {
      "mode": "managed",
      "type": "aws_vpc_endpoint",
      "name": "edo_vpce_ssm01",
      "provider": "provider[\"registry.terraform.io/hashicorp/aws\"]",
      "instances": [
        {
          "schema_version": 0,
          "attributes": {
            "arn": "arn:aws:ec2:ap-northeast-1:891377135193:vpc-endpoint/vpce-0a787931c5839fa67",
            "auto_accept": null,
            "cidr_blocks": [],
            "dns_entry": [
              {
                "dns_name": "vpce-0a787931c5839fa67-rp2wsqba.ssm.ap-northeast-1.vpce.amazonaws.com",
                "hosted_zone_id": "Z2E726K9Y6RL4W"
              },
              {
                "dns_name": "vpce-0a787931c5839fa67-rp2wsqba-ap-northeast-1d.ssm.ap-northeast-1.vpce.amazonaws.com",
                "hosted_zone_id": "Z2E726K9Y6RL4W"
              },
              {
                "dns_name": "vpce-0a787931c5839fa67-rp2wsqba-ap-northeast-1c.ssm.ap-northeast-1.vpce.amazonaws.com",
                "hosted_zone_id": "Z2E726K9Y6RL4W"
              },
              {
                "dns_name": "vpce-0a787931c5839fa67-rp2wsqba-ap-northeast-1a.ssm.ap-northeast-1.vpce.amazonaws.com",
                "hosted_zone_id": "Z2E726K9Y6RL4W"
              },
              {
                "dns_name": "ssm.ap-northeast-1.amazonaws.com",
                "hosted_zone_id": "Z0787774XH59SU04KBIO"
              },
              {
                "dns_name": "ssm.ap-northeast-1.api.aws",
                "hosted_zone_id": "Z07877683JJHVLP9E5RGE"
              }
            ],
            "dns_options": [
              {
                "dns_record_ip_type": "ipv4",
                "private_dns_only_for_inbound_resolver_endpoint": false,
                "private_dns_preference": "",
                "private_dns_specified_domains": []
              }
            ],
            "id": "vpce-0a787931c5839fa67",
            "ip_address_type": "ipv4",
            "network_interface_ids": [
              "eni-05c4abbb8ae9ec1cc",
              "eni-085ab1c8f05767bfc",
              "eni-0cd67c63b1b754b30"
            ],
            "owner_id": "891377135193",
            "policy": "{\"Statement\":[{\"Action\":\"*\",\"Effect\":\"Allow\",\"Principal\":\"*\",\"Resource\":\"*\"}]}",
            "prefix_list_id": null,
            "private_dns_enabled": true,
            "region": "ap-northeast-1",
            "requester_managed": false,
            "resource_configuration_arn": "",
            "route_table_ids": [],
            "security_group_ids": [
              "sg-0a04720ec6313b1f3"
            ],
            "service_name": "com.amazonaws.ap-northeast-1.ssm",
            "service_network_arn": "",
            "service_region": "ap-northeast-1",
            "state": "available",
            "subnet_configuration": [
              {
                "ipv4": "10.81.101.184",
                "ipv6": "",
                "subnet_id": "subnet-055bfccb765308218"
              },
              {
                "ipv4": "10.81.102.101",
                "ipv6": "",
                "subnet_id": "subnet-0b2f7bd00666dd221"
              },
              {
                "ipv4": "10.81.103.47",
                "ipv6": "",
                "subnet_id": "subnet-07a6d3b9c082c43a9"
              }
            ],
            "subnet_ids": [
              "subnet-055bfccb765308218",
              "subnet-07a6d3b9c082c43a9",
              "subnet-0b2f7bd00666dd221"
            ],
            "tags": {
              "Name": "edo-vpce-ssm01"
            },
            "tags_all": {
              "Name": "edo-vpce-ssm01"
            },
            "timeouts": null,
            "vpc_endpoint_type": "Interface",
            "vpc_id": "vpc-0c2b1b6e950e6039a"
          },
          "sensitive_attributes": [],
          "identity_schema_version": 0,
          "identity": {
            "account_id": "891377135193",
            "id": "vpce-0a787931c5839fa67",
            "region": "ap-northeast-1"
          },
          "private": "eyJlMmJmYjczMC1lY2FhLTExZTYtOGY4OC0zNDM2M2JjN2M0YzAiOnsiY3JlYXRlIjo2MDAwMDAwMDAwMDAsImRlbGV0ZSI6NjAwMDAwMDAwMDAwLCJ1cGRhdGUiOjYwMDAwMDAwMDAwMH19",
          "dependencies": [
            "aws_security_group.edo_vpce_sg01",
            "aws_subnet.edo_private_subnets",
            "aws_vpc.edo_vpc01",
            "data.aws_region.edo_region01"
          ]
        }
      ]
    },
    {
      "mode": "managed",
      "type": "aws_vpc_endpoint",
      "name": "edo_vpce_ssmmessages01",
      "provider": "provider[\"registry.terraform.io/hashicorp/aws\"]",
      "instances": [
        {
          "schema_version": 0,
          "attributes": {
            "arn": "arn:aws:ec2:ap-northeast-1:891377135193:vpc-endpoint/vpce-0d3b9e7310ac172fd",
            "auto_accept": null,
            "cidr_blocks": [],
            "dns_entry": [
              {
                "dns_name": "vpce-0d3b9e7310ac172fd-itjznluk.ssmmessages.ap-northeast-1.vpce.amazonaws.com",
                "hosted_zone_id": "Z2E726K9Y6RL4W"
              },
              {
                "dns_name": "vpce-0d3b9e7310ac172fd-itjznluk-ap-northeast-1a.ssmmessages.ap-northeast-1.vpce.amazonaws.com",
                "hosted_zone_id": "Z2E726K9Y6RL4W"
              },
              {
                "dns_name": "vpce-0d3b9e7310ac172fd-itjznluk-ap-northeast-1d.ssmmessages.ap-northeast-1.vpce.amazonaws.com",
                "hosted_zone_id": "Z2E726K9Y6RL4W"
              },
              {
                "dns_name": "vpce-0d3b9e7310ac172fd-itjznluk-ap-northeast-1c.ssmmessages.ap-northeast-1.vpce.amazonaws.com",
                "hosted_zone_id": "Z2E726K9Y6RL4W"
              },
              {
                "dns_name": "ssmmessages.ap-northeast-1.amazonaws.com",
                "hosted_zone_id": "Z08380443MG0ZNEJ6GBO8"
              },
              {
                "dns_name": "ssmmessages.ap-northeast-1.api.aws",
                "hosted_zone_id": "Z084301111BPVDWS1NKQL"
              }
            ],
            "dns_options": [
              {
                "dns_record_ip_type": "ipv4",
                "private_dns_only_for_inbound_resolver_endpoint": false,
                "private_dns_preference": "",
                "private_dns_specified_domains": []
              }
            ],
            "id": "vpce-0d3b9e7310ac172fd",
            "ip_address_type": "ipv4",
            "network_interface_ids": [
              "eni-066fe0dae1d3c473f",
              "eni-08801ededbac91f8e",
              "eni-0ed17bb9f5c43ed5a"
            ],
            "owner_id": "891377135193",
            "policy": "{\"Statement\":[{\"Action\":\"*\",\"Effect\":\"Allow\",\"Principal\":\"*\",\"Resource\":\"*\"}]}",
            "prefix_list_id": null,
            "private_dns_enabled": true,
            "region": "ap-northeast-1",
            "requester_managed": false,
            "resource_configuration_arn": "",
            "route_table_ids": [],
            "security_group_ids": [
              "sg-0a04720ec6313b1f3"
            ],
            "service_name": "com.amazonaws.ap-northeast-1.ssmmessages",
            "service_network_arn": "",
            "service_region": "ap-northeast-1",
            "state": "available",
            "subnet_configuration": [
              {
                "ipv4": "10.81.101.146",
                "ipv6": "",
                "subnet_id": "subnet-055bfccb765308218"
              },
              {
                "ipv4": "10.81.102.100",
                "ipv6": "",
                "subnet_id": "subnet-0b2f7bd00666dd221"
              },
              {
                "ipv4": "10.81.103.128",
                "ipv6": "",
                "subnet_id": "subnet-07a6d3b9c082c43a9"
              }
            ],
            "subnet_ids": [
              "subnet-055bfccb765308218",
              "subnet-07a6d3b9c082c43a9",
              "subnet-0b2f7bd00666dd221"
            ],
            "tags": {
              "Name": "edo-vpce-ssmmessages01"
            },
            "tags_all": {
              "Name": "edo-vpce-ssmmessages01"
            },
            "timeouts": null,
            "vpc_endpoint_type": "Interface",
            "vpc_id": "vpc-0c2b1b6e950e6039a"
          },
          "sensitive_attributes": [],
          "identity_schema_version": 0,
          "identity": {
            "account_id": "891377135193",
            "id": "vpce-0d3b9e7310ac172fd",
            "region": "ap-northeast-1"
          },
          "private": "eyJlMmJmYjczMC1lY2FhLTExZTYtOGY4OC0zNDM2M2JjN2M0YzAiOnsiY3JlYXRlIjo2MDAwMDAwMDAwMDAsImRlbGV0ZSI6NjAwMDAwMDAwMDAwLCJ1cGRhdGUiOjYwMDAwMDAwMDAwMH19",
          "dependencies": [
            "aws_security_group.edo_vpce_sg01",
            "aws_subnet.edo_private_subnets",
            "aws_vpc.edo_vpc01",
            "data.aws_region.edo_region01"
          ]
        }
      ]
    },
    {
      "mode": "managed",
      "type": "aws_vpc_security_group_egress_rule",
      "name": "ec2_all_traffic_ipv4",
      "provider": "provider[\"registry.terraform.io/hashicorp/aws\"]",
      "instances": [
        {
          "schema_version": 0,
          "attributes": {
            "arn": "arn:aws:ec2:ap-northeast-1:891377135193:security-group-rule/sgr-0635a981ee1499ca3",
            "cidr_ipv4": "0.0.0.0/0",
            "cidr_ipv6": null,
            "description": null,
            "from_port": null,
            "id": "sgr-0635a981ee1499ca3",
            "ip_protocol": "-1",
            "prefix_list_id": null,
            "referenced_security_group_id": null,
            "region": "ap-northeast-1",
            "security_group_id": "sg-0ec856f3d27b30ab2",
            "security_group_rule_id": "sgr-0635a981ee1499ca3",
            "tags": null,
            "tags_all": {},
            "to_port": null
          },
          "sensitive_attributes": [],
          "identity_schema_version": 0,
          "identity": {
            "account_id": "891377135193",
            "id": "sgr-0635a981ee1499ca3",
            "region": "ap-northeast-1"
          },
          "dependencies": [
            "aws_security_group.edo_ec2_sg01",
            "aws_vpc.edo_vpc01"
          ]
        }
      ]
    },
    {
      "mode": "managed",
      "type": "aws_vpc_security_group_egress_rule",
      "name": "edo_alb_egress",
      "provider": "provider[\"registry.terraform.io/hashicorp/aws\"]",
      "instances": [
        {
          "schema_version": 0,
          "attributes": {
            "arn": "arn:aws:ec2:ap-northeast-1:891377135193:security-group-rule/sgr-0119543dd5048e115",
            "cidr_ipv4": "0.0.0.0/0",
            "cidr_ipv6": null,
            "description": null,
            "from_port": null,
            "id": "sgr-0119543dd5048e115",
            "ip_protocol": "-1",
            "prefix_list_id": null,
            "referenced_security_group_id": null,
            "region": "ap-northeast-1",
            "security_group_id": "sg-05244d3959f55f83e",
            "security_group_rule_id": "sgr-0119543dd5048e115",
            "tags": null,
            "tags_all": {},
            "to_port": null
          },
          "sensitive_attributes": [],
          "identity_schema_version": 0,
          "identity": {
            "account_id": "891377135193",
            "id": "sgr-0119543dd5048e115",
            "region": "ap-northeast-1"
          },
          "dependencies": [
            "aws_security_group.edo_alb_sg01",
            "aws_vpc.edo_vpc01"
          ]
        }
      ]
    },
    {
      "mode": "managed",
      "type": "aws_vpc_security_group_egress_rule",
      "name": "rds_all_traffic_ipv4",
      "provider": "provider[\"registry.terraform.io/hashicorp/aws\"]",
      "instances": [
        {
          "schema_version": 0,
          "attributes": {
            "arn": "arn:aws:ec2:ap-northeast-1:891377135193:security-group-rule/sgr-013077a1c94825a94",
            "cidr_ipv4": "0.0.0.0/0",
            "cidr_ipv6": null,
            "description": "Allow all outbound traffic",
            "from_port": null,
            "id": "sgr-013077a1c94825a94",
            "ip_protocol": "-1",
            "prefix_list_id": null,
            "referenced_security_group_id": null,
            "region": "ap-northeast-1",
            "security_group_id": "sg-0d956db1a6f808b8a",
            "security_group_rule_id": "sgr-013077a1c94825a94",
            "tags": null,
            "tags_all": {},
            "to_port": null
          },
          "sensitive_attributes": [],
          "identity_schema_version": 0,
          "identity": {
            "account_id": "891377135193",
            "id": "sgr-013077a1c94825a94",
            "region": "ap-northeast-1"
          },
          "dependencies": [
            "aws_security_group.edo_rds_sg01",
            "aws_vpc.edo_vpc01"
          ]
        }
      ]
    },
    {
      "mode": "managed",
      "type": "aws_vpc_security_group_egress_rule",
      "name": "vpce_all_traffic_ipv4",
      "provider": "provider[\"registry.terraform.io/hashicorp/aws\"]",
      "instances": [
        {
          "schema_version": 0,
          "attributes": {
            "arn": "arn:aws:ec2:ap-northeast-1:891377135193:security-group-rule/sgr-0ad7f27c69a061ce2",
            "cidr_ipv4": "0.0.0.0/0",
            "cidr_ipv6": null,
            "description": "Allow all outbound traffic",
            "from_port": null,
            "id": "sgr-0ad7f27c69a061ce2",
            "ip_protocol": "-1",
            "prefix_list_id": null,
            "referenced_security_group_id": null,
            "region": "ap-northeast-1",
            "security_group_id": "sg-0a04720ec6313b1f3",
            "security_group_rule_id": "sgr-0ad7f27c69a061ce2",
            "tags": null,
            "tags_all": {},
            "to_port": null
          },
          "sensitive_attributes": [],
          "identity_schema_version": 0,
          "identity": {
            "account_id": "891377135193",
            "id": "sgr-0ad7f27c69a061ce2",
            "region": "ap-northeast-1"
          },
          "dependencies": [
            "aws_security_group.edo_vpce_sg01",
            "aws_vpc.edo_vpc01"
          ]
        }
      ]
    },
    {
      "mode": "managed",
      "type": "aws_vpc_security_group_ingress_rule",
      "name": "edo_alb_ingres_443",
      "provider": "provider[\"registry.terraform.io/hashicorp/aws\"]",
      "instances": [
        {
          "schema_version": 0,
          "attributes": {
            "arn": "arn:aws:ec2:ap-northeast-1:891377135193:security-group-rule/sgr-019a099c5bbb7e7d7",
            "cidr_ipv4": null,
            "cidr_ipv6": null,
            "description": null,
            "from_port": 443,
            "id": "sgr-019a099c5bbb7e7d7",
            "ip_protocol": "tcp",
            "prefix_list_id": "pl-58a04531",
            "referenced_security_group_id": null,
            "region": "ap-northeast-1",
            "security_group_id": "sg-05244d3959f55f83e",
            "security_group_rule_id": "sgr-019a099c5bbb7e7d7",
            "tags": null,
            "tags_all": {},
            "to_port": 443
          },
          "sensitive_attributes": [],
          "identity_schema_version": 0,
          "identity": {
            "account_id": "891377135193",
            "id": "sgr-019a099c5bbb7e7d7",
            "region": "ap-northeast-1"
          },
          "dependencies": [
            "aws_security_group.edo_alb_sg01",
            "aws_vpc.edo_vpc01",
            "data.aws_ec2_managed_prefix_list.edo_cf_origin_facing01"
          ]
        }
      ]
    },
    {
      "mode": "managed",
      "type": "aws_vpc_security_group_ingress_rule",
      "name": "edo_alb_ingres_80",
      "provider": "provider[\"registry.terraform.io/hashicorp/aws\"]",
      "instances": [
        {
          "schema_version": 0,
          "attributes": {
            "arn": "arn:aws:ec2:ap-northeast-1:891377135193:security-group-rule/sgr-02f2474d8cb26f0f9",
            "cidr_ipv4": "0.0.0.0/0",
            "cidr_ipv6": null,
            "description": null,
            "from_port": 80,
            "id": "sgr-02f2474d8cb26f0f9",
            "ip_protocol": "tcp",
            "prefix_list_id": null,
            "referenced_security_group_id": null,
            "region": "ap-northeast-1",
            "security_group_id": "sg-05244d3959f55f83e",
            "security_group_rule_id": "sgr-02f2474d8cb26f0f9",
            "tags": null,
            "tags_all": {},
            "to_port": 80
          },
          "sensitive_attributes": [],
          "identity_schema_version": 0,
          "identity": {
            "account_id": "891377135193",
            "id": "sgr-02f2474d8cb26f0f9",
            "region": "ap-northeast-1"
          },
          "dependencies": [
            "aws_security_group.edo_alb_sg01",
            "aws_vpc.edo_vpc01"
          ]
        }
      ]
    },
    {
      "mode": "managed",
      "type": "aws_vpc_security_group_ingress_rule",
      "name": "edo_ec2_ingress_from_alb01",
      "provider": "provider[\"registry.terraform.io/hashicorp/aws\"]",
      "instances": [
        {
          "schema_version": 0,
          "attributes": {
            "arn": "arn:aws:ec2:ap-northeast-1:891377135193:security-group-rule/sgr-0834dd3421b19dbb1",
            "cidr_ipv4": null,
            "cidr_ipv6": null,
            "description": null,
            "from_port": 80,
            "id": "sgr-0834dd3421b19dbb1",
            "ip_protocol": "tcp",
            "prefix_list_id": null,
            "referenced_security_group_id": "sg-05244d3959f55f83e",
            "region": "ap-northeast-1",
            "security_group_id": "sg-0ec856f3d27b30ab2",
            "security_group_rule_id": "sgr-0834dd3421b19dbb1",
            "tags": null,
            "tags_all": {},
            "to_port": 80
          },
          "sensitive_attributes": [],
          "identity_schema_version": 0,
          "identity": {
            "account_id": "891377135193",
            "id": "sgr-0834dd3421b19dbb1",
            "region": "ap-northeast-1"
          },
          "dependencies": [
            "aws_security_group.edo_alb_sg01",
            "aws_security_group.edo_ec2_sg01",
            "aws_vpc.edo_vpc01"
          ]
        }
      ]
    },
    {
      "mode": "managed",
      "type": "aws_vpc_security_group_ingress_rule",
      "name": "edo_rds_mysql",
      "provider": "provider[\"registry.terraform.io/hashicorp/aws\"]",
      "instances": [
        {
          "schema_version": 0,
          "attributes": {
            "arn": "arn:aws:ec2:ap-northeast-1:891377135193:security-group-rule/sgr-0653195aa38bfd4e0",
            "cidr_ipv4": null,
            "cidr_ipv6": null,
            "description": "Allow MySQL access only from app tier EC2 instances",
            "from_port": 3306,
            "id": "sgr-0653195aa38bfd4e0",
            "ip_protocol": "tcp",
            "prefix_list_id": null,
            "referenced_security_group_id": "sg-0ec856f3d27b30ab2",
            "region": "ap-northeast-1",
            "security_group_id": "sg-0d956db1a6f808b8a",
            "security_group_rule_id": "sgr-0653195aa38bfd4e0",
            "tags": null,
            "tags_all": {},
            "to_port": 3306
          },
          "sensitive_attributes": [],
          "identity_schema_version": 0,
          "identity": {
            "account_id": "891377135193",
            "id": "sgr-0653195aa38bfd4e0",
            "region": "ap-northeast-1"
          },
          "dependencies": [
            "aws_security_group.edo_ec2_sg01",
            "aws_security_group.edo_rds_sg01",
            "aws_vpc.edo_vpc01"
          ]
        }
      ]
    },
    {
      "mode": "managed",
      "type": "aws_vpc_security_group_ingress_rule",
      "name": "edo_vpce_ingress",
      "provider": "provider[\"registry.terraform.io/hashicorp/aws\"]",
      "instances": [
        {
          "schema_version": 0,
          "attributes": {
            "arn": "arn:aws:ec2:ap-northeast-1:891377135193:security-group-rule/sgr-015be386742aecfbf",
            "cidr_ipv4": null,
            "cidr_ipv6": null,
            "description": "Allow EC2 SG access only for 443",
            "from_port": 443,
            "id": "sgr-015be386742aecfbf",
            "ip_protocol": "tcp",
            "prefix_list_id": null,
            "referenced_security_group_id": "sg-0ec856f3d27b30ab2",
            "region": "ap-northeast-1",
            "security_group_id": "sg-0a04720ec6313b1f3",
            "security_group_rule_id": "sgr-015be386742aecfbf",
            "tags": null,
            "tags_all": {},
            "to_port": 443
          },
          "sensitive_attributes": [],
          "identity_schema_version": 0,
          "identity": {
            "account_id": "891377135193",
            "id": "sgr-015be386742aecfbf",
            "region": "ap-northeast-1"
          },
          "dependencies": [
            "aws_security_group.edo_ec2_sg01",
            "aws_security_group.edo_vpce_sg01",
            "aws_vpc.edo_vpc01"
          ]
        }
      ]
    },
    {
      "mode": "managed",
      "type": "aws_wafv2_web_acl",
      "name": "edo_cf_waf01",
      "provider": "provider[\"registry.terraform.io/hashicorp/aws\"].use1",
      "instances": [
        {
          "schema_version": 0,
          "attributes": {
            "application_integration_url": "",
            "arn": "arn:aws:wafv2:us-east-1:891377135193:global/webacl/edo-cf-waf01/3d3ce570-c71a-4eda-b1c6-d87a5aa1582d",
            "association_config": [],
            "capacity": 700,
            "captcha_config": [],
            "challenge_config": [],
            "custom_response_body": [],
            "data_protection_config": [],
            "default_action": [
              {
                "allow": [
                  {
                    "custom_request_handling": []
                  }
                ],
                "block": []
              }
            ],
            "description": "",
            "id": "3d3ce570-c71a-4eda-b1c6-d87a5aa1582d",
            "lock_token": "f99bd6a7-5163-4bcb-a40d-826bd4964740",
            "name": "edo-cf-waf01",
            "name_prefix": "",
            "region": "us-east-1",
            "rule": [
              {
                "action": [],
                "captcha_config": [],
                "challenge_config": [],
                "name": "AWSManagedRulesCommonRuleSet",
                "override_action": [
                  {
                    "count": [],
                    "none": [
                      {}
                    ]
                  }
                ],
                "priority": 1,
                "rule_label": [],
                "statement": [
                  {
                    "and_statement": [],
                    "asn_match_statement": [],
                    "byte_match_statement": [],
                    "geo_match_statement": [],
                    "ip_set_reference_statement": [],
                    "label_match_statement": [],
                    "managed_rule_group_statement": [
                      {
                        "managed_rule_group_configs": [],
                        "name": "AWSManagedRulesCommonRuleSet",
                        "rule_action_override": [],
                        "scope_down_statement": [],
                        "vendor_name": "AWS",
                        "version": ""
                      }
                    ],
                    "not_statement": [],
                    "or_statement": [],
                    "rate_based_statement": [],
                    "regex_match_statement": [],
                    "regex_pattern_set_reference_statement": [],
                    "rule_group_reference_statement": [],
                    "size_constraint_statement": [],
                    "sqli_match_statement": [],
                    "xss_match_statement": []
                  }
                ],
                "visibility_config": [
                  {
                    "cloudwatch_metrics_enabled": true,
                    "metric_name": "edo-cf-waf-common",
                    "sampled_requests_enabled": true
                  }
                ]
              }
            ],
            "rule_json": null,
            "scope": "CLOUDFRONT",
            "tags": {},
            "tags_all": {},
            "token_domains": [],
            "visibility_config": [
              {
                "cloudwatch_metrics_enabled": true,
                "metric_name": "edo-cf-waf01",
                "sampled_requests_enabled": true
              }
            ]
          },
          "sensitive_attributes": [],
          "identity_schema_version": 0,
          "private": "bnVsbA=="
        }
      ]
    },
    {
      "mode": "managed",
      "type": "null_resource",
      "name": "edo_invalidate_index01",
      "provider": "provider[\"registry.terraform.io/hashicorp/null\"]",
      "instances": [
        {
          "schema_version": 0,
          "attributes": {
            "id": "3760471315742826163",
            "triggers": {
              "always_run": "2026-01-27T01:02:21Z"
            }
          },
          "sensitive_attributes": [],
          "identity_schema_version": 0,
          "dependencies": [
            "aws_acm_certificate.edo_acm_cert01",
            "aws_cloudfront_cache_policy.edo_cache_api_disabled01",
            "aws_cloudfront_cache_policy.edo_cache_static01",
            "aws_cloudfront_distribution.edo_cf01",
            "aws_cloudfront_origin_request_policy.edo_orp_api01",
            "aws_cloudfront_response_headers_policy.edo_rsp_static01",
            "aws_lb.edo_alb01",
            "aws_s3_bucket.edo_alb_logs_bucket01",
            "aws_security_group.edo_alb_sg01",
            "aws_subnet.edo_public_subnets",
            "aws_vpc.edo_vpc01",
            "aws_wafv2_web_acl.edo_cf_waf01",
            "data.aws_cloudfront_cache_policy.edo_use_origin_cache_headers01",
            "data.aws_cloudfront_origin_request_policy.edo_orp_all_viewer01",
            "data.aws_cloudfront_origin_request_policy.edo_orp_all_viewer_except_host01",
            "random_password.edo_origin_header_value01"
          ]
        }
      ]
    },
    {
      "mode": "managed",
      "type": "random_password",
      "name": "edo_origin_header_value01",
      "provider": "provider[\"registry.terraform.io/hashicorp/random\"]",
      "instances": [
        {
          "schema_version": 3,
          "attributes": {
            "bcrypt_hash": "$2a$10$g7DeBAmF6.lwsaAcZjZcsO8TbwB0M3r82kfc0XlgzyxJkOAtH7FCq",
            "id": "none",
            "keepers": null,
            "length": 32,
            "lower": true,
            "min_lower": 0,
            "min_numeric": 0,
            "min_special": 0,
            "min_upper": 0,
            "number": true,
            "numeric": true,
            "override_special": null,
            "result": "pwXtRFq42YxBwlZrNIdOLlVhKTdWv0Uh",
            "special": false,
            "upper": true
          },
          "sensitive_attributes": [
            [
              {
                "type": "get_attr",
                "value": "bcrypt_hash"
              }
            ],
            [
              {
                "type": "get_attr",
                "value": "result"
              }
            ]
          ],
          "identity_schema_version": 0
        }
      ]
    }
  ],
  "check_results": [
    {
      "object_kind": "var",
      "config_addr": "var.alb_access_logs_prefix",
      "status": "pass",
      "objects": [
        {
          "object_addr": "var.alb_access_logs_prefix",
          "status": "pass"
        }
      ]
    },
    {
      "object_kind": "var",
      "config_addr": "var.route53_hosted_zone_id",
      "status": "pass",
      "objects": [
        {
          "object_addr": "var.route53_hosted_zone_id",
          "status": "pass"
        }
      ]
    },
    {
      "object_kind": "var",
      "config_addr": "var.waf_log_destination",
      "status": "pass",
      "objects": [
        {
          "object_addr": "var.waf_log_destination",
          "status": "pass"
        }
      ]
    }
  ]
}
