{
  "version": 4,
  "terraform_version": "1.14.3",
  "serial": 265,
  "lineage": "bf8b7bf9-7b01-240c-b6e0-ae495e0c2950",
  "outputs": {
    "bos_acm_cert_arn": {
      "value": "arn:aws:acm:us-east-1:891377135193:certificate/e7ee8d31-70f7-411a-9579-4c944fcd83c4",
      "type": "string"
    },
    "bos_alb_dns_name": {
      "value": "bos-alb01-301576868.us-east-1.elb.amazonaws.com",
      "type": "string"
    },
    "bos_alb_logs_bucket_name": {
      "value": "bos-alb-logs-lh-891377135193",
      "type": "string"
    },
    "bos_apex_url_https": {
      "value": "https://larrryharrisaws.com",
      "type": "string"
    },
    "bos_app_fqdn": {
      "value": "app.larrryharrisaws.com",
      "type": "string"
    },
    "bos_app_url_https": {
      "value": "https://app.larrryharrisaws.com",
      "type": "string"
    },
    "bos_dashboard_name": {
      "value": "bos-dashboard01",
      "type": "string"
    },
    "bos_ec2_instance_id": {
      "value": "i-076c469a1b479e271",
      "type": "string"
    },
    "bos_log_group_name": {
      "value": "/aws/ec2/bos-rds-app",
      "type": "string"
    },
    "bos_private_ec2_instance_id_bonus": {
      "value": "i-076c469a1b479e271",
      "type": "string"
    },
    "bos_private_subnet_ids": {
      "value": [
        "subnet-0c4cd6b149f5e907a",
        "subnet-0539fe785f803f6af"
      ],
      "type": [
        "tuple",
        [
          "string",
          "string"
        ]
      ]
    },
    "bos_public_subnet_ids": {
      "value": [
        "subnet-043bd3c2ec831c189",
        "subnet-0b9c17f7d0e4fe268"
      ],
      "type": [
        "tuple",
        [
          "string",
          "string"
        ]
      ]
    },
    "bos_rds_endpoint": {
      "value": "bos-rds01.cs7ukegck7hg.us-east-1.rds.amazonaws.com",
      "type": "string"
    },
    "bos_route53_zone_id": {
      "value": "Z0825167K1N04S2RCG6V",
      "type": "string"
    },
    "bos_sns_topic_arn": {
      "value": "arn:aws:sns:us-east-1:891377135193:bos-db-incidents",
      "type": "string"
    },
    "bos_target_group_arn": {
      "value": "arn:aws:elasticloadbalancing:us-east-1:891377135193:targetgroup/bos-tg01/5ee405f54f657ad8",
      "type": "string"
    },
    "bos_vpc_id": {
      "value": "vpc-0d91832dcb5d5e861",
      "type": "string"
    },
    "bos_vpce_logs_id": {
      "value": "vpce-05c60fd913839cb73",
      "type": "string"
    },
    "bos_vpce_s3_id": {
      "value": "vpce-068e3fdd09f9b1b75",
      "type": "string"
    },
    "bos_vpce_secrets_id": {
      "value": "vpce-01557389fc0604af1",
      "type": "string"
    },
    "bos_vpce_ssm_id": {
      "value": "vpce-0b1d849dc2d39aabf",
      "type": "string"
    },
    "bos_waf_arn": {
      "value": "arn:aws:wafv2:us-east-1:891377135193:global/webacl/bos-cf-waf01/610eff19-bdbf-4a00-87c8-1a3709172719",
      "type": "string"
    },
    "bos_waf_cw_log_group_name": {
      "value": "aws-waf-logs-bos-webacl01",
      "type": "string"
    },
    "bos_waf_log_destination": {
      "value": "cloudwatch",
      "type": "string"
    }
  },
  "resources": [
    {
      "mode": "data",
      "type": "aws_caller_identity",
      "name": "bos_self01",
      "provider": "provider[\"registry.terraform.io/hashicorp/aws\"]",
      "instances": [
        {
          "schema_version": 0,
          "attributes": {
            "account_id": "891377135193",
            "arn": "arn:aws:iam::891377135193:user/AWSCLI",
            "id": "891377135193",
            "user_id": "AIDA47CRXVZMTO7B3O726"
          },
          "sensitive_attributes": [],
          "identity_schema_version": 0
        }
      ]
    },
    {
      "mode": "data",
      "type": "aws_ec2_managed_prefix_list",
      "name": "bos_cf_origin_facing01",
      "provider": "provider[\"registry.terraform.io/hashicorp/aws\"]",
      "instances": [
        {
          "schema_version": 0,
          "attributes": {
            "address_family": "IPv4",
            "arn": "arn:aws:ec2:us-east-1:aws:prefix-list/pl-3b927c52",
            "entries": [
              {
                "cidr": "13.124.199.0/24",
                "description": ""
              },
              {
                "cidr": "130.176.0.0/18",
                "description": ""
              },
              {
                "cidr": "130.176.128.0/21",
                "description": ""
              },
              {
                "cidr": "130.176.136.0/23",
                "description": ""
              },
              {
                "cidr": "130.176.140.0/22",
                "description": ""
              },
              {
                "cidr": "130.176.144.0/20",
                "description": ""
              },
              {
                "cidr": "130.176.160.0/19",
                "description": ""
              },
              {
                "cidr": "130.176.192.0/19",
                "description": ""
              },
              {
                "cidr": "130.176.64.0/21",
                "description": ""
              },
              {
                "cidr": "130.176.72.0/22",
                "description": ""
              },
              {
                "cidr": "130.176.76.0/24",
                "description": ""
              },
              {
                "cidr": "130.176.78.0/23",
                "description": ""
              },
              {
                "cidr": "130.176.80.0/22",
                "description": ""
              },
              {
                "cidr": "130.176.86.0/23",
                "description": ""
              },
              {
                "cidr": "130.176.88.0/21",
                "description": ""
              },
              {
                "cidr": "130.176.96.0/19",
                "description": ""
              },
              {
                "cidr": "15.158.0.0/16",
                "description": ""
              },
              {
                "cidr": "18.68.0.0/16",
                "description": ""
              },
              {
                "cidr": "204.246.166.0/24",
                "description": ""
              },
              {
                "cidr": "205.251.218.0/24",
                "description": ""
              },
              {
                "cidr": "3.172.0.0/18",
                "description": ""
              },
              {
                "cidr": "3.172.64.0/18",
                "description": ""
              },
              {
                "cidr": "3.29.57.0/26",
                "description": ""
              },
              {
                "cidr": "52.46.0.0/18",
                "description": ""
              },
              {
                "cidr": "52.82.128.0/23",
                "description": ""
              },
              {
                "cidr": "52.82.134.0/23",
                "description": ""
              },
              {
                "cidr": "54.182.128.0/20",
                "description": ""
              },
              {
                "cidr": "54.182.144.0/21",
                "description": ""
              },
              {
                "cidr": "54.182.154.0/23",
                "description": ""
              },
              {
                "cidr": "54.182.156.0/22",
                "description": ""
              },
              {
                "cidr": "54.182.160.0/21",
                "description": ""
              },
              {
                "cidr": "54.182.172.0/22",
                "description": ""
              },
              {
                "cidr": "54.182.176.0/21",
                "description": ""
              },
              {
                "cidr": "54.182.184.0/22",
                "description": ""
              },
              {
                "cidr": "54.182.188.0/23",
                "description": ""
              },
              {
                "cidr": "54.182.224.0/21",
                "description": ""
              },
              {
                "cidr": "54.182.240.0/21",
                "description": ""
              },
              {
                "cidr": "54.182.248.0/22",
                "description": ""
              },
              {
                "cidr": "54.239.134.0/23",
                "description": ""
              },
              {
                "cidr": "54.239.170.0/23",
                "description": ""
              },
              {
                "cidr": "54.239.204.0/22",
                "description": ""
              },
              {
                "cidr": "54.239.208.0/21",
                "description": ""
              },
              {
                "cidr": "64.252.128.0/18",
                "description": ""
              },
              {
                "cidr": "64.252.64.0/18",
                "description": ""
              },
              {
                "cidr": "70.132.0.0/18",
                "description": ""
              }
            ],
            "filter": null,
            "id": "pl-3b927c52",
            "max_entries": 0,
            "name": "com.amazonaws.global.cloudfront.origin-facing",
            "owner_id": "AWS",
            "region": "us-east-1",
            "tags": {},
            "timeouts": null,
            "version": 0
          },
          "sensitive_attributes": [],
          "identity_schema_version": 0
        }
      ]
    },
    {
      "mode": "data",
      "type": "aws_region",
      "name": "bos_region01",
      "provider": "provider[\"registry.terraform.io/hashicorp/aws\"]",
      "instances": [
        {
          "schema_version": 0,
          "attributes": {
            "description": "US East (N. Virginia)",
            "endpoint": "ec2.us-east-1.amazonaws.com",
            "id": "us-east-1",
            "name": "us-east-1",
            "region": "us-east-1"
          },
          "sensitive_attributes": [],
          "identity_schema_version": 0
        }
      ]
    },
    {
      "mode": "managed",
      "type": "aws_acm_certificate",
      "name": "bos_acm_cert01",
      "provider": "provider[\"registry.terraform.io/hashicorp/aws\"]",
      "instances": [
        {
          "schema_version": 0,
          "attributes": {
            "arn": "arn:aws:acm:us-east-1:891377135193:certificate/e7ee8d31-70f7-411a-9579-4c944fcd83c4",
            "certificate_authority_arn": "",
            "certificate_body": null,
            "certificate_chain": null,
            "domain_name": "app.larrryharrisaws.com",
            "domain_validation_options": [
              {
                "domain_name": "app.larrryharrisaws.com",
                "resource_record_name": "_402ee52412176e3cc610fa9fd47343c2.app.larrryharrisaws.com.",
                "resource_record_type": "CNAME",
                "resource_record_value": "_cd5a736b59a29f7a9d8f6016140bda11.jkddzztszm.acm-validations.aws."
              },
              {
                "domain_name": "larrryharrisaws.com",
                "resource_record_name": "_e68c7bf92882b94911df33d8f80cfe32.larrryharrisaws.com.",
                "resource_record_type": "CNAME",
                "resource_record_value": "_e2aedbfa9bceb029721ca9db378b34a5.jkddzztszm.acm-validations.aws."
              }
            ],
            "early_renewal_duration": "",
            "id": "arn:aws:acm:us-east-1:891377135193:certificate/e7ee8d31-70f7-411a-9579-4c944fcd83c4",
            "key_algorithm": "RSA_2048",
            "not_after": "",
            "not_before": "",
            "options": [
              {
                "certificate_transparency_logging_preference": "ENABLED",
                "export": "DISABLED"
              }
            ],
            "pending_renewal": false,
            "private_key": null,
            "region": "us-east-1",
            "renewal_eligibility": "INELIGIBLE",
            "renewal_summary": [],
            "status": "PENDING_VALIDATION",
            "subject_alternative_names": [
              "app.larrryharrisaws.com",
              "larrryharrisaws.com"
            ],
            "tags": {
              "Name": "bos-acm-cert01"
            },
            "tags_all": {
              "Name": "bos-acm-cert01"
            },
            "type": "AMAZON_ISSUED",
            "validation_emails": [],
            "validation_method": "DNS",
            "validation_option": []
          },
          "sensitive_attributes": [
            [
              {
                "type": "get_attr",
                "value": "private_key"
              }
            ]
          ],
          "identity_schema_version": 0,
          "identity": {
            "arn": "arn:aws:acm:us-east-1:891377135193:certificate/e7ee8d31-70f7-411a-9579-4c944fcd83c4"
          },
          "private": "bnVsbA=="
        }
      ]
    },
    {
      "mode": "managed",
      "type": "aws_acm_certificate_validation",
      "name": "bos_acm_validation01",
      "provider": "provider[\"registry.terraform.io/hashicorp/aws\"]",
      "instances": [
        {
          "schema_version": 0,
          "attributes": {
            "certificate_arn": "arn:aws:acm:us-east-1:891377135193:certificate/e7ee8d31-70f7-411a-9579-4c944fcd83c4",
            "id": "2026-01-20 09:24:13.555 +0000 UTC",
            "region": "us-east-1",
            "timeouts": {
              "create": "30m"
            },
            "validation_record_fqdns": [
              "_402ee52412176e3cc610fa9fd47343c2.app.larrryharrisaws.com",
              "_e68c7bf92882b94911df33d8f80cfe32.larrryharrisaws.com"
            ]
          },
          "sensitive_attributes": [],
          "identity_schema_version": 0,
          "private": "eyJlMmJmYjczMC1lY2FhLTExZTYtOGY4OC0zNDM2M2JjN2M0YzAiOnsiY3JlYXRlIjoxODAwMDAwMDAwMDAwfX0=",
          "dependencies": [
            "aws_acm_certificate.bos_acm_cert01",
            "aws_route53_record.bos_acm_validation_records01"
          ]
        }
      ]
    },
    {
      "mode": "managed",
      "type": "aws_cloudfront_distribution",
      "name": "bos_cf01",
      "provider": "provider[\"registry.terraform.io/hashicorp/aws\"]",
      "instances": [
        {
          "schema_version": 1,
          "attributes": {
            "aliases": [
              "app.larrryharrisaws.com",
              "larrryharrisaws.com"
            ],
            "anycast_ip_list_id": "",
            "arn": "arn:aws:cloudfront::891377135193:distribution/EFWDWR64LYHB1",
            "caller_reference": "terraform-2026012009272420900000000f",
            "comment": "bos-cf01",
            "connection_function_association": [],
            "continuous_deployment_policy_id": "",
            "custom_error_response": [],
            "default_cache_behavior": [
              {
                "allowed_methods": [
                  "DELETE",
                  "GET",
                  "HEAD",
                  "OPTIONS",
                  "PATCH",
                  "POST",
                  "PUT"
                ],
                "cache_policy_id": "",
                "cached_methods": [
                  "GET",
                  "HEAD"
                ],
                "compress": false,
                "default_ttl": 0,
                "field_level_encryption_id": "",
                "forwarded_values": [
                  {
                    "cookies": [
                      {
                        "forward": "all",
                        "whitelisted_names": []
                      }
                    ],
                    "headers": [
                      "*"
                    ],
                    "query_string": true,
                    "query_string_cache_keys": []
                  }
                ],
                "function_association": [],
                "grpc_config": [
                  {
                    "enabled": false
                  }
                ],
                "lambda_function_association": [],
                "max_ttl": 0,
                "min_ttl": 0,
                "origin_request_policy_id": "",
                "realtime_log_config_arn": "",
                "response_headers_policy_id": "",
                "smooth_streaming": false,
                "target_origin_id": "bos-alb-origin01",
                "trusted_key_groups": [],
                "trusted_signers": [],
                "viewer_protocol_policy": "redirect-to-https"
              }
            ],
            "default_root_object": "",
            "domain_name": "d3jldnkyxrczeh.cloudfront.net",
            "enabled": true,
            "etag": "ETCINUN859K47",
            "hosted_zone_id": "Z2FDTNDATAQYW2",
            "http_version": "http2",
            "id": "EFWDWR64LYHB1",
            "in_progress_validation_batches": 0,
            "is_ipv6_enabled": true,
            "last_modified_time": "2026-01-20 09:27:24.578 +0000 UTC",
            "logging_config": [],
            "logging_v1_enabled": false,
            "ordered_cache_behavior": [],
            "origin": [
              {
                "connection_attempts": 3,
                "connection_timeout": 10,
                "custom_header": [
                  {
                    "name": "X-BOS-Growl",
                    "value": "5uO7o1nJLdyVvt7o4D0LwoW84d083r4w"
                  }
                ],
                "custom_origin_config": [
                  {
                    "http_port": 80,
                    "https_port": 443,
                    "ip_address_type": "",
                    "origin_keepalive_timeout": 5,
                    "origin_protocol_policy": "https-only",
                    "origin_read_timeout": 30,
                    "origin_ssl_protocols": [
                      "TLSv1.2"
                    ]
                  }
                ],
                "domain_name": "bos-alb01-301576868.us-east-1.elb.amazonaws.com",
                "origin_access_control_id": "",
                "origin_id": "bos-alb-origin01",
                "origin_path": "",
                "origin_shield": [],
                "response_completion_timeout": 0,
                "s3_origin_config": [],
                "vpc_origin_config": []
              }
            ],
            "origin_group": [],
            "price_class": "PriceClass_All",
            "restrictions": [
              {
                "geo_restriction": [
                  {
                    "locations": [],
                    "restriction_type": "none"
                  }
                ]
              }
            ],
            "retain_on_delete": false,
            "staging": false,
            "status": "Deployed",
            "tags": null,
            "tags_all": {},
            "trusted_key_groups": [
              {
                "enabled": false,
                "items": []
              }
            ],
            "trusted_signers": [
              {
                "enabled": false,
                "items": []
              }
            ],
            "viewer_certificate": [
              {
                "acm_certificate_arn": "arn:aws:acm:us-east-1:891377135193:certificate/e7ee8d31-70f7-411a-9579-4c944fcd83c4",
                "cloudfront_default_certificate": false,
                "iam_certificate_id": "",
                "minimum_protocol_version": "TLSv1.2_2021",
                "ssl_support_method": "sni-only"
              }
            ],
            "viewer_mtls_config": [],
            "wait_for_deployment": true,
            "web_acl_id": "arn:aws:wafv2:us-east-1:891377135193:global/webacl/bos-cf-waf01/610eff19-bdbf-4a00-87c8-1a3709172719"
          },
          "sensitive_attributes": [
            [
              {
                "type": "get_attr",
                "value": "origin"
              }
            ]
          ],
          "identity_schema_version": 0,
          "private": "eyJzY2hlbWFfdmVyc2lvbiI6IjEifQ==",
          "dependencies": [
            "aws_acm_certificate.bos_acm_cert01",
            "aws_lb.bos_alb01",
            "aws_s3_bucket.bos_alb_logs_bucket01",
            "aws_security_group.bos_alb_sg01",
            "aws_subnet.bos_public_subnets",
            "aws_vpc.bos_vpc01",
            "aws_wafv2_web_acl.bos_cf_waf01",
            "random_password.bos_origin_header_value01"
          ]
        }
      ]
    },
    {
      "mode": "managed",
      "type": "aws_cloudwatch_dashboard",
      "name": "bos_dashboard01",
      "provider": "provider[\"registry.terraform.io/hashicorp/aws\"]",
      "instances": [
        {
          "schema_version": 0,
          "attributes": {
            "dashboard_arn": "arn:aws:cloudwatch::891377135193:dashboard/bos-dashboard01",
            "dashboard_body": "{\"widgets\":[{\"height\":6,\"properties\":{\"metrics\":[[\"AWS/ApplicationELB\",\"RequestCount\",\"LoadBalancer\",\"app/bos-alb01/fed48919514d3a52\"],[\".\",\"HTTPCode_ELB_5XX_Count\",\".\",\"app/bos-alb01/fed48919514d3a52\"]],\"period\":300,\"region\":\"us-east-1\",\"stat\":\"Sum\",\"title\":\"bos ALB: Requests + 5XX\"},\"type\":\"metric\",\"width\":12,\"x\":0,\"y\":0},{\"height\":6,\"properties\":{\"metrics\":[[\"AWS/ApplicationELB\",\"TargetResponseTime\",\"LoadBalancer\",\"app/bos-alb01/fed48919514d3a52\"]],\"period\":300,\"region\":\"us-east-1\",\"stat\":\"Average\",\"title\":\"bos ALB: Target Response Time\"},\"type\":\"metric\",\"width\":12,\"x\":12,\"y\":0}]}",
            "dashboard_name": "bos-dashboard01",
            "id": "bos-dashboard01",
            "region": "us-east-1"
          },
          "sensitive_attributes": [],
          "identity_schema_version": 0,
          "private": "bnVsbA==",
          "dependencies": [
            "aws_lb.bos_alb01",
            "aws_s3_bucket.bos_alb_logs_bucket01",
            "aws_security_group.bos_alb_sg01",
            "aws_subnet.bos_public_subnets",
            "aws_vpc.bos_vpc01"
          ]
        }
      ]
    },
    {
      "mode": "managed",
      "type": "aws_cloudwatch_log_group",
      "name": "bos_log_group01",
      "provider": "provider[\"registry.terraform.io/hashicorp/aws\"]",
      "instances": [
        {
          "schema_version": 0,
          "attributes": {
            "arn": "arn:aws:logs:us-east-1:891377135193:log-group:/aws/ec2/bos-rds-app",
            "deletion_protection_enabled": false,
            "id": "/aws/ec2/bos-rds-app",
            "kms_key_id": "",
            "log_group_class": "STANDARD",
            "name": "/aws/ec2/bos-rds-app",
            "name_prefix": "",
            "region": "us-east-1",
            "retention_in_days": 7,
            "skip_destroy": false,
            "tags": {
              "Name": "bos-log-group01"
            },
            "tags_all": {
              "Name": "bos-log-group01"
            }
          },
          "sensitive_attributes": [],
          "identity_schema_version": 0,
          "identity": {
            "account_id": "891377135193",
            "name": "/aws/ec2/bos-rds-app",
            "region": "us-east-1"
          },
          "private": "bnVsbA=="
        }
      ]
    },
    {
      "mode": "managed",
      "type": "aws_cloudwatch_log_group",
      "name": "bos_waf_log_group01",
      "provider": "provider[\"registry.terraform.io/hashicorp/aws\"]",
      "instances": [
        {
          "index_key": 0,
          "schema_version": 0,
          "attributes": {
            "arn": "arn:aws:logs:us-east-1:891377135193:log-group:aws-waf-logs-bos-webacl01",
            "deletion_protection_enabled": false,
            "id": "aws-waf-logs-bos-webacl01",
            "kms_key_id": "",
            "log_group_class": "STANDARD",
            "name": "aws-waf-logs-bos-webacl01",
            "name_prefix": "",
            "region": "us-east-1",
            "retention_in_days": 14,
            "skip_destroy": false,
            "tags": {
              "Name": "bos-waf-log-group01"
            },
            "tags_all": {
              "Name": "bos-waf-log-group01"
            }
          },
          "sensitive_attributes": [],
          "identity_schema_version": 0,
          "identity": {
            "account_id": "891377135193",
            "name": "aws-waf-logs-bos-webacl01",
            "region": "us-east-1"
          },
          "private": "bnVsbA=="
        }
      ]
    },
    {
      "mode": "managed",
      "type": "aws_cloudwatch_metric_alarm",
      "name": "bos_alb_5xx_alarm01",
      "provider": "provider[\"registry.terraform.io/hashicorp/aws\"]",
      "instances": [
        {
          "schema_version": 1,
          "attributes": {
            "actions_enabled": true,
            "alarm_actions": [
              "arn:aws:sns:us-east-1:891377135193:bos-db-incidents"
            ],
            "alarm_description": "",
            "alarm_name": "bos-alb-5xx-alarm01",
            "arn": "arn:aws:cloudwatch:us-east-1:891377135193:alarm:bos-alb-5xx-alarm01",
            "comparison_operator": "GreaterThanOrEqualToThreshold",
            "datapoints_to_alarm": 0,
            "dimensions": {
              "LoadBalancer": "app/bos-alb01/fed48919514d3a52"
            },
            "evaluate_low_sample_count_percentiles": "",
            "evaluation_periods": 1,
            "extended_statistic": "",
            "id": "bos-alb-5xx-alarm01",
            "insufficient_data_actions": null,
            "metric_name": "HTTPCode_ELB_5XX_Count",
            "metric_query": [],
            "namespace": "AWS/ApplicationELB",
            "ok_actions": null,
            "period": 300,
            "region": "us-east-1",
            "statistic": "Sum",
            "tags": {
              "Name": "bos-alb-5xx-alarm01"
            },
            "tags_all": {
              "Name": "bos-alb-5xx-alarm01"
            },
            "threshold": 10,
            "threshold_metric_id": "",
            "treat_missing_data": "missing",
            "unit": ""
          },
          "sensitive_attributes": [],
          "identity_schema_version": 0,
          "identity": {
            "account_id": "891377135193",
            "alarm_name": "bos-alb-5xx-alarm01",
            "region": "us-east-1"
          },
          "private": "eyJzY2hlbWFfdmVyc2lvbiI6IjEifQ==",
          "dependencies": [
            "aws_lb.bos_alb01",
            "aws_s3_bucket.bos_alb_logs_bucket01",
            "aws_security_group.bos_alb_sg01",
            "aws_sns_topic.bos_sns_topic01",
            "aws_subnet.bos_public_subnets",
            "aws_vpc.bos_vpc01"
          ]
        }
      ]
    },
    {
      "mode": "managed",
      "type": "aws_cloudwatch_metric_alarm",
      "name": "bos_db_alarm01",
      "provider": "provider[\"registry.terraform.io/hashicorp/aws\"]",
      "instances": [
        {
          "schema_version": 1,
          "attributes": {
            "actions_enabled": true,
            "alarm_actions": [
              "arn:aws:sns:us-east-1:891377135193:bos-db-incidents"
            ],
            "alarm_description": "",
            "alarm_name": "bos-db-connection-failure",
            "arn": "arn:aws:cloudwatch:us-east-1:891377135193:alarm:bos-db-connection-failure",
            "comparison_operator": "GreaterThanOrEqualToThreshold",
            "datapoints_to_alarm": 0,
            "dimensions": null,
            "evaluate_low_sample_count_percentiles": "",
            "evaluation_periods": 1,
            "extended_statistic": "",
            "id": "bos-db-connection-failure",
            "insufficient_data_actions": null,
            "metric_name": "DBConnectionErrors",
            "metric_query": [],
            "namespace": "Bos/RDSApp",
            "ok_actions": null,
            "period": 300,
            "region": "us-east-1",
            "statistic": "Sum",
            "tags": {
              "Name": "bos-alarm-db-fail"
            },
            "tags_all": {
              "Name": "bos-alarm-db-fail"
            },
            "threshold": 3,
            "threshold_metric_id": "",
            "treat_missing_data": "missing",
            "unit": ""
          },
          "sensitive_attributes": [],
          "identity_schema_version": 0,
          "identity": {
            "account_id": "891377135193",
            "alarm_name": "bos-db-connection-failure",
            "region": "us-east-1"
          },
          "private": "eyJzY2hlbWFfdmVyc2lvbiI6IjEifQ==",
          "dependencies": [
            "aws_sns_topic.bos_sns_topic01"
          ]
        }
      ]
    },
    {
      "mode": "managed",
      "type": "aws_db_instance",
      "name": "bos_rds01",
      "provider": "provider[\"registry.terraform.io/hashicorp/aws\"]",
      "instances": [
        {
          "schema_version": 2,
          "attributes": {
            "address": "bos-rds01.cs7ukegck7hg.us-east-1.rds.amazonaws.com",
            "allocated_storage": 20,
            "allow_major_version_upgrade": null,
            "apply_immediately": false,
            "arn": "arn:aws:rds:us-east-1:891377135193:db:bos-rds01",
            "auto_minor_version_upgrade": true,
            "availability_zone": "us-east-1b",
            "backup_retention_period": 0,
            "backup_target": "region",
            "backup_window": "08:54-09:24",
            "blue_green_update": [],
            "ca_cert_identifier": "rds-ca-rsa2048-g1",
            "character_set_name": "",
            "copy_tags_to_snapshot": false,
            "custom_iam_instance_profile": "",
            "customer_owned_ip_enabled": false,
            "database_insights_mode": "standard",
            "db_name": "labdb",
            "db_subnet_group_name": "bos-rds-subnet-group01",
            "dedicated_log_volume": false,
            "delete_automated_backups": true,
            "deletion_protection": false,
            "domain": "",
            "domain_auth_secret_arn": "",
            "domain_dns_ips": null,
            "domain_fqdn": "",
            "domain_iam_role_name": "",
            "domain_ou": "",
            "enabled_cloudwatch_logs_exports": null,
            "endpoint": "bos-rds01.cs7ukegck7hg.us-east-1.rds.amazonaws.com:3306",
            "engine": "mysql",
            "engine_lifecycle_support": "open-source-rds-extended-support",
            "engine_version": "8.0.43",
            "engine_version_actual": "8.0.43",
            "final_snapshot_identifier": null,
            "hosted_zone_id": "Z2R2ITUGPM61AM",
            "iam_database_authentication_enabled": false,
            "id": "db-4TGSNG6ALNTCSM645VVCFQJZQM",
            "identifier": "bos-rds01",
            "identifier_prefix": "",
            "instance_class": "db.t3.micro",
            "iops": 0,
            "kms_key_id": "",
            "latest_restorable_time": "",
            "license_model": "general-public-license",
            "listener_endpoint": [],
            "maintenance_window": "thu:06:33-thu:07:03",
            "manage_master_user_password": null,
            "master_user_secret": [],
            "master_user_secret_kms_key_id": null,
            "max_allocated_storage": 0,
            "monitoring_interval": 0,
            "monitoring_role_arn": "",
            "multi_az": false,
            "nchar_character_set_name": "",
            "network_type": "IPV4",
            "option_group_name": "default:mysql-8-0",
            "parameter_group_name": "default.mysql8.0",
            "password": "Broth3rH00d",
            "password_wo": null,
            "password_wo_version": null,
            "performance_insights_enabled": false,
            "performance_insights_kms_key_id": "",
            "performance_insights_retention_period": 0,
            "port": 3306,
            "publicly_accessible": false,
            "region": "us-east-1",
            "replica_mode": "",
            "replicas": [],
            "replicate_source_db": "",
            "resource_id": "db-4TGSNG6ALNTCSM645VVCFQJZQM",
            "restore_to_point_in_time": [],
            "s3_import": [],
            "skip_final_snapshot": true,
            "snapshot_identifier": null,
            "status": "available",
            "storage_encrypted": false,
            "storage_throughput": 0,
            "storage_type": "gp2",
            "tags": {
              "Name": "bos-rds01"
            },
            "tags_all": {
              "Name": "bos-rds01"
            },
            "timeouts": null,
            "timezone": "",
            "upgrade_rollout_order": "second",
            "upgrade_storage_config": null,
            "username": "admiral",
            "vpc_security_group_ids": [
              "sg-01599746f86c15f5a"
            ]
          },
          "sensitive_attributes": [
            [
              {
                "type": "get_attr",
                "value": "password"
              }
            ],
            [
              {
                "type": "get_attr",
                "value": "password_wo"
              }
            ]
          ],
          "identity_schema_version": 0,
          "private": "eyJlMmJmYjczMC1lY2FhLTExZTYtOGY4OC0zNDM2M2JjN2M0YzAiOnsiY3JlYXRlIjozMDAwMDAwMDAwMDAwLCJkZWxldGUiOjM2MDAwMDAwMDAwMDAsInVwZGF0ZSI6NDgwMDAwMDAwMDAwMH0sInNjaGVtYV92ZXJzaW9uIjoiMiJ9",
          "dependencies": [
            "aws_db_subnet_group.bos_rds_subnet_group01",
            "aws_security_group.bos_rds_sg01",
            "aws_subnet.bos_private_subnets",
            "aws_vpc.bos_vpc01"
          ]
        }
      ]
    },
    {
      "mode": "managed",
      "type": "aws_db_subnet_group",
      "name": "bos_rds_subnet_group01",
      "provider": "provider[\"registry.terraform.io/hashicorp/aws\"]",
      "instances": [
        {
          "schema_version": 0,
          "attributes": {
            "arn": "arn:aws:rds:us-east-1:891377135193:subgrp:bos-rds-subnet-group01",
            "description": "Managed by Terraform",
            "id": "bos-rds-subnet-group01",
            "name": "bos-rds-subnet-group01",
            "name_prefix": "",
            "region": "us-east-1",
            "subnet_ids": [
              "subnet-0539fe785f803f6af",
              "subnet-0c4cd6b149f5e907a"
            ],
            "supported_network_types": [
              "IPV4"
            ],
            "tags": {
              "Name": "bos-rds-subnet-group01"
            },
            "tags_all": {
              "Name": "bos-rds-subnet-group01"
            },
            "vpc_id": "vpc-0d91832dcb5d5e861"
          },
          "sensitive_attributes": [],
          "identity_schema_version": 0,
          "private": "bnVsbA==",
          "dependencies": [
            "aws_subnet.bos_private_subnets",
            "aws_vpc.bos_vpc01"
          ]
        }
      ]
    },
    {
      "mode": "managed",
      "type": "aws_eip",
      "name": "bos_nat_eip01",
      "provider": "provider[\"registry.terraform.io/hashicorp/aws\"]",
      "instances": [
        {
          "schema_version": 0,
          "attributes": {
            "address": null,
            "allocation_id": "eipalloc-0770a531cac185cfb",
            "arn": "arn:aws:ec2:us-east-1:891377135193:elastic-ip/eipalloc-0770a531cac185cfb",
            "associate_with_private_ip": null,
            "association_id": "",
            "carrier_ip": "",
            "customer_owned_ip": "",
            "customer_owned_ipv4_pool": "",
            "domain": "vpc",
            "id": "eipalloc-0770a531cac185cfb",
            "instance": "",
            "ipam_pool_id": null,
            "network_border_group": "us-east-1",
            "network_interface": "",
            "private_dns": null,
            "private_ip": "",
            "ptr_record": "",
            "public_dns": "ec2-98-95-224-186.compute-1.amazonaws.com",
            "public_ip": "98.95.224.186",
            "public_ipv4_pool": "amazon",
            "region": "us-east-1",
            "tags": {
              "Name": "bos-nat-eip01"
            },
            "tags_all": {
              "Name": "bos-nat-eip01"
            },
            "timeouts": null
          },
          "sensitive_attributes": [],
          "identity_schema_version": 0,
          "private": "eyJlMmJmYjczMC1lY2FhLTExZTYtOGY4OC0zNDM2M2JjN2M0YzAiOnsiZGVsZXRlIjoxODAwMDAwMDAwMDAsInJlYWQiOjkwMDAwMDAwMDAwMCwidXBkYXRlIjozMDAwMDAwMDAwMDB9fQ=="
        }
      ]
    },
    {
      "mode": "managed",
      "type": "aws_iam_instance_profile",
      "name": "bos_instance_profile01",
      "provider": "provider[\"registry.terraform.io/hashicorp/aws\"]",
      "instances": [
        {
          "schema_version": 0,
          "attributes": {
            "arn": "arn:aws:iam::891377135193:instance-profile/bos-instance-profile01",
            "create_date": "2026-01-20T09:23:53Z",
            "id": "bos-instance-profile01",
            "name": "bos-instance-profile01",
            "name_prefix": "",
            "path": "/",
            "role": "bos-ec2-role01",
            "tags": null,
            "tags_all": {},
            "unique_id": "AIPA47CRXVZMSJHYJ6CFJ"
          },
          "sensitive_attributes": [],
          "identity_schema_version": 0,
          "private": "bnVsbA==",
          "dependencies": [
            "aws_iam_role.bos_ec2_role01"
          ]
        }
      ]
    },
    {
      "mode": "managed",
      "type": "aws_iam_policy",
      "name": "bos_leastpriv_cwlogs01",
      "provider": "provider[\"registry.terraform.io/hashicorp/aws\"]",
      "instances": [
        {
          "schema_version": 0,
          "attributes": {
            "arn": "arn:aws:iam::891377135193:policy/bos-lp-cwlogs01",
            "attachment_count": 0,
            "delay_after_policy_creation_in_ms": null,
            "description": "Least-privilege CloudWatch Logs write for the app log group",
            "id": "arn:aws:iam::891377135193:policy/bos-lp-cwlogs01",
            "name": "bos-lp-cwlogs01",
            "name_prefix": "",
            "path": "/",
            "policy": "{\"Statement\":[{\"Action\":[\"logs:CreateLogStream\",\"logs:PutLogEvents\",\"logs:DescribeLogStreams\"],\"Effect\":\"Allow\",\"Resource\":[\"arn:aws:logs:us-east-1:891377135193:log-group:/aws/ec2/bos-rds-app:*\"],\"Sid\":\"WriteLogs\"}],\"Version\":\"2012-10-17\"}",
            "policy_id": "ANPA47CRXVZM2HEZPYGSP",
            "tags": null,
            "tags_all": {}
          },
          "sensitive_attributes": [],
          "identity_schema_version": 0,
          "identity": {
            "arn": "arn:aws:iam::891377135193:policy/bos-lp-cwlogs01"
          },
          "private": "bnVsbA==",
          "dependencies": [
            "aws_cloudwatch_log_group.bos_log_group01"
          ]
        }
      ]
    },
    {
      "mode": "managed",
      "type": "aws_iam_policy",
      "name": "bos_leastpriv_read_params01",
      "provider": "provider[\"registry.terraform.io/hashicorp/aws\"]",
      "instances": [
        {
          "schema_version": 0,
          "attributes": {
            "arn": "arn:aws:iam::891377135193:policy/bos-lp-ssm-read01",
            "attachment_count": 0,
            "delay_after_policy_creation_in_ms": null,
            "description": "Least-privilege read for SSM Parameter Store under /bos/db/*",
            "id": "arn:aws:iam::891377135193:policy/bos-lp-ssm-read01",
            "name": "bos-lp-ssm-read01",
            "name_prefix": "",
            "path": "/",
            "policy": "{\"Statement\":[{\"Action\":[\"ssm:GetParameter\",\"ssm:GetParameters\",\"ssm:GetParametersByPath\"],\"Effect\":\"Allow\",\"Resource\":[\"arn:aws:ssm:us-east-1:891377135193:parameter/bos/db/*\"],\"Sid\":\"ReadLabDbParams\"}],\"Version\":\"2012-10-17\"}",
            "policy_id": "ANPA47CRXVZM2RLPQ3NBJ",
            "tags": null,
            "tags_all": {}
          },
          "sensitive_attributes": [],
          "identity_schema_version": 0,
          "identity": {
            "arn": "arn:aws:iam::891377135193:policy/bos-lp-ssm-read01"
          },
          "private": "bnVsbA==",
          "dependencies": [
            "data.aws_caller_identity.bos_self01",
            "data.aws_region.bos_region01"
          ]
        }
      ]
    },
    {
      "mode": "managed",
      "type": "aws_iam_policy",
      "name": "bos_leastpriv_read_secret01",
      "provider": "provider[\"registry.terraform.io/hashicorp/aws\"]",
      "instances": [
        {
          "schema_version": 0,
          "attributes": {
            "arn": "arn:aws:iam::891377135193:policy/bos-lp-secrets-read01",
            "attachment_count": 0,
            "delay_after_policy_creation_in_ms": null,
            "description": "Least-privilege read for the lab DB secret",
            "id": "arn:aws:iam::891377135193:policy/bos-lp-secrets-read01",
            "name": "bos-lp-secrets-read01",
            "name_prefix": "",
            "path": "/",
            "policy": "{\"Statement\":[{\"Action\":[\"secretsmanager:GetSecretValue\",\"secretsmanager:DescribeSecret\"],\"Effect\":\"Allow\",\"Resource\":\"arn:aws:secretsmanager:us-east-1:891377135193:secret:bos/rds/mysql*\",\"Sid\":\"ReadOnlyLabSecret\"}],\"Version\":\"2012-10-17\"}",
            "policy_id": "ANPA47CRXVZMXYHAVIH3W",
            "tags": null,
            "tags_all": {}
          },
          "sensitive_attributes": [],
          "identity_schema_version": 0,
          "identity": {
            "arn": "arn:aws:iam::891377135193:policy/bos-lp-secrets-read01"
          },
          "private": "bnVsbA==",
          "dependencies": [
            "data.aws_caller_identity.bos_self01",
            "data.aws_region.bos_region01"
          ]
        }
      ]
    },
    {
      "mode": "managed",
      "type": "aws_iam_role",
      "name": "bos_ec2_role01",
      "provider": "provider[\"registry.terraform.io/hashicorp/aws\"]",
      "instances": [
        {
          "schema_version": 0,
          "attributes": {
            "arn": "arn:aws:iam::891377135193:role/bos-ec2-role01",
            "assume_role_policy": "{\"Statement\":[{\"Action\":\"sts:AssumeRole\",\"Effect\":\"Allow\",\"Principal\":{\"Service\":\"ec2.amazonaws.com\"}}],\"Version\":\"2012-10-17\"}",
            "create_date": "2026-01-20T09:23:52Z",
            "description": "",
            "force_detach_policies": false,
            "id": "bos-ec2-role01",
            "inline_policy": [],
            "managed_policy_arns": [],
            "max_session_duration": 3600,
            "name": "bos-ec2-role01",
            "name_prefix": "",
            "path": "/",
            "permissions_boundary": "",
            "tags": null,
            "tags_all": {},
            "unique_id": "AROA47CRXVZMQD4TIVMXS"
          },
          "sensitive_attributes": [],
          "identity_schema_version": 0,
          "identity": {
            "account_id": "891377135193",
            "name": "bos-ec2-role01"
          },
          "private": "bnVsbA=="
        }
      ]
    },
    {
      "mode": "managed",
      "type": "aws_iam_role_policy",
      "name": "bos_ec2_secrets_access",
      "provider": "provider[\"registry.terraform.io/hashicorp/aws\"]",
      "instances": [
        {
          "schema_version": 0,
          "attributes": {
            "id": "bos-ec2-role01:secrets-manager-bos-rds",
            "name": "secrets-manager-bos-rds",
            "name_prefix": "",
            "policy": "{\"Version\":\"2012-10-17\",\"Statement\":[{\"Action\":[\"secretsmanager:GetSecretValue\"],\"Effect\":\"Allow\",\"Resource\":\"arn:aws:secretsmanager:us-east-1:891377135193:secret:bos/rds/mysql*\",\"Sid\":\"ReadSpecificSecret\"}]}",
            "role": "bos-ec2-role01"
          },
          "sensitive_attributes": [],
          "identity_schema_version": 0,
          "identity": {
            "account_id": "891377135193",
            "name": "secrets-manager-bos-rds",
            "role": "bos-ec2-role01"
          },
          "private": "bnVsbA==",
          "dependencies": [
            "aws_iam_role.bos_ec2_role01"
          ]
        }
      ]
    },
    {
      "mode": "managed",
      "type": "aws_iam_role_policy_attachment",
      "name": "bos_attach_lp_cwlogs01",
      "provider": "provider[\"registry.terraform.io/hashicorp/aws\"]",
      "instances": [
        {
          "schema_version": 0,
          "attributes": {
            "id": "bos-ec2-role01/arn:aws:iam::891377135193:policy/bos-lp-cwlogs01",
            "policy_arn": "arn:aws:iam::891377135193:policy/bos-lp-cwlogs01",
            "role": "bos-ec2-role01"
          },
          "sensitive_attributes": [],
          "identity_schema_version": 0,
          "identity": {
            "account_id": "891377135193",
            "policy_arn": "arn:aws:iam::891377135193:policy/bos-lp-cwlogs01",
            "role": "bos-ec2-role01"
          },
          "private": "bnVsbA==",
          "dependencies": [
            "aws_cloudwatch_log_group.bos_log_group01",
            "aws_iam_policy.bos_leastpriv_cwlogs01",
            "aws_iam_role.bos_ec2_role01"
          ]
        }
      ]
    },
    {
      "mode": "managed",
      "type": "aws_iam_role_policy_attachment",
      "name": "bos_attach_lp_params01",
      "provider": "provider[\"registry.terraform.io/hashicorp/aws\"]",
      "instances": [
        {
          "schema_version": 0,
          "attributes": {
            "id": "bos-ec2-role01/arn:aws:iam::891377135193:policy/bos-lp-ssm-read01",
            "policy_arn": "arn:aws:iam::891377135193:policy/bos-lp-ssm-read01",
            "role": "bos-ec2-role01"
          },
          "sensitive_attributes": [],
          "identity_schema_version": 0,
          "identity": {
            "account_id": "891377135193",
            "policy_arn": "arn:aws:iam::891377135193:policy/bos-lp-ssm-read01",
            "role": "bos-ec2-role01"
          },
          "private": "bnVsbA==",
          "dependencies": [
            "aws_iam_policy.bos_leastpriv_read_params01",
            "aws_iam_role.bos_ec2_role01",
            "data.aws_caller_identity.bos_self01",
            "data.aws_region.bos_region01"
          ]
        }
      ]
    },
    {
      "mode": "managed",
      "type": "aws_iam_role_policy_attachment",
      "name": "bos_attach_lp_secret01",
      "provider": "provider[\"registry.terraform.io/hashicorp/aws\"]",
      "instances": [
        {
          "schema_version": 0,
          "attributes": {
            "id": "bos-ec2-role01/arn:aws:iam::891377135193:policy/bos-lp-secrets-read01",
            "policy_arn": "arn:aws:iam::891377135193:policy/bos-lp-secrets-read01",
            "role": "bos-ec2-role01"
          },
          "sensitive_attributes": [],
          "identity_schema_version": 0,
          "identity": {
            "account_id": "891377135193",
            "policy_arn": "arn:aws:iam::891377135193:policy/bos-lp-secrets-read01",
            "role": "bos-ec2-role01"
          },
          "private": "bnVsbA==",
          "dependencies": [
            "aws_iam_policy.bos_leastpriv_read_secret01",
            "aws_iam_role.bos_ec2_role01",
            "data.aws_caller_identity.bos_self01",
            "data.aws_region.bos_region01"
          ]
        }
      ]
    },
    {
      "mode": "managed",
      "type": "aws_iam_role_policy_attachment",
      "name": "bos_ec2_cw_attach",
      "provider": "provider[\"registry.terraform.io/hashicorp/aws\"]",
      "instances": [
        {
          "schema_version": 0,
          "attributes": {
            "id": "bos-ec2-role01/arn:aws:iam::aws:policy/CloudWatchAgentServerPolicy",
            "policy_arn": "arn:aws:iam::aws:policy/CloudWatchAgentServerPolicy",
            "role": "bos-ec2-role01"
          },
          "sensitive_attributes": [],
          "identity_schema_version": 0,
          "identity": {
            "account_id": "891377135193",
            "policy_arn": "arn:aws:iam::aws:policy/CloudWatchAgentServerPolicy",
            "role": "bos-ec2-role01"
          },
          "private": "bnVsbA==",
          "dependencies": [
            "aws_iam_role.bos_ec2_role01"
          ]
        }
      ]
    },
    {
      "mode": "managed",
      "type": "aws_iam_role_policy_attachment",
      "name": "bos_ec2_ssm_attach",
      "provider": "provider[\"registry.terraform.io/hashicorp/aws\"]",
      "instances": [
        {
          "schema_version": 0,
          "attributes": {
            "id": "bos-ec2-role01/arn:aws:iam::aws:policy/AmazonSSMManagedInstanceCore",
            "policy_arn": "arn:aws:iam::aws:policy/AmazonSSMManagedInstanceCore",
            "role": "bos-ec2-role01"
          },
          "sensitive_attributes": [],
          "identity_schema_version": 0,
          "identity": {
            "account_id": "891377135193",
            "policy_arn": "arn:aws:iam::aws:policy/AmazonSSMManagedInstanceCore",
            "role": "bos-ec2-role01"
          },
          "private": "bnVsbA==",
          "dependencies": [
            "aws_iam_role.bos_ec2_role01"
          ]
        }
      ]
    },
    {
      "mode": "managed",
      "type": "aws_instance",
      "name": "bos_ec201_private_bonus",
      "provider": "provider[\"registry.terraform.io/hashicorp/aws\"]",
      "instances": [
        {
          "schema_version": 2,
          "attributes": {
            "ami": "ami-068c0051b15cdb816",
            "arn": "arn:aws:ec2:us-east-1:891377135193:instance/i-076c469a1b479e271",
            "associate_public_ip_address": false,
            "availability_zone": "us-east-1a",
            "capacity_reservation_specification": [
              {
                "capacity_reservation_preference": "open",
                "capacity_reservation_target": []
              }
            ],
            "cpu_options": [
              {
                "amd_sev_snp": "",
                "core_count": 1,
                "threads_per_core": 2
              }
            ],
            "credit_specification": [
              {
                "cpu_credits": "unlimited"
              }
            ],
            "disable_api_stop": false,
            "disable_api_termination": false,
            "ebs_block_device": [],
            "ebs_optimized": false,
            "enable_primary_ipv6": null,
            "enclave_options": [
              {
                "enabled": false
              }
            ],
            "ephemeral_block_device": [],
            "force_destroy": false,
            "get_password_data": false,
            "hibernation": false,
            "host_id": "",
            "host_resource_group_arn": null,
            "iam_instance_profile": "bos-instance-profile01",
            "id": "i-076c469a1b479e271",
            "instance_initiated_shutdown_behavior": "stop",
            "instance_lifecycle": "",
            "instance_market_options": [],
            "instance_state": "running",
            "instance_type": "t3.micro",
            "ipv6_address_count": 0,
            "ipv6_addresses": [],
            "key_name": "",
            "launch_template": [],
            "maintenance_options": [
              {
                "auto_recovery": "default"
              }
            ],
            "metadata_options": [
              {
                "http_endpoint": "enabled",
                "http_protocol_ipv6": "disabled",
                "http_put_response_hop_limit": 2,
                "http_tokens": "required",
                "instance_metadata_tags": "disabled"
              }
            ],
            "monitoring": false,
            "network_interface": [],
            "outpost_arn": "",
            "password_data": "",
            "placement_group": "",
            "placement_group_id": "",
            "placement_partition_number": 0,
            "primary_network_interface": [
              {
                "delete_on_termination": true,
                "network_interface_id": "eni-02f8f41ff74dfedb1"
              }
            ],
            "primary_network_interface_id": "eni-02f8f41ff74dfedb1",
            "private_dns": "ip-10-26-101-193.ec2.internal",
            "private_dns_name_options": [
              {
                "enable_resource_name_dns_a_record": false,
                "enable_resource_name_dns_aaaa_record": false,
                "hostname_type": "ip-name"
              }
            ],
            "private_ip": "10.26.101.193",
            "public_dns": "",
            "public_ip": "",
            "region": "us-east-1",
            "root_block_device": [
              {
                "delete_on_termination": true,
                "device_name": "/dev/xvda",
                "encrypted": false,
                "iops": 3000,
                "kms_key_id": "",
                "tags": {},
                "tags_all": {},
                "throughput": 125,
                "volume_id": "vol-027f88eec8fd6b5df",
                "volume_size": 8,
                "volume_type": "gp3"
              }
            ],
            "secondary_private_ips": [],
            "security_groups": [],
            "source_dest_check": true,
            "spot_instance_request_id": "",
            "subnet_id": "subnet-0c4cd6b149f5e907a",
            "tags": {
              "Name": "bos-ec201-private"
            },
            "tags_all": {
              "Name": "bos-ec201-private"
            },
            "tenancy": "default",
            "timeouts": null,
            "user_data": "#!/bin/bash\ncloud-init clean\n\ndnf update -y\ndnf install -y python3-pip\ndnf install -y mariadb105\npip3 install flask pymysql boto3\n\nmkdir -p /opt/rdsapp\ncat \u003e/opt/rdsapp/app.py \u003c\u003c'PY'\nimport json\nimport os\nimport boto3\nimport pymysql\nimport logging\nfrom flask import Flask, request\n\n# Setup logging\nlogging.basicConfig(\n    filename='/opt/rdsapp/app.log',\n    level=logging.INFO,\n    format='%(asctime)s %(levelname)s %(name)s %(threadName)s : %(message)s'\n)\nlogger = logging.getLogger(__name__)\n\nREGION = os.environ.get(\"AWS_REGION\", \"us-east-1\")\nSECRET_ID = os.environ.get(\"SECRET_ID\", \"bos/rds/mysql\")\nsecrets = boto3.client(\"secretsmanager\", region_name=REGION)\n\ndef get_db_creds():\n    try:\n        resp = secrets.get_secret_value(SecretId=SECRET_ID)\n        s = json.loads(resp[\"SecretString\"])\n        return s\n    except Exception as e:\n        logger.error(f\"Failed to retrieve secret {SECRET_ID}: {str(e)}\")\n        raise\n\ndef get_conn():\n    c = get_db_creds()\n    host = c[\"host\"]\n    user = c[\"username\"]\n    password = c[\"password\"]\n    port = int(c.get(\"port\", 3306))\n    db = c.get(\"dbname\", \"labdb\")\n    try:\n        return pymysql.connect(host=host, user=user, password=password, port=port, database=db, autocommit=True)\n    except Exception as e:\n        logger.error(f\"DB connection failed: {str(e)}\")\n        raise\n\napp = Flask(__name__)\n\n@app.route(\"/\")\ndef home():\n    logger.info(\"Accessed home page\")\n    return \"\"\"\n    \u003ch2\u003eEC2 → RDS Notes App\u003c/h2\u003e\n    \u003cp\u003ePOST /add?note=hello\u003c/p\u003e\n    \u003cp\u003eGET /list\u003c/p\u003e\n    \"\"\"\n\n@app.route(\"/init\")\ndef init_db():\n    logger.info(\"Initializing database\")\n    c = get_db_creds()\n    host = c[\"host\"]\n    user = c[\"username\"]\n    password = c[\"password\"]\n    port = int(c.get(\"port\", 3306))\n    try:\n        conn = pymysql.connect(host=host, user=user, password=password, port=port, autocommit=True)\n        cur = conn.cursor()\n        cur.execute(\"CREATE DATABASE IF NOT EXISTS labdb;\")\n        cur.execute(\"USE labdb;\")\n        cur.execute(\"\"\"\n            CREATE TABLE IF NOT EXISTS notes (\n                id INT AUTO_INCREMENT PRIMARY KEY,\n                note VARCHAR(255) NOT NULL\n            );\n        \"\"\")\n        cur.close()\n        conn.close()\n        logger.info(\"Database and table initialized successfully\")\n        return \"Initialized labdb + notes table.\"\n    except Exception as e:\n        logger.error(f\"DB init failed: {str(e)}\")\n        return f\"Initialization failed: {str(e)}\", 500\n\n@app.route(\"/add\", methods=[\"POST\", \"GET\"])\ndef add_note():\n    note = request.args.get(\"note\", \"\").strip()\n    if not note:\n        logger.warning(\"Add note requested without 'note' parameter\")\n        return \"Missing note param. Try: /add?note=hello\", 400\n    try:\n        conn = get_conn()\n        cur = conn.cursor()\n        cur.execute(\"INSERT INTO notes(note) VALUES(%s);\", (note,))\n        cur.close()\n        conn.close()\n        logger.info(f\"Inserted note: {note}\")\n        return f\"Inserted note: {note}\"\n    except Exception as e:\n        logger.error(f\"Add note failed: {str(e)}\")\n        return f\"Insert failed: {str(e)}\", 500\n\n@app.route(\"/list\")\ndef list_notes():\n    logger.info(\"Listing notes\")\n    try:\n        conn = get_conn()\n        cur = conn.cursor()\n        cur.execute(\"SELECT id, note FROM notes ORDER BY id DESC;\")\n        rows = cur.fetchall()\n        cur.close()\n        conn.close()\n        out = \"\u003ch3\u003eNotes\u003c/h3\u003e\u003cul\u003e\"\n        for r in rows:\n            out += f\"\u003cli\u003e{r[0]}: {r[1]}\u003c/li\u003e\"\n        out += \"\u003c/ul\u003e\"\n        if not rows:\n            out = \"No notes yet.\"\n            logger.info(\"No notes found\")\n        else:\n            logger.info(f\"Retrieved {len(rows)} notes\")\n        return out\n    except Exception as e:\n        logger.error(f\"List notes failed: {str(e)}\")\n        return f\"Cannot list notes: {str(e)}\", 500\n\nif __name__ == \"__main__\":\n    logger.info(\"Starting Flask app\")\n    app.run(host=\"0.0.0.0\", port=80)\nPY\n\ncat \u003e/etc/systemd/system/rdsapp.service \u003c\u003c'SERVICE'\n[Unit]\nDescription=EC2 to RDS Notes App\nAfter=network.target\n\n[Service]\nWorkingDirectory=/opt/rdsapp\nEnvironment=SECRET_ID=bos/rds/mysql\nExecStart=/usr/bin/python3 /opt/rdsapp/app.py\nRestart=always\n\n[Install]\nWantedBy=multi-user.target\nSERVICE\n\nsystemctl daemon-reload\nsystemctl enable rdsapp\nsystemctl start rdsapp\n\n=== ADD CLOUDWATCH AGENT BELOW THIS LINE ===\n# Install unified CloudWatch Agent\nwget https://s3.amazonaws.com/amazoncloudwatch-agent-us-east-1/amazon_linux/amd64/latest/amazon-cloudwatch-agent.rpm\nrpm -U ./amazon-cloudwatch-agent.rpm\n\n# Create config directory if needed\nmkdir -p /opt/aws/amazon-cloudwatch-agent/bin\n\ncat \u003e/opt/aws/amazon-cloudwatch-agent/bin/config.json \u003c\u003c'EOF'\n{\n  \"agent\": {\n    \"run_as_user\": \"cwagent\"\n  },\n  \"logs\": {\n    \"logs_collected\": {\n      \"files\": {\n        \"collect_list\": [\n          {\n            \"file_path\": \"/opt/rdsapp/*.log\",\n            \"log_group_name\": \"/aws/ec2/bos-rds-app\",\n            \"log_stream_name\": \"{instance_id}\"\n          }\n        ]\n      }\n    }\n  }\n}\nEOF\n\n# Start the agent\n/opt/aws/amazon-cloudwatch-agent/bin/amazon-cloudwatch-agent-ctl \\\n  -a fetch-config -m ec2 \\\n  -c file:/opt/aws/amazon-cloudwatch-agent/bin/config.json -s\n\n# Test log\nlogger \"RDS App and CloudWatch Agent started successfully $(date)\"",
            "user_data_base64": null,
            "user_data_replace_on_change": false,
            "volume_tags": null,
            "vpc_security_group_ids": [
              "sg-09191dbbd6ec29309"
            ]
          },
          "sensitive_attributes": [],
          "identity_schema_version": 0,
          "identity": {
            "account_id": "891377135193",
            "id": "i-076c469a1b479e271",
            "region": "us-east-1"
          },
          "private": "eyJlMmJmYjczMC1lY2FhLTExZTYtOGY4OC0zNDM2M2JjN2M0YzAiOnsiY3JlYXRlIjo2MDAwMDAwMDAwMDAsImRlbGV0ZSI6MTIwMDAwMDAwMDAwMCwicmVhZCI6OTAwMDAwMDAwMDAwLCJ1cGRhdGUiOjYwMDAwMDAwMDAwMH0sInNjaGVtYV92ZXJzaW9uIjoiMiJ9",
          "dependencies": [
            "aws_iam_instance_profile.bos_instance_profile01",
            "aws_iam_role.bos_ec2_role01",
            "aws_security_group.bos_ec2_sg01",
            "aws_subnet.bos_private_subnets",
            "aws_vpc.bos_vpc01"
          ]
        }
      ]
    },
    {
      "mode": "managed",
      "type": "aws_internet_gateway",
      "name": "bos_igw01",
      "provider": "provider[\"registry.terraform.io/hashicorp/aws\"]",
      "instances": [
        {
          "schema_version": 0,
          "attributes": {
            "arn": "arn:aws:ec2:us-east-1:891377135193:internet-gateway/igw-0e134c577dd75f311",
            "id": "igw-0e134c577dd75f311",
            "owner_id": "891377135193",
            "region": "us-east-1",
            "tags": {
              "Name": "bos-igw01"
            },
            "tags_all": {
              "Name": "bos-igw01"
            },
            "timeouts": null,
            "vpc_id": "vpc-0d91832dcb5d5e861"
          },
          "sensitive_attributes": [],
          "identity_schema_version": 0,
          "private": "eyJlMmJmYjczMC1lY2FhLTExZTYtOGY4OC0zNDM2M2JjN2M0YzAiOnsiY3JlYXRlIjoxMjAwMDAwMDAwMDAwLCJkZWxldGUiOjEyMDAwMDAwMDAwMDAsInVwZGF0ZSI6MTIwMDAwMDAwMDAwMH19",
          "dependencies": [
            "aws_vpc.bos_vpc01"
          ]
        }
      ]
    },
    {
      "mode": "managed",
      "type": "aws_lb",
      "name": "bos_alb01",
      "provider": "provider[\"registry.terraform.io/hashicorp/aws\"]",
      "instances": [
        {
          "schema_version": 0,
          "attributes": {
            "access_logs": [
              {
                "bucket": "bos-alb-logs-lh-891377135193",
                "enabled": true,
                "prefix": "alb-access-logs"
              }
            ],
            "arn": "arn:aws:elasticloadbalancing:us-east-1:891377135193:loadbalancer/app/bos-alb01/fed48919514d3a52",
            "arn_suffix": "app/bos-alb01/fed48919514d3a52",
            "client_keep_alive": 3600,
            "connection_logs": [
              {
                "bucket": "",
                "enabled": false,
                "prefix": ""
              }
            ],
            "customer_owned_ipv4_pool": "",
            "desync_mitigation_mode": "defensive",
            "dns_name": "bos-alb01-301576868.us-east-1.elb.amazonaws.com",
            "dns_record_client_routing_policy": null,
            "drop_invalid_header_fields": false,
            "enable_cross_zone_load_balancing": true,
            "enable_deletion_protection": false,
            "enable_http2": true,
            "enable_tls_version_and_cipher_suite_headers": false,
            "enable_waf_fail_open": false,
            "enable_xff_client_port": false,
            "enable_zonal_shift": false,
            "enforce_security_group_inbound_rules_on_private_link_traffic": "",
            "health_check_logs": [
              {
                "bucket": "",
                "enabled": false,
                "prefix": ""
              }
            ],
            "id": "arn:aws:elasticloadbalancing:us-east-1:891377135193:loadbalancer/app/bos-alb01/fed48919514d3a52",
            "idle_timeout": 60,
            "internal": false,
            "ip_address_type": "ipv4",
            "ipam_pools": [],
            "load_balancer_type": "application",
            "minimum_load_balancer_capacity": [],
            "name": "bos-alb01",
            "name_prefix": "",
            "preserve_host_header": false,
            "region": "us-east-1",
            "secondary_ips_auto_assigned_per_subnet": null,
            "security_groups": [
              "sg-0d732e4dfe934bd0c"
            ],
            "subnet_mapping": [
              {
                "allocation_id": "",
                "ipv6_address": "",
                "outpost_id": "",
                "private_ipv4_address": "",
                "subnet_id": "subnet-043bd3c2ec831c189"
              },
              {
                "allocation_id": "",
                "ipv6_address": "",
                "outpost_id": "",
                "private_ipv4_address": "",
                "subnet_id": "subnet-0b9c17f7d0e4fe268"
              }
            ],
            "subnets": [
              "subnet-043bd3c2ec831c189",
              "subnet-0b9c17f7d0e4fe268"
            ],
            "tags": {
              "Name": "bos-alb01"
            },
            "tags_all": {
              "Name": "bos-alb01"
            },
            "timeouts": null,
            "vpc_id": "vpc-0d91832dcb5d5e861",
            "xff_header_processing_mode": "append",
            "zone_id": "Z35SXDOTRQ7X7K"
          },
          "sensitive_attributes": [],
          "identity_schema_version": 0,
          "identity": {
            "arn": "arn:aws:elasticloadbalancing:us-east-1:891377135193:loadbalancer/app/bos-alb01/fed48919514d3a52"
          },
          "private": "eyJlMmJmYjczMC1lY2FhLTExZTYtOGY4OC0zNDM2M2JjN2M0YzAiOnsiY3JlYXRlIjo2MDAwMDAwMDAwMDAsImRlbGV0ZSI6NjAwMDAwMDAwMDAwLCJ1cGRhdGUiOjYwMDAwMDAwMDAwMH19",
          "dependencies": [
            "aws_s3_bucket.bos_alb_logs_bucket01",
            "aws_security_group.bos_alb_sg01",
            "aws_subnet.bos_public_subnets",
            "aws_vpc.bos_vpc01"
          ]
        }
      ]
    },
    {
      "mode": "managed",
      "type": "aws_lb_listener",
      "name": "bos_http_listener01",
      "provider": "provider[\"registry.terraform.io/hashicorp/aws\"]",
      "instances": [
        {
          "schema_version": 0,
          "attributes": {
            "alpn_policy": null,
            "arn": "arn:aws:elasticloadbalancing:us-east-1:891377135193:listener/app/bos-alb01/fed48919514d3a52/106ffd6af6ae1ad2",
            "certificate_arn": null,
            "default_action": [
              {
                "authenticate_cognito": [],
                "authenticate_oidc": [],
                "fixed_response": [],
                "forward": [],
                "jwt_validation": [],
                "order": 1,
                "redirect": [
                  {
                    "host": "#{host}",
                    "path": "/#{path}",
                    "port": "443",
                    "protocol": "HTTPS",
                    "query": "#{query}",
                    "status_code": "HTTP_301"
                  }
                ],
                "target_group_arn": "",
                "type": "redirect"
              }
            ],
            "id": "arn:aws:elasticloadbalancing:us-east-1:891377135193:listener/app/bos-alb01/fed48919514d3a52/106ffd6af6ae1ad2",
            "load_balancer_arn": "arn:aws:elasticloadbalancing:us-east-1:891377135193:loadbalancer/app/bos-alb01/fed48919514d3a52",
            "mutual_authentication": [],
            "port": 80,
            "protocol": "HTTP",
            "region": "us-east-1",
            "routing_http_request_x_amzn_mtls_clientcert_header_name": null,
            "routing_http_request_x_amzn_mtls_clientcert_issuer_header_name": null,
            "routing_http_request_x_amzn_mtls_clientcert_leaf_header_name": null,
            "routing_http_request_x_amzn_mtls_clientcert_serial_number_header_name": null,
            "routing_http_request_x_amzn_mtls_clientcert_subject_header_name": null,
            "routing_http_request_x_amzn_mtls_clientcert_validity_header_name": null,
            "routing_http_request_x_amzn_tls_cipher_suite_header_name": null,
            "routing_http_request_x_amzn_tls_version_header_name": null,
            "routing_http_response_access_control_allow_credentials_header_value": "",
            "routing_http_response_access_control_allow_headers_header_value": "",
            "routing_http_response_access_control_allow_methods_header_value": "",
            "routing_http_response_access_control_allow_origin_header_value": "",
            "routing_http_response_access_control_expose_headers_header_value": "",
            "routing_http_response_access_control_max_age_header_value": "",
            "routing_http_response_content_security_policy_header_value": "",
            "routing_http_response_server_enabled": true,
            "routing_http_response_strict_transport_security_header_value": "",
            "routing_http_response_x_content_type_options_header_value": "",
            "routing_http_response_x_frame_options_header_value": "",
            "ssl_policy": "",
            "tags": null,
            "tags_all": {},
            "tcp_idle_timeout_seconds": null,
            "timeouts": null
          },
          "sensitive_attributes": [],
          "identity_schema_version": 0,
          "identity": {
            "arn": "arn:aws:elasticloadbalancing:us-east-1:891377135193:listener/app/bos-alb01/fed48919514d3a52/106ffd6af6ae1ad2"
          },
          "private": "eyJlMmJmYjczMC1lY2FhLTExZTYtOGY4OC0zNDM2M2JjN2M0YzAiOnsiY3JlYXRlIjozMDAwMDAwMDAwMDAsInVwZGF0ZSI6MzAwMDAwMDAwMDAwfX0=",
          "dependencies": [
            "aws_lb.bos_alb01",
            "aws_s3_bucket.bos_alb_logs_bucket01",
            "aws_security_group.bos_alb_sg01",
            "aws_subnet.bos_public_subnets",
            "aws_vpc.bos_vpc01"
          ]
        }
      ]
    },
    {
      "mode": "managed",
      "type": "aws_lb_listener",
      "name": "bos_https_listener01",
      "provider": "provider[\"registry.terraform.io/hashicorp/aws\"]",
      "instances": [
        {
          "schema_version": 0,
          "attributes": {
            "alpn_policy": null,
            "arn": "arn:aws:elasticloadbalancing:us-east-1:891377135193:listener/app/bos-alb01/fed48919514d3a52/190eb87e9a156bb2",
            "certificate_arn": "arn:aws:acm:us-east-1:891377135193:certificate/e7ee8d31-70f7-411a-9579-4c944fcd83c4",
            "default_action": [
              {
                "authenticate_cognito": [],
                "authenticate_oidc": [],
                "fixed_response": [],
                "forward": [],
                "jwt_validation": [],
                "order": 1,
                "redirect": [],
                "target_group_arn": "arn:aws:elasticloadbalancing:us-east-1:891377135193:targetgroup/bos-tg01/5ee405f54f657ad8",
                "type": "forward"
              }
            ],
            "id": "arn:aws:elasticloadbalancing:us-east-1:891377135193:listener/app/bos-alb01/fed48919514d3a52/190eb87e9a156bb2",
            "load_balancer_arn": "arn:aws:elasticloadbalancing:us-east-1:891377135193:loadbalancer/app/bos-alb01/fed48919514d3a52",
            "mutual_authentication": [
              {
                "advertise_trust_store_ca_names": "",
                "ignore_client_certificate_expiry": false,
                "mode": "off",
                "trust_store_arn": ""
              }
            ],
            "port": 443,
            "protocol": "HTTPS",
            "region": "us-east-1",
            "routing_http_request_x_amzn_mtls_clientcert_header_name": "",
            "routing_http_request_x_amzn_mtls_clientcert_issuer_header_name": "",
            "routing_http_request_x_amzn_mtls_clientcert_leaf_header_name": "",
            "routing_http_request_x_amzn_mtls_clientcert_serial_number_header_name": "",
            "routing_http_request_x_amzn_mtls_clientcert_subject_header_name": "",
            "routing_http_request_x_amzn_mtls_clientcert_validity_header_name": "",
            "routing_http_request_x_amzn_tls_cipher_suite_header_name": "",
            "routing_http_request_x_amzn_tls_version_header_name": "",
            "routing_http_response_access_control_allow_credentials_header_value": "",
            "routing_http_response_access_control_allow_headers_header_value": "",
            "routing_http_response_access_control_allow_methods_header_value": "",
            "routing_http_response_access_control_allow_origin_header_value": "",
            "routing_http_response_access_control_expose_headers_header_value": "",
            "routing_http_response_access_control_max_age_header_value": "",
            "routing_http_response_content_security_policy_header_value": "",
            "routing_http_response_server_enabled": true,
            "routing_http_response_strict_transport_security_header_value": "",
            "routing_http_response_x_content_type_options_header_value": "",
            "routing_http_response_x_frame_options_header_value": "",
            "ssl_policy": "ELBSecurityPolicy-TLS13-1-2-2021-06",
            "tags": null,
            "tags_all": {},
            "tcp_idle_timeout_seconds": null,
            "timeouts": null
          },
          "sensitive_attributes": [],
          "identity_schema_version": 0,
          "identity": {
            "arn": "arn:aws:elasticloadbalancing:us-east-1:891377135193:listener/app/bos-alb01/fed48919514d3a52/190eb87e9a156bb2"
          },
          "private": "eyJlMmJmYjczMC1lY2FhLTExZTYtOGY4OC0zNDM2M2JjN2M0YzAiOnsiY3JlYXRlIjozMDAwMDAwMDAwMDAsInVwZGF0ZSI6MzAwMDAwMDAwMDAwfX0=",
          "dependencies": [
            "aws_acm_certificate.bos_acm_cert01",
            "aws_acm_certificate_validation.bos_acm_validation01",
            "aws_lb.bos_alb01",
            "aws_lb_target_group.bos_tg01",
            "aws_route53_record.bos_acm_validation_records01",
            "aws_s3_bucket.bos_alb_logs_bucket01",
            "aws_security_group.bos_alb_sg01",
            "aws_subnet.bos_public_subnets",
            "aws_vpc.bos_vpc01"
          ]
        }
      ]
    },
    {
      "mode": "managed",
      "type": "aws_lb_listener_rule",
      "name": "bos_default_block01",
      "provider": "provider[\"registry.terraform.io/hashicorp/aws\"]",
      "instances": [
        {
          "schema_version": 0,
          "attributes": {
            "action": [
              {
                "authenticate_cognito": [],
                "authenticate_oidc": [],
                "fixed_response": [
                  {
                    "content_type": "text/plain",
                    "message_body": "Forbidden",
                    "status_code": "403"
                  }
                ],
                "forward": [],
                "jwt_validation": [],
                "order": 1,
                "redirect": [],
                "target_group_arn": "",
                "type": "fixed-response"
              }
            ],
            "arn": "arn:aws:elasticloadbalancing:us-east-1:891377135193:listener-rule/app/bos-alb01/fed48919514d3a52/190eb87e9a156bb2/74986c80ff7206b3",
            "condition": [
              {
                "host_header": [],
                "http_header": [],
                "http_request_method": [],
                "path_pattern": [
                  {
                    "regex_values": [],
                    "values": [
                      "*"
                    ]
                  }
                ],
                "query_string": [],
                "source_ip": []
              }
            ],
            "id": "arn:aws:elasticloadbalancing:us-east-1:891377135193:listener-rule/app/bos-alb01/fed48919514d3a52/190eb87e9a156bb2/74986c80ff7206b3",
            "listener_arn": "arn:aws:elasticloadbalancing:us-east-1:891377135193:listener/app/bos-alb01/fed48919514d3a52/190eb87e9a156bb2",
            "priority": 99,
            "region": "us-east-1",
            "tags": null,
            "tags_all": {},
            "transform": []
          },
          "sensitive_attributes": [],
          "identity_schema_version": 0,
          "identity": {
            "arn": "arn:aws:elasticloadbalancing:us-east-1:891377135193:listener-rule/app/bos-alb01/fed48919514d3a52/190eb87e9a156bb2/74986c80ff7206b3"
          },
          "private": "bnVsbA==",
          "dependencies": [
            "aws_acm_certificate.bos_acm_cert01",
            "aws_acm_certificate_validation.bos_acm_validation01",
            "aws_lb.bos_alb01",
            "aws_lb_listener.bos_https_listener01",
            "aws_lb_target_group.bos_tg01",
            "aws_route53_record.bos_acm_validation_records01",
            "aws_s3_bucket.bos_alb_logs_bucket01",
            "aws_security_group.bos_alb_sg01",
            "aws_subnet.bos_public_subnets",
            "aws_vpc.bos_vpc01"
          ]
        }
      ]
    },
    {
      "mode": "managed",
      "type": "aws_lb_listener_rule",
      "name": "bos_require_origin_header01",
      "provider": "provider[\"registry.terraform.io/hashicorp/aws\"]",
      "instances": [
        {
          "schema_version": 0,
          "attributes": {
            "action": [
              {
                "authenticate_cognito": [],
                "authenticate_oidc": [],
                "fixed_response": [],
                "forward": [],
                "jwt_validation": [],
                "order": 1,
                "redirect": [],
                "target_group_arn": "arn:aws:elasticloadbalancing:us-east-1:891377135193:targetgroup/bos-tg01/5ee405f54f657ad8",
                "type": "forward"
              }
            ],
            "arn": "arn:aws:elasticloadbalancing:us-east-1:891377135193:listener-rule/app/bos-alb01/fed48919514d3a52/190eb87e9a156bb2/463022319327a84f",
            "condition": [
              {
                "host_header": [],
                "http_header": [
                  {
                    "http_header_name": "X-BOS-Growl",
                    "regex_values": [],
                    "values": [
                      "5uO7o1nJLdyVvt7o4D0LwoW84d083r4w"
                    ]
                  }
                ],
                "http_request_method": [],
                "path_pattern": [],
                "query_string": [],
                "source_ip": []
              }
            ],
            "id": "arn:aws:elasticloadbalancing:us-east-1:891377135193:listener-rule/app/bos-alb01/fed48919514d3a52/190eb87e9a156bb2/463022319327a84f",
            "listener_arn": "arn:aws:elasticloadbalancing:us-east-1:891377135193:listener/app/bos-alb01/fed48919514d3a52/190eb87e9a156bb2",
            "priority": 10,
            "region": "us-east-1",
            "tags": null,
            "tags_all": {},
            "transform": []
          },
          "sensitive_attributes": [
            [
              {
                "type": "get_attr",
                "value": "condition"
              }
            ]
          ],
          "identity_schema_version": 0,
          "identity": {
            "arn": "arn:aws:elasticloadbalancing:us-east-1:891377135193:listener-rule/app/bos-alb01/fed48919514d3a52/190eb87e9a156bb2/463022319327a84f"
          },
          "private": "bnVsbA==",
          "dependencies": [
            "aws_acm_certificate.bos_acm_cert01",
            "aws_acm_certificate_validation.bos_acm_validation01",
            "aws_lb.bos_alb01",
            "aws_lb_listener.bos_https_listener01",
            "aws_lb_target_group.bos_tg01",
            "aws_route53_record.bos_acm_validation_records01",
            "aws_s3_bucket.bos_alb_logs_bucket01",
            "aws_security_group.bos_alb_sg01",
            "aws_subnet.bos_public_subnets",
            "aws_vpc.bos_vpc01",
            "random_password.bos_origin_header_value01"
          ]
        }
      ]
    },
    {
      "mode": "managed",
      "type": "aws_lb_target_group",
      "name": "bos_tg01",
      "provider": "provider[\"registry.terraform.io/hashicorp/aws\"]",
      "instances": [
        {
          "schema_version": 0,
          "attributes": {
            "arn": "arn:aws:elasticloadbalancing:us-east-1:891377135193:targetgroup/bos-tg01/5ee405f54f657ad8",
            "arn_suffix": "targetgroup/bos-tg01/5ee405f54f657ad8",
            "connection_termination": null,
            "deregistration_delay": "300",
            "health_check": [
              {
                "enabled": true,
                "healthy_threshold": 2,
                "interval": 30,
                "matcher": "200-399",
                "path": "/",
                "port": "traffic-port",
                "protocol": "HTTP",
                "timeout": 5,
                "unhealthy_threshold": 2
              }
            ],
            "id": "arn:aws:elasticloadbalancing:us-east-1:891377135193:targetgroup/bos-tg01/5ee405f54f657ad8",
            "ip_address_type": "ipv4",
            "lambda_multi_value_headers_enabled": false,
            "load_balancer_arns": [],
            "load_balancing_algorithm_type": "round_robin",
            "load_balancing_anomaly_mitigation": "off",
            "load_balancing_cross_zone_enabled": "use_load_balancer_configuration",
            "name": "bos-tg01",
            "name_prefix": "",
            "port": 80,
            "preserve_client_ip": null,
            "protocol": "HTTP",
            "protocol_version": "HTTP1",
            "proxy_protocol_v2": false,
            "region": "us-east-1",
            "slow_start": 0,
            "stickiness": [
              {
                "cookie_duration": 86400,
                "cookie_name": "",
                "enabled": false,
                "type": "lb_cookie"
              }
            ],
            "tags": {
              "Name": "bos-tg01"
            },
            "tags_all": {
              "Name": "bos-tg01"
            },
            "target_control_port": 0,
            "target_failover": [
              {
                "on_deregistration": null,
                "on_unhealthy": null
              }
            ],
            "target_group_health": [
              {
                "dns_failover": [
                  {
                    "minimum_healthy_targets_count": "1",
                    "minimum_healthy_targets_percentage": "off"
                  }
                ],
                "unhealthy_state_routing": [
                  {
                    "minimum_healthy_targets_count": 1,
                    "minimum_healthy_targets_percentage": "off"
                  }
                ]
              }
            ],
            "target_health_state": [
              {
                "enable_unhealthy_connection_termination": null,
                "unhealthy_draining_interval": null
              }
            ],
            "target_type": "instance",
            "vpc_id": "vpc-0d91832dcb5d5e861"
          },
          "sensitive_attributes": [],
          "identity_schema_version": 0,
          "identity": {
            "arn": "arn:aws:elasticloadbalancing:us-east-1:891377135193:targetgroup/bos-tg01/5ee405f54f657ad8"
          },
          "private": "bnVsbA==",
          "dependencies": [
            "aws_vpc.bos_vpc01"
          ]
        }
      ]
    },
    {
      "mode": "managed",
      "type": "aws_lb_target_group_attachment",
      "name": "bos_tg_attach01",
      "provider": "provider[\"registry.terraform.io/hashicorp/aws\"]",
      "instances": [
        {
          "schema_version": 0,
          "attributes": {
            "availability_zone": null,
            "id": "arn:aws:elasticloadbalancing:us-east-1:891377135193:targetgroup/bos-tg01/5ee405f54f657ad8-2026012009243441970000000e",
            "port": 80,
            "quic_server_id": null,
            "region": "us-east-1",
            "target_group_arn": "arn:aws:elasticloadbalancing:us-east-1:891377135193:targetgroup/bos-tg01/5ee405f54f657ad8",
            "target_id": "i-076c469a1b479e271"
          },
          "sensitive_attributes": [],
          "identity_schema_version": 0,
          "private": "bnVsbA==",
          "dependencies": [
            "aws_iam_instance_profile.bos_instance_profile01",
            "aws_iam_role.bos_ec2_role01",
            "aws_instance.bos_ec201_private_bonus",
            "aws_lb_target_group.bos_tg01",
            "aws_security_group.bos_ec2_sg01",
            "aws_subnet.bos_private_subnets",
            "aws_vpc.bos_vpc01"
          ]
        }
      ]
    },
    {
      "mode": "managed",
      "type": "aws_nat_gateway",
      "name": "bos_nat01",
      "provider": "provider[\"registry.terraform.io/hashicorp/aws\"]",
      "instances": [
        {
          "schema_version": 0,
          "attributes": {
            "allocation_id": "eipalloc-0770a531cac185cfb",
            "association_id": "eipassoc-0f54cede266c24cb3",
            "auto_provision_zones": null,
            "auto_scaling_ips": null,
            "availability_mode": "zonal",
            "availability_zone_address": [],
            "connectivity_type": "public",
            "id": "nat-03839ec596846b93b",
            "network_interface_id": "eni-09dc92e92c507ed3b",
            "private_ip": "10.26.1.31",
            "public_ip": "98.95.224.186",
            "region": "us-east-1",
            "regional_nat_gateway_address": [],
            "regional_nat_gateway_auto_mode": null,
            "route_table_id": null,
            "secondary_allocation_ids": [],
            "secondary_private_ip_address_count": 0,
            "secondary_private_ip_addresses": [],
            "subnet_id": "subnet-043bd3c2ec831c189",
            "tags": {
              "Name": "bos-nat01"
            },
            "tags_all": {
              "Name": "bos-nat01"
            },
            "timeouts": null,
            "vpc_id": "vpc-0d91832dcb5d5e861"
          },
          "sensitive_attributes": [],
          "identity_schema_version": 0,
          "private": "eyJlMmJmYjczMC1lY2FhLTExZTYtOGY4OC0zNDM2M2JjN2M0YzAiOnsiY3JlYXRlIjo2MDAwMDAwMDAwMDAsImRlbGV0ZSI6MTgwMDAwMDAwMDAwMCwidXBkYXRlIjo2MDAwMDAwMDAwMDB9fQ==",
          "dependencies": [
            "aws_eip.bos_nat_eip01",
            "aws_internet_gateway.bos_igw01",
            "aws_subnet.bos_public_subnets",
            "aws_vpc.bos_vpc01"
          ]
        }
      ]
    },
    {
      "mode": "managed",
      "type": "aws_route",
      "name": "bos_private_default_route",
      "provider": "provider[\"registry.terraform.io/hashicorp/aws\"]",
      "instances": [
        {
          "schema_version": 0,
          "attributes": {
            "carrier_gateway_id": "",
            "core_network_arn": "",
            "destination_cidr_block": "0.0.0.0/0",
            "destination_ipv6_cidr_block": "",
            "destination_prefix_list_id": "",
            "egress_only_gateway_id": "",
            "gateway_id": "",
            "id": "r-rtb-01c45b4e04e9f04a01080289494",
            "instance_id": "",
            "instance_owner_id": "",
            "local_gateway_id": "",
            "nat_gateway_id": "nat-03839ec596846b93b",
            "network_interface_id": "",
            "origin": "CreateRoute",
            "region": "us-east-1",
            "route_table_id": "rtb-01c45b4e04e9f04a0",
            "state": "active",
            "timeouts": null,
            "transit_gateway_id": "",
            "vpc_endpoint_id": "",
            "vpc_peering_connection_id": ""
          },
          "sensitive_attributes": [],
          "identity_schema_version": 0,
          "identity": {
            "account_id": "891377135193",
            "destination_cidr_block": "0.0.0.0/0",
            "destination_ipv6_cidr_block": null,
            "destination_prefix_list_id": null,
            "region": "us-east-1",
            "route_table_id": "rtb-01c45b4e04e9f04a0"
          },
          "private": "eyJlMmJmYjczMC1lY2FhLTExZTYtOGY4OC0zNDM2M2JjN2M0YzAiOnsiY3JlYXRlIjozMDAwMDAwMDAwMDAsImRlbGV0ZSI6MzAwMDAwMDAwMDAwLCJ1cGRhdGUiOjEyMDAwMDAwMDAwMH19",
          "dependencies": [
            "aws_eip.bos_nat_eip01",
            "aws_internet_gateway.bos_igw01",
            "aws_nat_gateway.bos_nat01",
            "aws_route_table.bos_private_rt01",
            "aws_subnet.bos_public_subnets",
            "aws_vpc.bos_vpc01"
          ]
        }
      ]
    },
    {
      "mode": "managed",
      "type": "aws_route",
      "name": "bos_public_default_route",
      "provider": "provider[\"registry.terraform.io/hashicorp/aws\"]",
      "instances": [
        {
          "schema_version": 0,
          "attributes": {
            "carrier_gateway_id": "",
            "core_network_arn": "",
            "destination_cidr_block": "0.0.0.0/0",
            "destination_ipv6_cidr_block": "",
            "destination_prefix_list_id": "",
            "egress_only_gateway_id": "",
            "gateway_id": "igw-0e134c577dd75f311",
            "id": "r-rtb-0dd312dcf747a9d971080289494",
            "instance_id": "",
            "instance_owner_id": "",
            "local_gateway_id": "",
            "nat_gateway_id": "",
            "network_interface_id": "",
            "origin": "CreateRoute",
            "region": "us-east-1",
            "route_table_id": "rtb-0dd312dcf747a9d97",
            "state": "active",
            "timeouts": null,
            "transit_gateway_id": "",
            "vpc_endpoint_id": "",
            "vpc_peering_connection_id": ""
          },
          "sensitive_attributes": [],
          "identity_schema_version": 0,
          "identity": {
            "account_id": "891377135193",
            "destination_cidr_block": "0.0.0.0/0",
            "destination_ipv6_cidr_block": null,
            "destination_prefix_list_id": null,
            "region": "us-east-1",
            "route_table_id": "rtb-0dd312dcf747a9d97"
          },
          "private": "eyJlMmJmYjczMC1lY2FhLTExZTYtOGY4OC0zNDM2M2JjN2M0YzAiOnsiY3JlYXRlIjozMDAwMDAwMDAwMDAsImRlbGV0ZSI6MzAwMDAwMDAwMDAwLCJ1cGRhdGUiOjEyMDAwMDAwMDAwMH19",
          "dependencies": [
            "aws_internet_gateway.bos_igw01",
            "aws_route_table.bos_public_rt01",
            "aws_vpc.bos_vpc01"
          ]
        }
      ]
    },
    {
      "mode": "managed",
      "type": "aws_route53_record",
      "name": "bos_acm_validation_records01",
      "provider": "provider[\"registry.terraform.io/hashicorp/aws\"]",
      "instances": [
        {
          "index_key": "app.larrryharrisaws.com",
          "schema_version": 2,
          "attributes": {
            "alias": [],
            "allow_overwrite": true,
            "cidr_routing_policy": [],
            "failover_routing_policy": [],
            "fqdn": "_402ee52412176e3cc610fa9fd47343c2.app.larrryharrisaws.com",
            "geolocation_routing_policy": [],
            "geoproximity_routing_policy": [],
            "health_check_id": "",
            "id": "Z0825167K1N04S2RCG6V__402ee52412176e3cc610fa9fd47343c2.app.larrryharrisaws.com._CNAME",
            "latency_routing_policy": [],
            "multivalue_answer_routing_policy": false,
            "name": "_402ee52412176e3cc610fa9fd47343c2.app.larrryharrisaws.com",
            "records": [
              "_cd5a736b59a29f7a9d8f6016140bda11.jkddzztszm.acm-validations.aws."
            ],
            "set_identifier": "",
            "timeouts": null,
            "ttl": 60,
            "type": "CNAME",
            "weighted_routing_policy": [],
            "zone_id": "Z0825167K1N04S2RCG6V"
          },
          "sensitive_attributes": [],
          "identity_schema_version": 0,
          "identity": {
            "account_id": "891377135193",
            "name": "_402ee52412176e3cc610fa9fd47343c2.app.larrryharrisaws.com.",
            "set_identifier": null,
            "type": "CNAME",
            "zone_id": "Z0825167K1N04S2RCG6V"
          },
          "private": "eyJlMmJmYjczMC1lY2FhLTExZTYtOGY4OC0zNDM2M2JjN2M0YzAiOnsiY3JlYXRlIjoxODAwMDAwMDAwMDAwLCJkZWxldGUiOjE4MDAwMDAwMDAwMDAsInVwZGF0ZSI6MTgwMDAwMDAwMDAwMH0sInNjaGVtYV92ZXJzaW9uIjoiMiJ9",
          "dependencies": [
            "aws_acm_certificate.bos_acm_cert01"
          ]
        },
        {
          "index_key": "larrryharrisaws.com",
          "schema_version": 2,
          "attributes": {
            "alias": [],
            "allow_overwrite": true,
            "cidr_routing_policy": [],
            "failover_routing_policy": [],
            "fqdn": "_e68c7bf92882b94911df33d8f80cfe32.larrryharrisaws.com",
            "geolocation_routing_policy": [],
            "geoproximity_routing_policy": [],
            "health_check_id": "",
            "id": "Z0825167K1N04S2RCG6V__e68c7bf92882b94911df33d8f80cfe32.larrryharrisaws.com._CNAME",
            "latency_routing_policy": [],
            "multivalue_answer_routing_policy": false,
            "name": "_e68c7bf92882b94911df33d8f80cfe32.larrryharrisaws.com",
            "records": [
              "_e2aedbfa9bceb029721ca9db378b34a5.jkddzztszm.acm-validations.aws."
            ],
            "set_identifier": "",
            "timeouts": null,
            "ttl": 60,
            "type": "CNAME",
            "weighted_routing_policy": [],
            "zone_id": "Z0825167K1N04S2RCG6V"
          },
          "sensitive_attributes": [],
          "identity_schema_version": 0,
          "identity": {
            "account_id": "891377135193",
            "name": "_e68c7bf92882b94911df33d8f80cfe32.larrryharrisaws.com.",
            "set_identifier": null,
            "type": "CNAME",
            "zone_id": "Z0825167K1N04S2RCG6V"
          },
          "private": "eyJlMmJmYjczMC1lY2FhLTExZTYtOGY4OC0zNDM2M2JjN2M0YzAiOnsiY3JlYXRlIjoxODAwMDAwMDAwMDAwLCJkZWxldGUiOjE4MDAwMDAwMDAwMDAsInVwZGF0ZSI6MTgwMDAwMDAwMDAwMH0sInNjaGVtYV92ZXJzaW9uIjoiMiJ9",
          "dependencies": [
            "aws_acm_certificate.bos_acm_cert01"
          ]
        }
      ]
    },
    {
      "mode": "managed",
      "type": "aws_route53_record",
      "name": "bos_apex_to_cf01",
      "provider": "provider[\"registry.terraform.io/hashicorp/aws\"]",
      "instances": [
        {
          "schema_version": 2,
          "attributes": {
            "alias": [
              {
                "evaluate_target_health": false,
                "name": "d3jldnkyxrczeh.cloudfront.net",
                "zone_id": "Z2FDTNDATAQYW2"
              }
            ],
            "allow_overwrite": null,
            "cidr_routing_policy": [],
            "failover_routing_policy": [],
            "fqdn": "larrryharrisaws.com",
            "geolocation_routing_policy": [],
            "geoproximity_routing_policy": [],
            "health_check_id": "",
            "id": "Z0825167K1N04S2RCG6V_larrryharrisaws.com_A",
            "latency_routing_policy": [],
            "multivalue_answer_routing_policy": false,
            "name": "larrryharrisaws.com",
            "records": null,
            "set_identifier": "",
            "timeouts": null,
            "ttl": 0,
            "type": "A",
            "weighted_routing_policy": [],
            "zone_id": "Z0825167K1N04S2RCG6V"
          },
          "sensitive_attributes": [],
          "identity_schema_version": 0,
          "identity": {
            "account_id": "891377135193",
            "name": "larrryharrisaws.com",
            "set_identifier": null,
            "type": "A",
            "zone_id": "Z0825167K1N04S2RCG6V"
          },
          "private": "eyJlMmJmYjczMC1lY2FhLTExZTYtOGY4OC0zNDM2M2JjN2M0YzAiOnsiY3JlYXRlIjoxODAwMDAwMDAwMDAwLCJkZWxldGUiOjE4MDAwMDAwMDAwMDAsInVwZGF0ZSI6MTgwMDAwMDAwMDAwMH0sInNjaGVtYV92ZXJzaW9uIjoiMiJ9",
          "dependencies": [
            "aws_acm_certificate.bos_acm_cert01",
            "aws_cloudfront_distribution.bos_cf01",
            "aws_lb.bos_alb01",
            "aws_s3_bucket.bos_alb_logs_bucket01",
            "aws_security_group.bos_alb_sg01",
            "aws_subnet.bos_public_subnets",
            "aws_vpc.bos_vpc01",
            "aws_wafv2_web_acl.bos_cf_waf01",
            "random_password.bos_origin_header_value01"
          ]
        }
      ]
    },
    {
      "mode": "managed",
      "type": "aws_route53_record",
      "name": "bos_app_to_cf01",
      "provider": "provider[\"registry.terraform.io/hashicorp/aws\"]",
      "instances": [
        {
          "schema_version": 2,
          "attributes": {
            "alias": [
              {
                "evaluate_target_health": false,
                "name": "d3jldnkyxrczeh.cloudfront.net",
                "zone_id": "Z2FDTNDATAQYW2"
              }
            ],
            "allow_overwrite": null,
            "cidr_routing_policy": [],
            "failover_routing_policy": [],
            "fqdn": "app.larrryharrisaws.com",
            "geolocation_routing_policy": [],
            "geoproximity_routing_policy": [],
            "health_check_id": "",
            "id": "Z0825167K1N04S2RCG6V_app.larrryharrisaws.com_A",
            "latency_routing_policy": [],
            "multivalue_answer_routing_policy": false,
            "name": "app.larrryharrisaws.com",
            "records": null,
            "set_identifier": "",
            "timeouts": null,
            "ttl": 0,
            "type": "A",
            "weighted_routing_policy": [],
            "zone_id": "Z0825167K1N04S2RCG6V"
          },
          "sensitive_attributes": [],
          "identity_schema_version": 0,
          "identity": {
            "account_id": "891377135193",
            "name": "app.larrryharrisaws.com",
            "set_identifier": null,
            "type": "A",
            "zone_id": "Z0825167K1N04S2RCG6V"
          },
          "private": "eyJlMmJmYjczMC1lY2FhLTExZTYtOGY4OC0zNDM2M2JjN2M0YzAiOnsiY3JlYXRlIjoxODAwMDAwMDAwMDAwLCJkZWxldGUiOjE4MDAwMDAwMDAwMDAsInVwZGF0ZSI6MTgwMDAwMDAwMDAwMH0sInNjaGVtYV92ZXJzaW9uIjoiMiJ9",
          "dependencies": [
            "aws_acm_certificate.bos_acm_cert01",
            "aws_cloudfront_distribution.bos_cf01",
            "aws_lb.bos_alb01",
            "aws_s3_bucket.bos_alb_logs_bucket01",
            "aws_security_group.bos_alb_sg01",
            "aws_subnet.bos_public_subnets",
            "aws_vpc.bos_vpc01",
            "aws_wafv2_web_acl.bos_cf_waf01",
            "random_password.bos_origin_header_value01"
          ]
        }
      ]
    },
    {
      "mode": "managed",
      "type": "aws_route_table",
      "name": "bos_private_rt01",
      "provider": "provider[\"registry.terraform.io/hashicorp/aws\"]",
      "instances": [
        {
          "schema_version": 0,
          "attributes": {
            "arn": "arn:aws:ec2:us-east-1:891377135193:route-table/rtb-01c45b4e04e9f04a0",
            "id": "rtb-01c45b4e04e9f04a0",
            "owner_id": "891377135193",
            "propagating_vgws": [],
            "region": "us-east-1",
            "route": [],
            "tags": {
              "Name": "bos-private-rt01"
            },
            "tags_all": {
              "Name": "bos-private-rt01"
            },
            "timeouts": null,
            "vpc_id": "vpc-0d91832dcb5d5e861"
          },
          "sensitive_attributes": [],
          "identity_schema_version": 0,
          "identity": {
            "account_id": "891377135193",
            "id": "rtb-01c45b4e04e9f04a0",
            "region": "us-east-1"
          },
          "private": "eyJlMmJmYjczMC1lY2FhLTExZTYtOGY4OC0zNDM2M2JjN2M0YzAiOnsiY3JlYXRlIjozMDAwMDAwMDAwMDAsImRlbGV0ZSI6MzAwMDAwMDAwMDAwLCJ1cGRhdGUiOjEyMDAwMDAwMDAwMH19",
          "dependencies": [
            "aws_vpc.bos_vpc01"
          ]
        }
      ]
    },
    {
      "mode": "managed",
      "type": "aws_route_table",
      "name": "bos_public_rt01",
      "provider": "provider[\"registry.terraform.io/hashicorp/aws\"]",
      "instances": [
        {
          "schema_version": 0,
          "attributes": {
            "arn": "arn:aws:ec2:us-east-1:891377135193:route-table/rtb-0dd312dcf747a9d97",
            "id": "rtb-0dd312dcf747a9d97",
            "owner_id": "891377135193",
            "propagating_vgws": [],
            "region": "us-east-1",
            "route": [],
            "tags": {
              "Name": "bos-public-rt01"
            },
            "tags_all": {
              "Name": "bos-public-rt01"
            },
            "timeouts": null,
            "vpc_id": "vpc-0d91832dcb5d5e861"
          },
          "sensitive_attributes": [],
          "identity_schema_version": 0,
          "identity": {
            "account_id": "891377135193",
            "id": "rtb-0dd312dcf747a9d97",
            "region": "us-east-1"
          },
          "private": "eyJlMmJmYjczMC1lY2FhLTExZTYtOGY4OC0zNDM2M2JjN2M0YzAiOnsiY3JlYXRlIjozMDAwMDAwMDAwMDAsImRlbGV0ZSI6MzAwMDAwMDAwMDAwLCJ1cGRhdGUiOjEyMDAwMDAwMDAwMH19",
          "dependencies": [
            "aws_vpc.bos_vpc01"
          ]
        }
      ]
    },
    {
      "mode": "managed",
      "type": "aws_route_table_association",
      "name": "bos_private_rta",
      "provider": "provider[\"registry.terraform.io/hashicorp/aws\"]",
      "instances": [
        {
          "index_key": 0,
          "schema_version": 0,
          "attributes": {
            "gateway_id": "",
            "id": "rtbassoc-05dbf1b9871c28796",
            "region": "us-east-1",
            "route_table_id": "rtb-01c45b4e04e9f04a0",
            "subnet_id": "subnet-0c4cd6b149f5e907a",
            "timeouts": null
          },
          "sensitive_attributes": [],
          "identity_schema_version": 0,
          "private": "eyJlMmJmYjczMC1lY2FhLTExZTYtOGY4OC0zNDM2M2JjN2M0YzAiOnsiY3JlYXRlIjozMDAwMDAwMDAwMDAsImRlbGV0ZSI6MzAwMDAwMDAwMDAwLCJ1cGRhdGUiOjEyMDAwMDAwMDAwMH19",
          "dependencies": [
            "aws_route_table.bos_private_rt01",
            "aws_subnet.bos_private_subnets",
            "aws_vpc.bos_vpc01"
          ]
        },
        {
          "index_key": 1,
          "schema_version": 0,
          "attributes": {
            "gateway_id": "",
            "id": "rtbassoc-0f3826ba0198ce6ba",
            "region": "us-east-1",
            "route_table_id": "rtb-01c45b4e04e9f04a0",
            "subnet_id": "subnet-0539fe785f803f6af",
            "timeouts": null
          },
          "sensitive_attributes": [],
          "identity_schema_version": 0,
          "private": "eyJlMmJmYjczMC1lY2FhLTExZTYtOGY4OC0zNDM2M2JjN2M0YzAiOnsiY3JlYXRlIjozMDAwMDAwMDAwMDAsImRlbGV0ZSI6MzAwMDAwMDAwMDAwLCJ1cGRhdGUiOjEyMDAwMDAwMDAwMH19",
          "dependencies": [
            "aws_route_table.bos_private_rt01",
            "aws_subnet.bos_private_subnets",
            "aws_vpc.bos_vpc01"
          ]
        }
      ]
    },
    {
      "mode": "managed",
      "type": "aws_route_table_association",
      "name": "bos_public_rta",
      "provider": "provider[\"registry.terraform.io/hashicorp/aws\"]",
      "instances": [
        {
          "index_key": 0,
          "schema_version": 0,
          "attributes": {
            "gateway_id": "",
            "id": "rtbassoc-09b256312bf7be0e4",
            "region": "us-east-1",
            "route_table_id": "rtb-0dd312dcf747a9d97",
            "subnet_id": "subnet-043bd3c2ec831c189",
            "timeouts": null
          },
          "sensitive_attributes": [],
          "identity_schema_version": 0,
          "private": "eyJlMmJmYjczMC1lY2FhLTExZTYtOGY4OC0zNDM2M2JjN2M0YzAiOnsiY3JlYXRlIjozMDAwMDAwMDAwMDAsImRlbGV0ZSI6MzAwMDAwMDAwMDAwLCJ1cGRhdGUiOjEyMDAwMDAwMDAwMH19",
          "dependencies": [
            "aws_route_table.bos_public_rt01",
            "aws_subnet.bos_public_subnets",
            "aws_vpc.bos_vpc01"
          ]
        },
        {
          "index_key": 1,
          "schema_version": 0,
          "attributes": {
            "gateway_id": "",
            "id": "rtbassoc-0a2fecc5c617ca32b",
            "region": "us-east-1",
            "route_table_id": "rtb-0dd312dcf747a9d97",
            "subnet_id": "subnet-0b9c17f7d0e4fe268",
            "timeouts": null
          },
          "sensitive_attributes": [],
          "identity_schema_version": 0,
          "private": "eyJlMmJmYjczMC1lY2FhLTExZTYtOGY4OC0zNDM2M2JjN2M0YzAiOnsiY3JlYXRlIjozMDAwMDAwMDAwMDAsImRlbGV0ZSI6MzAwMDAwMDAwMDAwLCJ1cGRhdGUiOjEyMDAwMDAwMDAwMH19",
          "dependencies": [
            "aws_route_table.bos_public_rt01",
            "aws_subnet.bos_public_subnets",
            "aws_vpc.bos_vpc01"
          ]
        }
      ]
    },
    {
      "mode": "managed",
      "type": "aws_s3_bucket",
      "name": "bos_alb_logs_bucket01",
      "provider": "provider[\"registry.terraform.io/hashicorp/aws\"]",
      "instances": [
        {
          "index_key": 0,
          "schema_version": 0,
          "attributes": {
            "acceleration_status": "",
            "acl": null,
            "arn": "arn:aws:s3:::bos-alb-logs-lh-891377135193",
            "bucket": "bos-alb-logs-lh-891377135193",
            "bucket_domain_name": "bos-alb-logs-lh-891377135193.s3.amazonaws.com",
            "bucket_prefix": "",
            "bucket_region": "us-east-1",
            "bucket_regional_domain_name": "bos-alb-logs-lh-891377135193.s3.us-east-1.amazonaws.com",
            "cors_rule": [],
            "force_destroy": true,
            "grant": [
              {
                "id": "903b1c250754076520a57e879a3113da4cbe0f2c8efdadb3b5dd954edd18db9b",
                "permissions": [
                  "FULL_CONTROL"
                ],
                "type": "CanonicalUser",
                "uri": ""
              }
            ],
            "hosted_zone_id": "Z3AQBSTGFYJSTF",
            "id": "bos-alb-logs-lh-891377135193",
            "lifecycle_rule": [],
            "logging": [],
            "object_lock_configuration": [],
            "object_lock_enabled": false,
            "policy": "",
            "region": "us-east-1",
            "replication_configuration": [],
            "request_payer": "BucketOwner",
            "server_side_encryption_configuration": [
              {
                "rule": [
                  {
                    "apply_server_side_encryption_by_default": [
                      {
                        "kms_master_key_id": "",
                        "sse_algorithm": "AES256"
                      }
                    ],
                    "bucket_key_enabled": false
                  }
                ]
              }
            ],
            "tags": {
              "Name": "bos-alb-logs-bucket01"
            },
            "tags_all": {
              "Name": "bos-alb-logs-bucket01"
            },
            "timeouts": null,
            "versioning": [
              {
                "enabled": false,
                "mfa_delete": false
              }
            ],
            "website": [],
            "website_domain": null,
            "website_endpoint": null
          },
          "sensitive_attributes": [],
          "identity_schema_version": 0,
          "identity": {
            "account_id": "891377135193",
            "bucket": "bos-alb-logs-lh-891377135193",
            "region": "us-east-1"
          },
          "private": "eyJlMmJmYjczMC1lY2FhLTExZTYtOGY4OC0zNDM2M2JjN2M0YzAiOnsiY3JlYXRlIjoxMjAwMDAwMDAwMDAwLCJkZWxldGUiOjM2MDAwMDAwMDAwMDAsInJlYWQiOjEyMDAwMDAwMDAwMDAsInVwZGF0ZSI6MTIwMDAwMDAwMDAwMH19"
        }
      ]
    },
    {
      "mode": "managed",
      "type": "aws_s3_bucket_ownership_controls",
      "name": "bos_alb_logs_owner01",
      "provider": "provider[\"registry.terraform.io/hashicorp/aws\"]",
      "instances": [
        {
          "index_key": 0,
          "schema_version": 0,
          "attributes": {
            "bucket": "bos-alb-logs-lh-891377135193",
            "id": "bos-alb-logs-lh-891377135193",
            "region": "us-east-1",
            "rule": [
              {
                "object_ownership": "BucketOwnerPreferred"
              }
            ]
          },
          "sensitive_attributes": [],
          "identity_schema_version": 0,
          "identity": {
            "account_id": "891377135193",
            "bucket": "bos-alb-logs-lh-891377135193",
            "region": "us-east-1"
          },
          "private": "bnVsbA==",
          "dependencies": [
            "aws_s3_bucket.bos_alb_logs_bucket01"
          ]
        }
      ]
    },
    {
      "mode": "managed",
      "type": "aws_s3_bucket_policy",
      "name": "bos_alb_logs_policy01",
      "provider": "provider[\"registry.terraform.io/hashicorp/aws\"]",
      "instances": [
        {
          "index_key": 0,
          "schema_version": 0,
          "attributes": {
            "bucket": "bos-alb-logs-lh-891377135193",
            "id": "bos-alb-logs-lh-891377135193",
            "policy": "{\"Statement\":[{\"Action\":\"s3:*\",\"Condition\":{\"Bool\":{\"aws:SecureTransport\":\"false\"}},\"Effect\":\"Deny\",\"Principal\":\"*\",\"Resource\":[\"arn:aws:s3:::bos-alb-logs-lh-891377135193\",\"arn:aws:s3:::bos-alb-logs-lh-891377135193/*\"],\"Sid\":\"DenyInsecureTransport\"},{\"Action\":\"s3:PutObject\",\"Effect\":\"Allow\",\"Principal\":{\"Service\":\"logdelivery.elasticloadbalancing.amazonaws.com\"},\"Resource\":\"arn:aws:s3:::bos-alb-logs-lh-891377135193/alb-access-logs/AWSLogs/891377135193/*\",\"Sid\":\"AllowELBPutObject\"}],\"Version\":\"2012-10-17\"}",
            "region": "us-east-1"
          },
          "sensitive_attributes": [],
          "identity_schema_version": 0,
          "identity": {
            "account_id": "891377135193",
            "bucket": "bos-alb-logs-lh-891377135193",
            "region": "us-east-1"
          },
          "private": "bnVsbA==",
          "dependencies": [
            "aws_s3_bucket.bos_alb_logs_bucket01",
            "data.aws_caller_identity.bos_self01"
          ]
        }
      ]
    },
    {
      "mode": "managed",
      "type": "aws_s3_bucket_public_access_block",
      "name": "bos_alb_logs_pab01",
      "provider": "provider[\"registry.terraform.io/hashicorp/aws\"]",
      "instances": [
        {
          "index_key": 0,
          "schema_version": 0,
          "attributes": {
            "block_public_acls": true,
            "block_public_policy": true,
            "bucket": "bos-alb-logs-lh-891377135193",
            "id": "bos-alb-logs-lh-891377135193",
            "ignore_public_acls": true,
            "region": "us-east-1",
            "restrict_public_buckets": true,
            "skip_destroy": null
          },
          "sensitive_attributes": [],
          "identity_schema_version": 0,
          "identity": {
            "account_id": "891377135193",
            "bucket": "bos-alb-logs-lh-891377135193",
            "region": "us-east-1"
          },
          "private": "bnVsbA==",
          "dependencies": [
            "aws_s3_bucket.bos_alb_logs_bucket01"
          ]
        }
      ]
    },
    {
      "mode": "managed",
      "type": "aws_secretsmanager_secret",
      "name": "bos_db_secret01",
      "provider": "provider[\"registry.terraform.io/hashicorp/aws\"]",
      "instances": [
        {
          "schema_version": 0,
          "attributes": {
            "arn": "arn:aws:secretsmanager:us-east-1:891377135193:secret:bos/rds/mysql-DaJBaa",
            "description": "",
            "force_overwrite_replica_secret": false,
            "id": "arn:aws:secretsmanager:us-east-1:891377135193:secret:bos/rds/mysql-DaJBaa",
            "kms_key_id": "",
            "name": "bos/rds/mysql",
            "name_prefix": "",
            "policy": "",
            "recovery_window_in_days": 0,
            "region": "us-east-1",
            "replica": [],
            "tags": null,
            "tags_all": {}
          },
          "sensitive_attributes": [],
          "identity_schema_version": 0,
          "identity": {
            "arn": "arn:aws:secretsmanager:us-east-1:891377135193:secret:bos/rds/mysql-DaJBaa"
          },
          "private": "bnVsbA=="
        }
      ]
    },
    {
      "mode": "managed",
      "type": "aws_secretsmanager_secret_version",
      "name": "bos_db_secret_version01",
      "provider": "provider[\"registry.terraform.io/hashicorp/aws\"]",
      "instances": [
        {
          "schema_version": 0,
          "attributes": {
            "arn": "arn:aws:secretsmanager:us-east-1:891377135193:secret:bos/rds/mysql-DaJBaa",
            "has_secret_string_wo": null,
            "id": "arn:aws:secretsmanager:us-east-1:891377135193:secret:bos/rds/mysql-DaJBaa|terraform-20260120092925218400000010",
            "region": "us-east-1",
            "secret_binary": "",
            "secret_id": "arn:aws:secretsmanager:us-east-1:891377135193:secret:bos/rds/mysql-DaJBaa",
            "secret_string": "{\"dbname\":\"labdb\",\"host\":\"bos-rds01.cs7ukegck7hg.us-east-1.rds.amazonaws.com\",\"password\":\"Broth3rH00d\",\"port\":3306,\"username\":\"admiral\"}",
            "secret_string_wo": null,
            "secret_string_wo_version": null,
            "version_id": "terraform-20260120092925218400000010",
            "version_stages": [
              "AWSCURRENT"
            ]
          },
          "sensitive_attributes": [
            [
              {
                "type": "get_attr",
                "value": "secret_binary"
              }
            ],
            [
              {
                "type": "get_attr",
                "value": "secret_string"
              }
            ],
            [
              {
                "type": "get_attr",
                "value": "secret_string_wo"
              }
            ]
          ],
          "identity_schema_version": 0,
          "identity": {
            "account_id": "891377135193",
            "region": "us-east-1",
            "secret_id": "arn:aws:secretsmanager:us-east-1:891377135193:secret:bos/rds/mysql-DaJBaa",
            "version_id": "terraform-20260120092925218400000010"
          },
          "private": "bnVsbA==",
          "dependencies": [
            "aws_db_instance.bos_rds01",
            "aws_db_subnet_group.bos_rds_subnet_group01",
            "aws_secretsmanager_secret.bos_db_secret01",
            "aws_security_group.bos_rds_sg01",
            "aws_subnet.bos_private_subnets",
            "aws_vpc.bos_vpc01"
          ]
        }
      ]
    },
    {
      "mode": "managed",
      "type": "aws_security_group",
      "name": "bos_alb_sg01",
      "provider": "provider[\"registry.terraform.io/hashicorp/aws\"]",
      "instances": [
        {
          "schema_version": 1,
          "attributes": {
            "arn": "arn:aws:ec2:us-east-1:891377135193:security-group/sg-0d732e4dfe934bd0c",
            "description": "ALB security group",
            "egress": [],
            "id": "sg-0d732e4dfe934bd0c",
            "ingress": [],
            "name": "bos-alb-sg01",
            "name_prefix": "",
            "owner_id": "891377135193",
            "region": "us-east-1",
            "revoke_rules_on_delete": false,
            "tags": {
              "Name": "bos-alb-sg01"
            },
            "tags_all": {
              "Name": "bos-alb-sg01"
            },
            "timeouts": null,
            "vpc_id": "vpc-0d91832dcb5d5e861"
          },
          "sensitive_attributes": [],
          "identity_schema_version": 0,
          "identity": {
            "account_id": "891377135193",
            "id": "sg-0d732e4dfe934bd0c",
            "region": "us-east-1"
          },
          "private": "eyJlMmJmYjczMC1lY2FhLTExZTYtOGY4OC0zNDM2M2JjN2M0YzAiOnsiY3JlYXRlIjo2MDAwMDAwMDAwMDAsImRlbGV0ZSI6OTAwMDAwMDAwMDAwfSwic2NoZW1hX3ZlcnNpb24iOiIxIn0=",
          "dependencies": [
            "aws_vpc.bos_vpc01"
          ]
        }
      ]
    },
    {
      "mode": "managed",
      "type": "aws_security_group",
      "name": "bos_ec2_sg01",
      "provider": "provider[\"registry.terraform.io/hashicorp/aws\"]",
      "instances": [
        {
          "schema_version": 1,
          "attributes": {
            "arn": "arn:aws:ec2:us-east-1:891377135193:security-group/sg-09191dbbd6ec29309",
            "description": "EC2 app security group",
            "egress": [],
            "id": "sg-09191dbbd6ec29309",
            "ingress": [],
            "name": "bos-ec2-sg01",
            "name_prefix": "",
            "owner_id": "891377135193",
            "region": "us-east-1",
            "revoke_rules_on_delete": false,
            "tags": {
              "Name": "bos-ec2-sg01"
            },
            "tags_all": {
              "Name": "bos-ec2-sg01"
            },
            "timeouts": null,
            "vpc_id": "vpc-0d91832dcb5d5e861"
          },
          "sensitive_attributes": [],
          "identity_schema_version": 0,
          "identity": {
            "account_id": "891377135193",
            "id": "sg-09191dbbd6ec29309",
            "region": "us-east-1"
          },
          "private": "eyJlMmJmYjczMC1lY2FhLTExZTYtOGY4OC0zNDM2M2JjN2M0YzAiOnsiY3JlYXRlIjo2MDAwMDAwMDAwMDAsImRlbGV0ZSI6OTAwMDAwMDAwMDAwfSwic2NoZW1hX3ZlcnNpb24iOiIxIn0=",
          "dependencies": [
            "aws_vpc.bos_vpc01"
          ]
        }
      ]
    },
    {
      "mode": "managed",
      "type": "aws_security_group",
      "name": "bos_rds_sg01",
      "provider": "provider[\"registry.terraform.io/hashicorp/aws\"]",
      "instances": [
        {
          "schema_version": 1,
          "attributes": {
            "arn": "arn:aws:ec2:us-east-1:891377135193:security-group/sg-01599746f86c15f5a",
            "description": "RDS security group",
            "egress": [],
            "id": "sg-01599746f86c15f5a",
            "ingress": [],
            "name": "bos-rds-sg01",
            "name_prefix": "",
            "owner_id": "891377135193",
            "region": "us-east-1",
            "revoke_rules_on_delete": false,
            "tags": {
              "Name": "bos-rds-sg01"
            },
            "tags_all": {
              "Name": "bos-rds-sg01"
            },
            "timeouts": null,
            "vpc_id": "vpc-0d91832dcb5d5e861"
          },
          "sensitive_attributes": [],
          "identity_schema_version": 0,
          "identity": {
            "account_id": "891377135193",
            "id": "sg-01599746f86c15f5a",
            "region": "us-east-1"
          },
          "private": "eyJlMmJmYjczMC1lY2FhLTExZTYtOGY4OC0zNDM2M2JjN2M0YzAiOnsiY3JlYXRlIjo2MDAwMDAwMDAwMDAsImRlbGV0ZSI6OTAwMDAwMDAwMDAwfSwic2NoZW1hX3ZlcnNpb24iOiIxIn0=",
          "dependencies": [
            "aws_vpc.bos_vpc01"
          ]
        }
      ]
    },
    {
      "mode": "managed",
      "type": "aws_security_group",
      "name": "bos_vpce_sg01",
      "provider": "provider[\"registry.terraform.io/hashicorp/aws\"]",
      "instances": [
        {
          "schema_version": 1,
          "attributes": {
            "arn": "arn:aws:ec2:us-east-1:891377135193:security-group/sg-0abf1bdb572635b1d",
            "description": "SG for VPC Interface Endpoints",
            "egress": [],
            "id": "sg-0abf1bdb572635b1d",
            "ingress": [],
            "name": "bos-vpce-sg01",
            "name_prefix": "",
            "owner_id": "891377135193",
            "region": "us-east-1",
            "revoke_rules_on_delete": false,
            "tags": {
              "Name": "bos-vpce-sg01"
            },
            "tags_all": {
              "Name": "bos-vpce-sg01"
            },
            "timeouts": null,
            "vpc_id": "vpc-0d91832dcb5d5e861"
          },
          "sensitive_attributes": [],
          "identity_schema_version": 0,
          "identity": {
            "account_id": "891377135193",
            "id": "sg-0abf1bdb572635b1d",
            "region": "us-east-1"
          },
          "private": "eyJlMmJmYjczMC1lY2FhLTExZTYtOGY4OC0zNDM2M2JjN2M0YzAiOnsiY3JlYXRlIjo2MDAwMDAwMDAwMDAsImRlbGV0ZSI6OTAwMDAwMDAwMDAwfSwic2NoZW1hX3ZlcnNpb24iOiIxIn0=",
          "dependencies": [
            "aws_vpc.bos_vpc01"
          ]
        }
      ]
    },
    {
      "mode": "managed",
      "type": "aws_sns_topic",
      "name": "bos_sns_topic01",
      "provider": "provider[\"registry.terraform.io/hashicorp/aws\"]",
      "instances": [
        {
          "schema_version": 0,
          "attributes": {
            "application_failure_feedback_role_arn": "",
            "application_success_feedback_role_arn": "",
            "application_success_feedback_sample_rate": 0,
            "archive_policy": "",
            "arn": "arn:aws:sns:us-east-1:891377135193:bos-db-incidents",
            "beginning_archive_time": "",
            "content_based_deduplication": false,
            "delivery_policy": "",
            "display_name": "",
            "fifo_throughput_scope": "",
            "fifo_topic": false,
            "firehose_failure_feedback_role_arn": "",
            "firehose_success_feedback_role_arn": "",
            "firehose_success_feedback_sample_rate": 0,
            "http_failure_feedback_role_arn": "",
            "http_success_feedback_role_arn": "",
            "http_success_feedback_sample_rate": 0,
            "id": "arn:aws:sns:us-east-1:891377135193:bos-db-incidents",
            "kms_master_key_id": "",
            "lambda_failure_feedback_role_arn": "",
            "lambda_success_feedback_role_arn": "",
            "lambda_success_feedback_sample_rate": 0,
            "name": "bos-db-incidents",
            "name_prefix": "",
            "owner": "891377135193",
            "policy": "{\"Id\":\"__default_policy_ID\",\"Statement\":[{\"Action\":[\"SNS:GetTopicAttributes\",\"SNS:SetTopicAttributes\",\"SNS:AddPermission\",\"SNS:RemovePermission\",\"SNS:DeleteTopic\",\"SNS:Subscribe\",\"SNS:ListSubscriptionsByTopic\",\"SNS:Publish\"],\"Condition\":{\"StringEquals\":{\"AWS:SourceOwner\":\"891377135193\"}},\"Effect\":\"Allow\",\"Principal\":{\"AWS\":\"*\"},\"Resource\":\"arn:aws:sns:us-east-1:891377135193:bos-db-incidents\",\"Sid\":\"__default_statement_ID\"}],\"Version\":\"2008-10-17\"}",
            "region": "us-east-1",
            "signature_version": 0,
            "sqs_failure_feedback_role_arn": "",
            "sqs_success_feedback_role_arn": "",
            "sqs_success_feedback_sample_rate": 0,
            "tags": null,
            "tags_all": {},
            "tracing_config": ""
          },
          "sensitive_attributes": [],
          "identity_schema_version": 0,
          "identity": {
            "arn": "arn:aws:sns:us-east-1:891377135193:bos-db-incidents"
          },
          "private": "bnVsbA=="
        }
      ]
    },
    {
      "mode": "managed",
      "type": "aws_sns_topic_subscription",
      "name": "bos_sns_sub01",
      "provider": "provider[\"registry.terraform.io/hashicorp/aws\"]",
      "instances": [
        {
          "schema_version": 0,
          "attributes": {
            "arn": "arn:aws:sns:us-east-1:891377135193:bos-db-incidents:a8ec8b24-1f90-4c39-a6ca-133a891ff62d",
            "confirmation_timeout_in_minutes": 1,
            "confirmation_was_authenticated": false,
            "delivery_policy": "",
            "endpoint": "larrygharris76@gmail.com",
            "endpoint_auto_confirms": false,
            "filter_policy": "",
            "filter_policy_scope": "",
            "id": "arn:aws:sns:us-east-1:891377135193:bos-db-incidents:a8ec8b24-1f90-4c39-a6ca-133a891ff62d",
            "owner_id": "891377135193",
            "pending_confirmation": true,
            "protocol": "email",
            "raw_message_delivery": false,
            "redrive_policy": "",
            "region": "us-east-1",
            "replay_policy": "",
            "subscription_role_arn": "",
            "topic_arn": "arn:aws:sns:us-east-1:891377135193:bos-db-incidents"
          },
          "sensitive_attributes": [],
          "identity_schema_version": 0,
          "identity": {
            "arn": "arn:aws:sns:us-east-1:891377135193:bos-db-incidents:a8ec8b24-1f90-4c39-a6ca-133a891ff62d"
          },
          "private": "bnVsbA==",
          "dependencies": [
            "aws_sns_topic.bos_sns_topic01"
          ]
        }
      ]
    },
    {
      "mode": "managed",
      "type": "aws_ssm_parameter",
      "name": "bos_db_endpoint_param",
      "provider": "provider[\"registry.terraform.io/hashicorp/aws\"]",
      "instances": [
        {
          "schema_version": 0,
          "attributes": {
            "allowed_pattern": "",
            "arn": "arn:aws:ssm:us-east-1:891377135193:parameter/bos/db/endpoint",
            "data_type": "text",
            "description": "",
            "has_value_wo": false,
            "id": "/bos/db/endpoint",
            "insecure_value": null,
            "key_id": "",
            "name": "/bos/db/endpoint",
            "overwrite": null,
            "region": "us-east-1",
            "tags": {
              "Name": "bos-param-db-endpoint"
            },
            "tags_all": {
              "Name": "bos-param-db-endpoint"
            },
            "tier": "Standard",
            "type": "String",
            "value": "bos-rds01.cs7ukegck7hg.us-east-1.rds.amazonaws.com",
            "value_wo": null,
            "value_wo_version": null,
            "version": 1
          },
          "sensitive_attributes": [
            [
              {
                "type": "get_attr",
                "value": "value"
              }
            ],
            [
              {
                "type": "get_attr",
                "value": "value_wo"
              }
            ]
          ],
          "identity_schema_version": 0,
          "identity": {
            "account_id": "891377135193",
            "name": "/bos/db/endpoint",
            "region": "us-east-1"
          },
          "private": "bnVsbA==",
          "dependencies": [
            "aws_db_instance.bos_rds01",
            "aws_db_subnet_group.bos_rds_subnet_group01",
            "aws_security_group.bos_rds_sg01",
            "aws_subnet.bos_private_subnets",
            "aws_vpc.bos_vpc01"
          ]
        }
      ]
    },
    {
      "mode": "managed",
      "type": "aws_ssm_parameter",
      "name": "bos_db_name_param",
      "provider": "provider[\"registry.terraform.io/hashicorp/aws\"]",
      "instances": [
        {
          "schema_version": 0,
          "attributes": {
            "allowed_pattern": "",
            "arn": "arn:aws:ssm:us-east-1:891377135193:parameter/bos/db/name",
            "data_type": "text",
            "description": "",
            "has_value_wo": false,
            "id": "/bos/db/name",
            "insecure_value": null,
            "key_id": "",
            "name": "/bos/db/name",
            "overwrite": null,
            "region": "us-east-1",
            "tags": {
              "Name": "bos-param-db-name"
            },
            "tags_all": {
              "Name": "bos-param-db-name"
            },
            "tier": "Standard",
            "type": "String",
            "value": "labdb",
            "value_wo": null,
            "value_wo_version": null,
            "version": 1
          },
          "sensitive_attributes": [
            [
              {
                "type": "get_attr",
                "value": "value"
              }
            ],
            [
              {
                "type": "get_attr",
                "value": "value_wo"
              }
            ]
          ],
          "identity_schema_version": 0,
          "identity": {
            "account_id": "891377135193",
            "name": "/bos/db/name",
            "region": "us-east-1"
          },
          "private": "bnVsbA=="
        }
      ]
    },
    {
      "mode": "managed",
      "type": "aws_ssm_parameter",
      "name": "bos_db_port_param",
      "provider": "provider[\"registry.terraform.io/hashicorp/aws\"]",
      "instances": [
        {
          "schema_version": 0,
          "attributes": {
            "allowed_pattern": "",
            "arn": "arn:aws:ssm:us-east-1:891377135193:parameter/bos/db/port",
            "data_type": "text",
            "description": "",
            "has_value_wo": false,
            "id": "/bos/db/port",
            "insecure_value": null,
            "key_id": "",
            "name": "/bos/db/port",
            "overwrite": null,
            "region": "us-east-1",
            "tags": {
              "Name": "bos-param-db-port"
            },
            "tags_all": {
              "Name": "bos-param-db-port"
            },
            "tier": "Standard",
            "type": "String",
            "value": "3306",
            "value_wo": null,
            "value_wo_version": null,
            "version": 1
          },
          "sensitive_attributes": [
            [
              {
                "type": "get_attr",
                "value": "value"
              }
            ],
            [
              {
                "type": "get_attr",
                "value": "value_wo"
              }
            ]
          ],
          "identity_schema_version": 0,
          "identity": {
            "account_id": "891377135193",
            "name": "/bos/db/port",
            "region": "us-east-1"
          },
          "private": "bnVsbA==",
          "dependencies": [
            "aws_db_instance.bos_rds01",
            "aws_db_subnet_group.bos_rds_subnet_group01",
            "aws_security_group.bos_rds_sg01",
            "aws_subnet.bos_private_subnets",
            "aws_vpc.bos_vpc01"
          ]
        }
      ]
    },
    {
      "mode": "managed",
      "type": "aws_subnet",
      "name": "bos_private_subnets",
      "provider": "provider[\"registry.terraform.io/hashicorp/aws\"]",
      "instances": [
        {
          "index_key": 0,
          "schema_version": 1,
          "attributes": {
            "arn": "arn:aws:ec2:us-east-1:891377135193:subnet/subnet-0c4cd6b149f5e907a",
            "assign_ipv6_address_on_creation": false,
            "availability_zone": "us-east-1a",
            "availability_zone_id": "use1-az4",
            "cidr_block": "10.26.101.0/24",
            "customer_owned_ipv4_pool": "",
            "enable_dns64": false,
            "enable_lni_at_device_index": 0,
            "enable_resource_name_dns_a_record_on_launch": false,
            "enable_resource_name_dns_aaaa_record_on_launch": false,
            "id": "subnet-0c4cd6b149f5e907a",
            "ipv6_cidr_block": "",
            "ipv6_cidr_block_association_id": "",
            "ipv6_native": false,
            "map_customer_owned_ip_on_launch": false,
            "map_public_ip_on_launch": false,
            "outpost_arn": "",
            "owner_id": "891377135193",
            "private_dns_hostname_type_on_launch": "ip-name",
            "region": "us-east-1",
            "tags": {
              "Name": "bos-private-subnet01"
            },
            "tags_all": {
              "Name": "bos-private-subnet01"
            },
            "timeouts": null,
            "vpc_id": "vpc-0d91832dcb5d5e861"
          },
          "sensitive_attributes": [],
          "identity_schema_version": 0,
          "identity": {
            "account_id": "891377135193",
            "id": "subnet-0c4cd6b149f5e907a",
            "region": "us-east-1"
          },
          "private": "eyJlMmJmYjczMC1lY2FhLTExZTYtOGY4OC0zNDM2M2JjN2M0YzAiOnsiY3JlYXRlIjo2MDAwMDAwMDAwMDAsImRlbGV0ZSI6MTIwMDAwMDAwMDAwMH0sInNjaGVtYV92ZXJzaW9uIjoiMSJ9",
          "dependencies": [
            "aws_vpc.bos_vpc01"
          ]
        },
        {
          "index_key": 1,
          "schema_version": 1,
          "attributes": {
            "arn": "arn:aws:ec2:us-east-1:891377135193:subnet/subnet-0539fe785f803f6af",
            "assign_ipv6_address_on_creation": false,
            "availability_zone": "us-east-1b",
            "availability_zone_id": "use1-az6",
            "cidr_block": "10.26.102.0/24",
            "customer_owned_ipv4_pool": "",
            "enable_dns64": false,
            "enable_lni_at_device_index": 0,
            "enable_resource_name_dns_a_record_on_launch": false,
            "enable_resource_name_dns_aaaa_record_on_launch": false,
            "id": "subnet-0539fe785f803f6af",
            "ipv6_cidr_block": "",
            "ipv6_cidr_block_association_id": "",
            "ipv6_native": false,
            "map_customer_owned_ip_on_launch": false,
            "map_public_ip_on_launch": false,
            "outpost_arn": "",
            "owner_id": "891377135193",
            "private_dns_hostname_type_on_launch": "ip-name",
            "region": "us-east-1",
            "tags": {
              "Name": "bos-private-subnet02"
            },
            "tags_all": {
              "Name": "bos-private-subnet02"
            },
            "timeouts": null,
            "vpc_id": "vpc-0d91832dcb5d5e861"
          },
          "sensitive_attributes": [],
          "identity_schema_version": 0,
          "identity": {
            "account_id": "891377135193",
            "id": "subnet-0539fe785f803f6af",
            "region": "us-east-1"
          },
          "private": "eyJlMmJmYjczMC1lY2FhLTExZTYtOGY4OC0zNDM2M2JjN2M0YzAiOnsiY3JlYXRlIjo2MDAwMDAwMDAwMDAsImRlbGV0ZSI6MTIwMDAwMDAwMDAwMH0sInNjaGVtYV92ZXJzaW9uIjoiMSJ9",
          "dependencies": [
            "aws_vpc.bos_vpc01"
          ]
        }
      ]
    },
    {
      "mode": "managed",
      "type": "aws_subnet",
      "name": "bos_public_subnets",
      "provider": "provider[\"registry.terraform.io/hashicorp/aws\"]",
      "instances": [
        {
          "index_key": 0,
          "schema_version": 1,
          "attributes": {
            "arn": "arn:aws:ec2:us-east-1:891377135193:subnet/subnet-043bd3c2ec831c189",
            "assign_ipv6_address_on_creation": false,
            "availability_zone": "us-east-1a",
            "availability_zone_id": "use1-az4",
            "cidr_block": "10.26.1.0/24",
            "customer_owned_ipv4_pool": "",
            "enable_dns64": false,
            "enable_lni_at_device_index": 0,
            "enable_resource_name_dns_a_record_on_launch": false,
            "enable_resource_name_dns_aaaa_record_on_launch": false,
            "id": "subnet-043bd3c2ec831c189",
            "ipv6_cidr_block": "",
            "ipv6_cidr_block_association_id": "",
            "ipv6_native": false,
            "map_customer_owned_ip_on_launch": false,
            "map_public_ip_on_launch": true,
            "outpost_arn": "",
            "owner_id": "891377135193",
            "private_dns_hostname_type_on_launch": "ip-name",
            "region": "us-east-1",
            "tags": {
              "Name": "bos-public-subnet01"
            },
            "tags_all": {
              "Name": "bos-public-subnet01"
            },
            "timeouts": null,
            "vpc_id": "vpc-0d91832dcb5d5e861"
          },
          "sensitive_attributes": [],
          "identity_schema_version": 0,
          "identity": {
            "account_id": "891377135193",
            "id": "subnet-043bd3c2ec831c189",
            "region": "us-east-1"
          },
          "private": "eyJlMmJmYjczMC1lY2FhLTExZTYtOGY4OC0zNDM2M2JjN2M0YzAiOnsiY3JlYXRlIjo2MDAwMDAwMDAwMDAsImRlbGV0ZSI6MTIwMDAwMDAwMDAwMH0sInNjaGVtYV92ZXJzaW9uIjoiMSJ9",
          "dependencies": [
            "aws_vpc.bos_vpc01"
          ]
        },
        {
          "index_key": 1,
          "schema_version": 1,
          "attributes": {
            "arn": "arn:aws:ec2:us-east-1:891377135193:subnet/subnet-0b9c17f7d0e4fe268",
            "assign_ipv6_address_on_creation": false,
            "availability_zone": "us-east-1b",
            "availability_zone_id": "use1-az6",
            "cidr_block": "10.26.2.0/24",
            "customer_owned_ipv4_pool": "",
            "enable_dns64": false,
            "enable_lni_at_device_index": 0,
            "enable_resource_name_dns_a_record_on_launch": false,
            "enable_resource_name_dns_aaaa_record_on_launch": false,
            "id": "subnet-0b9c17f7d0e4fe268",
            "ipv6_cidr_block": "",
            "ipv6_cidr_block_association_id": "",
            "ipv6_native": false,
            "map_customer_owned_ip_on_launch": false,
            "map_public_ip_on_launch": true,
            "outpost_arn": "",
            "owner_id": "891377135193",
            "private_dns_hostname_type_on_launch": "ip-name",
            "region": "us-east-1",
            "tags": {
              "Name": "bos-public-subnet02"
            },
            "tags_all": {
              "Name": "bos-public-subnet02"
            },
            "timeouts": null,
            "vpc_id": "vpc-0d91832dcb5d5e861"
          },
          "sensitive_attributes": [],
          "identity_schema_version": 0,
          "identity": {
            "account_id": "891377135193",
            "id": "subnet-0b9c17f7d0e4fe268",
            "region": "us-east-1"
          },
          "private": "eyJlMmJmYjczMC1lY2FhLTExZTYtOGY4OC0zNDM2M2JjN2M0YzAiOnsiY3JlYXRlIjo2MDAwMDAwMDAwMDAsImRlbGV0ZSI6MTIwMDAwMDAwMDAwMH0sInNjaGVtYV92ZXJzaW9uIjoiMSJ9",
          "dependencies": [
            "aws_vpc.bos_vpc01"
          ]
        }
      ]
    },
    {
      "mode": "managed",
      "type": "aws_vpc",
      "name": "bos_vpc01",
      "provider": "provider[\"registry.terraform.io/hashicorp/aws\"]",
      "instances": [
        {
          "schema_version": 1,
          "attributes": {
            "arn": "arn:aws:ec2:us-east-1:891377135193:vpc/vpc-0d91832dcb5d5e861",
            "assign_generated_ipv6_cidr_block": false,
            "cidr_block": "10.26.0.0/16",
            "default_network_acl_id": "acl-09d3f683d06564ba6",
            "default_route_table_id": "rtb-0f63d763e302ca4d6",
            "default_security_group_id": "sg-0b59fa31eba9c8459",
            "dhcp_options_id": "dopt-01a7c7fae7f55da14",
            "enable_dns_hostnames": true,
            "enable_dns_support": true,
            "enable_network_address_usage_metrics": false,
            "id": "vpc-0d91832dcb5d5e861",
            "instance_tenancy": "default",
            "ipv4_ipam_pool_id": null,
            "ipv4_netmask_length": null,
            "ipv6_association_id": "",
            "ipv6_cidr_block": "",
            "ipv6_cidr_block_network_border_group": "",
            "ipv6_ipam_pool_id": "",
            "ipv6_netmask_length": 0,
            "main_route_table_id": "rtb-0f63d763e302ca4d6",
            "owner_id": "891377135193",
            "region": "us-east-1",
            "tags": {
              "Name": "bos-vpc01"
            },
            "tags_all": {
              "Name": "bos-vpc01"
            }
          },
          "sensitive_attributes": [],
          "identity_schema_version": 0,
          "identity": {
            "account_id": "891377135193",
            "id": "vpc-0d91832dcb5d5e861",
            "region": "us-east-1"
          },
          "private": "eyJzY2hlbWFfdmVyc2lvbiI6IjEifQ=="
        }
      ]
    },
    {
      "mode": "managed",
      "type": "aws_vpc_endpoint",
      "name": "bos_vpce_ec2messages01",
      "provider": "provider[\"registry.terraform.io/hashicorp/aws\"]",
      "instances": [
        {
          "schema_version": 0,
          "attributes": {
            "arn": "arn:aws:ec2:us-east-1:891377135193:vpc-endpoint/vpce-09e806a6126a61a85",
            "auto_accept": null,
            "cidr_blocks": [],
            "dns_entry": [
              {
                "dns_name": "vpce-09e806a6126a61a85-zpuajh47.ec2messages.us-east-1.vpce.amazonaws.com",
                "hosted_zone_id": "Z7HUB22UULQXV"
              },
              {
                "dns_name": "vpce-09e806a6126a61a85-zpuajh47-us-east-1b.ec2messages.us-east-1.vpce.amazonaws.com",
                "hosted_zone_id": "Z7HUB22UULQXV"
              },
              {
                "dns_name": "vpce-09e806a6126a61a85-zpuajh47-us-east-1a.ec2messages.us-east-1.vpce.amazonaws.com",
                "hosted_zone_id": "Z7HUB22UULQXV"
              },
              {
                "dns_name": "ec2messages.us-east-1.amazonaws.com",
                "hosted_zone_id": "Z02276792KPQBNBKVPCNF"
              }
            ],
            "dns_options": [
              {
                "dns_record_ip_type": "ipv4",
                "private_dns_only_for_inbound_resolver_endpoint": false,
                "private_dns_preference": "",
                "private_dns_specified_domains": []
              }
            ],
            "id": "vpce-09e806a6126a61a85",
            "ip_address_type": "ipv4",
            "network_interface_ids": [
              "eni-00d613264d633a419",
              "eni-0201d8396b3781f10"
            ],
            "owner_id": "891377135193",
            "policy": "{\"Statement\":[{\"Action\":\"*\",\"Effect\":\"Allow\",\"Principal\":\"*\",\"Resource\":\"*\"}]}",
            "prefix_list_id": null,
            "private_dns_enabled": true,
            "region": "us-east-1",
            "requester_managed": false,
            "resource_configuration_arn": "",
            "route_table_ids": [],
            "security_group_ids": [
              "sg-0abf1bdb572635b1d"
            ],
            "service_name": "com.amazonaws.us-east-1.ec2messages",
            "service_network_arn": "",
            "service_region": "us-east-1",
            "state": "available",
            "subnet_configuration": [
              {
                "ipv4": "10.26.101.237",
                "ipv6": "",
                "subnet_id": "subnet-0c4cd6b149f5e907a"
              },
              {
                "ipv4": "10.26.102.164",
                "ipv6": "",
                "subnet_id": "subnet-0539fe785f803f6af"
              }
            ],
            "subnet_ids": [
              "subnet-0539fe785f803f6af",
              "subnet-0c4cd6b149f5e907a"
            ],
            "tags": {
              "Name": "bos-vpce-ec2messages01"
            },
            "tags_all": {
              "Name": "bos-vpce-ec2messages01"
            },
            "timeouts": null,
            "vpc_endpoint_type": "Interface",
            "vpc_id": "vpc-0d91832dcb5d5e861"
          },
          "sensitive_attributes": [],
          "identity_schema_version": 0,
          "identity": {
            "account_id": "891377135193",
            "id": "vpce-09e806a6126a61a85",
            "region": "us-east-1"
          },
          "private": "eyJlMmJmYjczMC1lY2FhLTExZTYtOGY4OC0zNDM2M2JjN2M0YzAiOnsiY3JlYXRlIjo2MDAwMDAwMDAwMDAsImRlbGV0ZSI6NjAwMDAwMDAwMDAwLCJ1cGRhdGUiOjYwMDAwMDAwMDAwMH19",
          "dependencies": [
            "aws_security_group.bos_vpce_sg01",
            "aws_subnet.bos_private_subnets",
            "aws_vpc.bos_vpc01",
            "data.aws_region.bos_region01"
          ]
        }
      ]
    },
    {
      "mode": "managed",
      "type": "aws_vpc_endpoint",
      "name": "bos_vpce_kms01",
      "provider": "provider[\"registry.terraform.io/hashicorp/aws\"]",
      "instances": [
        {
          "schema_version": 0,
          "attributes": {
            "arn": "arn:aws:ec2:us-east-1:891377135193:vpc-endpoint/vpce-08814d7b54dac4bb7",
            "auto_accept": null,
            "cidr_blocks": [],
            "dns_entry": [
              {
                "dns_name": "vpce-08814d7b54dac4bb7-yrottzq1.kms.us-east-1.vpce.amazonaws.com",
                "hosted_zone_id": "Z7HUB22UULQXV"
              },
              {
                "dns_name": "vpce-08814d7b54dac4bb7-yrottzq1-us-east-1a.kms.us-east-1.vpce.amazonaws.com",
                "hosted_zone_id": "Z7HUB22UULQXV"
              },
              {
                "dns_name": "vpce-08814d7b54dac4bb7-yrottzq1-us-east-1b.kms.us-east-1.vpce.amazonaws.com",
                "hosted_zone_id": "Z7HUB22UULQXV"
              },
              {
                "dns_name": "kms.us-east-1.amazonaws.com",
                "hosted_zone_id": "Z01197882LISEW5LGI3AD"
              },
              {
                "dns_name": "kms.us-east-1.api.aws",
                "hosted_zone_id": "Z00900522CHBHV5WAO50Y"
              }
            ],
            "dns_options": [
              {
                "dns_record_ip_type": "ipv4",
                "private_dns_only_for_inbound_resolver_endpoint": false,
                "private_dns_preference": "",
                "private_dns_specified_domains": []
              }
            ],
            "id": "vpce-08814d7b54dac4bb7",
            "ip_address_type": "ipv4",
            "network_interface_ids": [
              "eni-091c3b32deddbe911",
              "eni-0dc803e4bb51f57d5"
            ],
            "owner_id": "891377135193",
            "policy": "{\"Statement\":[{\"Action\":\"*\",\"Effect\":\"Allow\",\"Principal\":\"*\",\"Resource\":\"*\"}]}",
            "prefix_list_id": null,
            "private_dns_enabled": true,
            "region": "us-east-1",
            "requester_managed": false,
            "resource_configuration_arn": "",
            "route_table_ids": [],
            "security_group_ids": [
              "sg-0abf1bdb572635b1d"
            ],
            "service_name": "com.amazonaws.us-east-1.kms",
            "service_network_arn": "",
            "service_region": "us-east-1",
            "state": "available",
            "subnet_configuration": [
              {
                "ipv4": "10.26.101.243",
                "ipv6": "",
                "subnet_id": "subnet-0c4cd6b149f5e907a"
              },
              {
                "ipv4": "10.26.102.233",
                "ipv6": "",
                "subnet_id": "subnet-0539fe785f803f6af"
              }
            ],
            "subnet_ids": [
              "subnet-0539fe785f803f6af",
              "subnet-0c4cd6b149f5e907a"
            ],
            "tags": {
              "Name": "bos-vpce-kms01"
            },
            "tags_all": {
              "Name": "bos-vpce-kms01"
            },
            "timeouts": null,
            "vpc_endpoint_type": "Interface",
            "vpc_id": "vpc-0d91832dcb5d5e861"
          },
          "sensitive_attributes": [],
          "identity_schema_version": 0,
          "identity": {
            "account_id": "891377135193",
            "id": "vpce-08814d7b54dac4bb7",
            "region": "us-east-1"
          },
          "private": "eyJlMmJmYjczMC1lY2FhLTExZTYtOGY4OC0zNDM2M2JjN2M0YzAiOnsiY3JlYXRlIjo2MDAwMDAwMDAwMDAsImRlbGV0ZSI6NjAwMDAwMDAwMDAwLCJ1cGRhdGUiOjYwMDAwMDAwMDAwMH19",
          "dependencies": [
            "aws_security_group.bos_vpce_sg01",
            "aws_subnet.bos_private_subnets",
            "aws_vpc.bos_vpc01",
            "data.aws_region.bos_region01"
          ]
        }
      ]
    },
    {
      "mode": "managed",
      "type": "aws_vpc_endpoint",
      "name": "bos_vpce_logs01",
      "provider": "provider[\"registry.terraform.io/hashicorp/aws\"]",
      "instances": [
        {
          "schema_version": 0,
          "attributes": {
            "arn": "arn:aws:ec2:us-east-1:891377135193:vpc-endpoint/vpce-05c60fd913839cb73",
            "auto_accept": null,
            "cidr_blocks": [],
            "dns_entry": [
              {
                "dns_name": "vpce-05c60fd913839cb73-9zoa6tkn.logs.us-east-1.vpce.amazonaws.com",
                "hosted_zone_id": "Z7HUB22UULQXV"
              },
              {
                "dns_name": "vpce-05c60fd913839cb73-9zoa6tkn-us-east-1b.logs.us-east-1.vpce.amazonaws.com",
                "hosted_zone_id": "Z7HUB22UULQXV"
              },
              {
                "dns_name": "vpce-05c60fd913839cb73-9zoa6tkn-us-east-1a.logs.us-east-1.vpce.amazonaws.com",
                "hosted_zone_id": "Z7HUB22UULQXV"
              },
              {
                "dns_name": "logs.us-east-1.amazonaws.com",
                "hosted_zone_id": "Z00888301AMVYXY0LIEGF"
              },
              {
                "dns_name": "streaming-logs.us-east-1.amazonaws.com",
                "hosted_zone_id": "Z06148683SYL4S6G6PSF"
              },
              {
                "dns_name": "streaming-logs.us-east-1.api.aws",
                "hosted_zone_id": "Z0622458QCD5FEYSXCWL"
              },
              {
                "dns_name": "logs.us-east-1.api.aws",
                "hosted_zone_id": "Z01425452EJX2KTD5VXXU"
              }
            ],
            "dns_options": [
              {
                "dns_record_ip_type": "ipv4",
                "private_dns_only_for_inbound_resolver_endpoint": false,
                "private_dns_preference": "",
                "private_dns_specified_domains": []
              }
            ],
            "id": "vpce-05c60fd913839cb73",
            "ip_address_type": "ipv4",
            "network_interface_ids": [
              "eni-0328d0721e4b5f261",
              "eni-0d7ad67891cd646ba"
            ],
            "owner_id": "891377135193",
            "policy": "{\"Statement\":[{\"Action\":\"*\",\"Effect\":\"Allow\",\"Principal\":\"*\",\"Resource\":\"*\"}]}",
            "prefix_list_id": null,
            "private_dns_enabled": true,
            "region": "us-east-1",
            "requester_managed": false,
            "resource_configuration_arn": "",
            "route_table_ids": [],
            "security_group_ids": [
              "sg-0abf1bdb572635b1d"
            ],
            "service_name": "com.amazonaws.us-east-1.logs",
            "service_network_arn": "",
            "service_region": "us-east-1",
            "state": "available",
            "subnet_configuration": [
              {
                "ipv4": "10.26.101.7",
                "ipv6": "",
                "subnet_id": "subnet-0c4cd6b149f5e907a"
              },
              {
                "ipv4": "10.26.102.46",
                "ipv6": "",
                "subnet_id": "subnet-0539fe785f803f6af"
              }
            ],
            "subnet_ids": [
              "subnet-0539fe785f803f6af",
              "subnet-0c4cd6b149f5e907a"
            ],
            "tags": {
              "Name": "bos-vpce-logs01"
            },
            "tags_all": {
              "Name": "bos-vpce-logs01"
            },
            "timeouts": null,
            "vpc_endpoint_type": "Interface",
            "vpc_id": "vpc-0d91832dcb5d5e861"
          },
          "sensitive_attributes": [],
          "identity_schema_version": 0,
          "identity": {
            "account_id": "891377135193",
            "id": "vpce-05c60fd913839cb73",
            "region": "us-east-1"
          },
          "private": "eyJlMmJmYjczMC1lY2FhLTExZTYtOGY4OC0zNDM2M2JjN2M0YzAiOnsiY3JlYXRlIjo2MDAwMDAwMDAwMDAsImRlbGV0ZSI6NjAwMDAwMDAwMDAwLCJ1cGRhdGUiOjYwMDAwMDAwMDAwMH19",
          "dependencies": [
            "aws_security_group.bos_vpce_sg01",
            "aws_subnet.bos_private_subnets",
            "aws_vpc.bos_vpc01",
            "data.aws_region.bos_region01"
          ]
        }
      ]
    },
    {
      "mode": "managed",
      "type": "aws_vpc_endpoint",
      "name": "bos_vpce_s3_gw01",
      "provider": "provider[\"registry.terraform.io/hashicorp/aws\"]",
      "instances": [
        {
          "schema_version": 0,
          "attributes": {
            "arn": "arn:aws:ec2:us-east-1:891377135193:vpc-endpoint/vpce-068e3fdd09f9b1b75",
            "auto_accept": null,
            "cidr_blocks": [
              "16.15.176.0/20",
              "16.182.0.0/16",
              "18.34.0.0/19",
              "52.216.0.0/15",
              "54.231.0.0/16",
              "3.5.0.0/19",
              "18.34.232.0/21",
              "16.15.192.0/18"
            ],
            "dns_entry": [],
            "dns_options": [
              {
                "dns_record_ip_type": "service-defined",
                "private_dns_only_for_inbound_resolver_endpoint": false,
                "private_dns_preference": "",
                "private_dns_specified_domains": []
              }
            ],
            "id": "vpce-068e3fdd09f9b1b75",
            "ip_address_type": "ipv4",
            "network_interface_ids": [],
            "owner_id": "891377135193",
            "policy": "{\"Statement\":[{\"Action\":\"*\",\"Effect\":\"Allow\",\"Principal\":\"*\",\"Resource\":\"*\"}],\"Version\":\"2008-10-17\"}",
            "prefix_list_id": "pl-63a5400a",
            "private_dns_enabled": false,
            "region": "us-east-1",
            "requester_managed": false,
            "resource_configuration_arn": "",
            "route_table_ids": [
              "rtb-01c45b4e04e9f04a0"
            ],
            "security_group_ids": [],
            "service_name": "com.amazonaws.us-east-1.s3",
            "service_network_arn": "",
            "service_region": "us-east-1",
            "state": "available",
            "subnet_configuration": [],
            "subnet_ids": [],
            "tags": {
              "Name": "bos-vpce-s3-gw01"
            },
            "tags_all": {
              "Name": "bos-vpce-s3-gw01"
            },
            "timeouts": null,
            "vpc_endpoint_type": "Gateway",
            "vpc_id": "vpc-0d91832dcb5d5e861"
          },
          "sensitive_attributes": [],
          "identity_schema_version": 0,
          "identity": {
            "account_id": "891377135193",
            "id": "vpce-068e3fdd09f9b1b75",
            "region": "us-east-1"
          },
          "private": "eyJlMmJmYjczMC1lY2FhLTExZTYtOGY4OC0zNDM2M2JjN2M0YzAiOnsiY3JlYXRlIjo2MDAwMDAwMDAwMDAsImRlbGV0ZSI6NjAwMDAwMDAwMDAwLCJ1cGRhdGUiOjYwMDAwMDAwMDAwMH19",
          "dependencies": [
            "aws_route_table.bos_private_rt01",
            "aws_vpc.bos_vpc01",
            "data.aws_region.bos_region01"
          ]
        }
      ]
    },
    {
      "mode": "managed",
      "type": "aws_vpc_endpoint",
      "name": "bos_vpce_secrets01",
      "provider": "provider[\"registry.terraform.io/hashicorp/aws\"]",
      "instances": [
        {
          "schema_version": 0,
          "attributes": {
            "arn": "arn:aws:ec2:us-east-1:891377135193:vpc-endpoint/vpce-01557389fc0604af1",
            "auto_accept": null,
            "cidr_blocks": [],
            "dns_entry": [
              {
                "dns_name": "vpce-01557389fc0604af1-2ffncr66.secretsmanager.us-east-1.vpce.amazonaws.com",
                "hosted_zone_id": "Z7HUB22UULQXV"
              },
              {
                "dns_name": "vpce-01557389fc0604af1-2ffncr66-us-east-1b.secretsmanager.us-east-1.vpce.amazonaws.com",
                "hosted_zone_id": "Z7HUB22UULQXV"
              },
              {
                "dns_name": "vpce-01557389fc0604af1-2ffncr66-us-east-1a.secretsmanager.us-east-1.vpce.amazonaws.com",
                "hosted_zone_id": "Z7HUB22UULQXV"
              },
              {
                "dns_name": "secretsmanager.us-east-1.amazonaws.com",
                "hosted_zone_id": "Z0082418186CO0HZKSN36"
              }
            ],
            "dns_options": [
              {
                "dns_record_ip_type": "ipv4",
                "private_dns_only_for_inbound_resolver_endpoint": false,
                "private_dns_preference": "",
                "private_dns_specified_domains": []
              }
            ],
            "id": "vpce-01557389fc0604af1",
            "ip_address_type": "ipv4",
            "network_interface_ids": [
              "eni-06cdbf9c7c26a5510",
              "eni-0a67d55b8a95c4c09"
            ],
            "owner_id": "891377135193",
            "policy": "{\"Statement\":[{\"Action\":\"*\",\"Effect\":\"Allow\",\"Principal\":\"*\",\"Resource\":\"*\"}]}",
            "prefix_list_id": null,
            "private_dns_enabled": true,
            "region": "us-east-1",
            "requester_managed": false,
            "resource_configuration_arn": "",
            "route_table_ids": [],
            "security_group_ids": [
              "sg-0abf1bdb572635b1d"
            ],
            "service_name": "com.amazonaws.us-east-1.secretsmanager",
            "service_network_arn": "",
            "service_region": "us-east-1",
            "state": "available",
            "subnet_configuration": [
              {
                "ipv4": "10.26.101.140",
                "ipv6": "",
                "subnet_id": "subnet-0c4cd6b149f5e907a"
              },
              {
                "ipv4": "10.26.102.244",
                "ipv6": "",
                "subnet_id": "subnet-0539fe785f803f6af"
              }
            ],
            "subnet_ids": [
              "subnet-0539fe785f803f6af",
              "subnet-0c4cd6b149f5e907a"
            ],
            "tags": {
              "Name": "bos-vpce-secrets01"
            },
            "tags_all": {
              "Name": "bos-vpce-secrets01"
            },
            "timeouts": null,
            "vpc_endpoint_type": "Interface",
            "vpc_id": "vpc-0d91832dcb5d5e861"
          },
          "sensitive_attributes": [],
          "identity_schema_version": 0,
          "identity": {
            "account_id": "891377135193",
            "id": "vpce-01557389fc0604af1",
            "region": "us-east-1"
          },
          "private": "eyJlMmJmYjczMC1lY2FhLTExZTYtOGY4OC0zNDM2M2JjN2M0YzAiOnsiY3JlYXRlIjo2MDAwMDAwMDAwMDAsImRlbGV0ZSI6NjAwMDAwMDAwMDAwLCJ1cGRhdGUiOjYwMDAwMDAwMDAwMH19",
          "dependencies": [
            "aws_security_group.bos_vpce_sg01",
            "aws_subnet.bos_private_subnets",
            "aws_vpc.bos_vpc01",
            "data.aws_region.bos_region01"
          ]
        }
      ]
    },
    {
      "mode": "managed",
      "type": "aws_vpc_endpoint",
      "name": "bos_vpce_ssm01",
      "provider": "provider[\"registry.terraform.io/hashicorp/aws\"]",
      "instances": [
        {
          "schema_version": 0,
          "attributes": {
            "arn": "arn:aws:ec2:us-east-1:891377135193:vpc-endpoint/vpce-0b1d849dc2d39aabf",
            "auto_accept": null,
            "cidr_blocks": [],
            "dns_entry": [
              {
                "dns_name": "vpce-0b1d849dc2d39aabf-985da3y5.ssm.us-east-1.vpce.amazonaws.com",
                "hosted_zone_id": "Z7HUB22UULQXV"
              },
              {
                "dns_name": "vpce-0b1d849dc2d39aabf-985da3y5-us-east-1b.ssm.us-east-1.vpce.amazonaws.com",
                "hosted_zone_id": "Z7HUB22UULQXV"
              },
              {
                "dns_name": "vpce-0b1d849dc2d39aabf-985da3y5-us-east-1a.ssm.us-east-1.vpce.amazonaws.com",
                "hosted_zone_id": "Z7HUB22UULQXV"
              },
              {
                "dns_name": "ssm.us-east-1.amazonaws.com",
                "hosted_zone_id": "Z022923429FO50NE8VB0H"
              },
              {
                "dns_name": "ssm.us-east-1.api.aws",
                "hosted_zone_id": "Z014332717K6UZTU3BBCV"
              }
            ],
            "dns_options": [
              {
                "dns_record_ip_type": "ipv4",
                "private_dns_only_for_inbound_resolver_endpoint": false,
                "private_dns_preference": "",
                "private_dns_specified_domains": []
              }
            ],
            "id": "vpce-0b1d849dc2d39aabf",
            "ip_address_type": "ipv4",
            "network_interface_ids": [
              "eni-074dc58a9c1085267",
              "eni-0c53f7de666775a49"
            ],
            "owner_id": "891377135193",
            "policy": "{\"Statement\":[{\"Action\":\"*\",\"Effect\":\"Allow\",\"Principal\":\"*\",\"Resource\":\"*\"}]}",
            "prefix_list_id": null,
            "private_dns_enabled": true,
            "region": "us-east-1",
            "requester_managed": false,
            "resource_configuration_arn": "",
            "route_table_ids": [],
            "security_group_ids": [
              "sg-0abf1bdb572635b1d"
            ],
            "service_name": "com.amazonaws.us-east-1.ssm",
            "service_network_arn": "",
            "service_region": "us-east-1",
            "state": "available",
            "subnet_configuration": [
              {
                "ipv4": "10.26.101.209",
                "ipv6": "",
                "subnet_id": "subnet-0c4cd6b149f5e907a"
              },
              {
                "ipv4": "10.26.102.79",
                "ipv6": "",
                "subnet_id": "subnet-0539fe785f803f6af"
              }
            ],
            "subnet_ids": [
              "subnet-0539fe785f803f6af",
              "subnet-0c4cd6b149f5e907a"
            ],
            "tags": {
              "Name": "bos-vpce-ssm01"
            },
            "tags_all": {
              "Name": "bos-vpce-ssm01"
            },
            "timeouts": null,
            "vpc_endpoint_type": "Interface",
            "vpc_id": "vpc-0d91832dcb5d5e861"
          },
          "sensitive_attributes": [],
          "identity_schema_version": 0,
          "identity": {
            "account_id": "891377135193",
            "id": "vpce-0b1d849dc2d39aabf",
            "region": "us-east-1"
          },
          "private": "eyJlMmJmYjczMC1lY2FhLTExZTYtOGY4OC0zNDM2M2JjN2M0YzAiOnsiY3JlYXRlIjo2MDAwMDAwMDAwMDAsImRlbGV0ZSI6NjAwMDAwMDAwMDAwLCJ1cGRhdGUiOjYwMDAwMDAwMDAwMH19",
          "dependencies": [
            "aws_security_group.bos_vpce_sg01",
            "aws_subnet.bos_private_subnets",
            "aws_vpc.bos_vpc01",
            "data.aws_region.bos_region01"
          ]
        }
      ]
    },
    {
      "mode": "managed",
      "type": "aws_vpc_endpoint",
      "name": "bos_vpce_ssmmessages01",
      "provider": "provider[\"registry.terraform.io/hashicorp/aws\"]",
      "instances": [
        {
          "schema_version": 0,
          "attributes": {
            "arn": "arn:aws:ec2:us-east-1:891377135193:vpc-endpoint/vpce-08761ba602bfd1b09",
            "auto_accept": null,
            "cidr_blocks": [],
            "dns_entry": [
              {
                "dns_name": "vpce-08761ba602bfd1b09-n197fbtq.ssmmessages.us-east-1.vpce.amazonaws.com",
                "hosted_zone_id": "Z7HUB22UULQXV"
              },
              {
                "dns_name": "vpce-08761ba602bfd1b09-n197fbtq-us-east-1a.ssmmessages.us-east-1.vpce.amazonaws.com",
                "hosted_zone_id": "Z7HUB22UULQXV"
              },
              {
                "dns_name": "vpce-08761ba602bfd1b09-n197fbtq-us-east-1b.ssmmessages.us-east-1.vpce.amazonaws.com",
                "hosted_zone_id": "Z7HUB22UULQXV"
              },
              {
                "dns_name": "ssmmessages.us-east-1.amazonaws.com",
                "hosted_zone_id": "Z0142504MAISWY53IBPR"
              },
              {
                "dns_name": "ssmmessages.us-east-1.api.aws",
                "hosted_zone_id": "Z06209501GZXDTTDRZGC7"
              }
            ],
            "dns_options": [
              {
                "dns_record_ip_type": "ipv4",
                "private_dns_only_for_inbound_resolver_endpoint": false,
                "private_dns_preference": "",
                "private_dns_specified_domains": []
              }
            ],
            "id": "vpce-08761ba602bfd1b09",
            "ip_address_type": "ipv4",
            "network_interface_ids": [
              "eni-0858f65989c7aa663",
              "eni-0fa6a8386f5c615db"
            ],
            "owner_id": "891377135193",
            "policy": "{\"Statement\":[{\"Action\":\"*\",\"Effect\":\"Allow\",\"Principal\":\"*\",\"Resource\":\"*\"}]}",
            "prefix_list_id": null,
            "private_dns_enabled": true,
            "region": "us-east-1",
            "requester_managed": false,
            "resource_configuration_arn": "",
            "route_table_ids": [],
            "security_group_ids": [
              "sg-0abf1bdb572635b1d"
            ],
            "service_name": "com.amazonaws.us-east-1.ssmmessages",
            "service_network_arn": "",
            "service_region": "us-east-1",
            "state": "available",
            "subnet_configuration": [
              {
                "ipv4": "10.26.101.79",
                "ipv6": "",
                "subnet_id": "subnet-0c4cd6b149f5e907a"
              },
              {
                "ipv4": "10.26.102.254",
                "ipv6": "",
                "subnet_id": "subnet-0539fe785f803f6af"
              }
            ],
            "subnet_ids": [
              "subnet-0539fe785f803f6af",
              "subnet-0c4cd6b149f5e907a"
            ],
            "tags": {
              "Name": "bos-vpce-ssmmessages01"
            },
            "tags_all": {
              "Name": "bos-vpce-ssmmessages01"
            },
            "timeouts": null,
            "vpc_endpoint_type": "Interface",
            "vpc_id": "vpc-0d91832dcb5d5e861"
          },
          "sensitive_attributes": [],
          "identity_schema_version": 0,
          "identity": {
            "account_id": "891377135193",
            "id": "vpce-08761ba602bfd1b09",
            "region": "us-east-1"
          },
          "private": "eyJlMmJmYjczMC1lY2FhLTExZTYtOGY4OC0zNDM2M2JjN2M0YzAiOnsiY3JlYXRlIjo2MDAwMDAwMDAwMDAsImRlbGV0ZSI6NjAwMDAwMDAwMDAwLCJ1cGRhdGUiOjYwMDAwMDAwMDAwMH19",
          "dependencies": [
            "aws_security_group.bos_vpce_sg01",
            "aws_subnet.bos_private_subnets",
            "aws_vpc.bos_vpc01",
            "data.aws_region.bos_region01"
          ]
        }
      ]
    },
    {
      "mode": "managed",
      "type": "aws_vpc_security_group_egress_rule",
      "name": "bos_alb_egress",
      "provider": "provider[\"registry.terraform.io/hashicorp/aws\"]",
      "instances": [
        {
          "schema_version": 0,
          "attributes": {
            "arn": "arn:aws:ec2:us-east-1:891377135193:security-group-rule/sgr-028de5018af62a58b",
            "cidr_ipv4": "0.0.0.0/0",
            "cidr_ipv6": null,
            "description": null,
            "from_port": null,
            "id": "sgr-028de5018af62a58b",
            "ip_protocol": "-1",
            "prefix_list_id": null,
            "referenced_security_group_id": null,
            "region": "us-east-1",
            "security_group_id": "sg-0d732e4dfe934bd0c",
            "security_group_rule_id": "sgr-028de5018af62a58b",
            "tags": null,
            "tags_all": {},
            "to_port": null
          },
          "sensitive_attributes": [],
          "identity_schema_version": 0,
          "identity": {
            "account_id": "891377135193",
            "id": "sgr-028de5018af62a58b",
            "region": "us-east-1"
          },
          "dependencies": [
            "aws_security_group.bos_alb_sg01",
            "aws_vpc.bos_vpc01"
          ]
        }
      ]
    },
    {
      "mode": "managed",
      "type": "aws_vpc_security_group_egress_rule",
      "name": "ec2_all_traffic_ipv4",
      "provider": "provider[\"registry.terraform.io/hashicorp/aws\"]",
      "instances": [
        {
          "schema_version": 0,
          "attributes": {
            "arn": "arn:aws:ec2:us-east-1:891377135193:security-group-rule/sgr-003b75e9eb14f2182",
            "cidr_ipv4": "0.0.0.0/0",
            "cidr_ipv6": null,
            "description": null,
            "from_port": null,
            "id": "sgr-003b75e9eb14f2182",
            "ip_protocol": "-1",
            "prefix_list_id": null,
            "referenced_security_group_id": null,
            "region": "us-east-1",
            "security_group_id": "sg-09191dbbd6ec29309",
            "security_group_rule_id": "sgr-003b75e9eb14f2182",
            "tags": null,
            "tags_all": {},
            "to_port": null
          },
          "sensitive_attributes": [],
          "identity_schema_version": 0,
          "identity": {
            "account_id": "891377135193",
            "id": "sgr-003b75e9eb14f2182",
            "region": "us-east-1"
          },
          "dependencies": [
            "aws_security_group.bos_ec2_sg01",
            "aws_vpc.bos_vpc01"
          ]
        }
      ]
    },
    {
      "mode": "managed",
      "type": "aws_vpc_security_group_egress_rule",
      "name": "rds_all_traffic_ipv4",
      "provider": "provider[\"registry.terraform.io/hashicorp/aws\"]",
      "instances": [
        {
          "schema_version": 0,
          "attributes": {
            "arn": "arn:aws:ec2:us-east-1:891377135193:security-group-rule/sgr-0200557814d9d34f7",
            "cidr_ipv4": "0.0.0.0/0",
            "cidr_ipv6": null,
            "description": "Allow all outbound traffic",
            "from_port": null,
            "id": "sgr-0200557814d9d34f7",
            "ip_protocol": "-1",
            "prefix_list_id": null,
            "referenced_security_group_id": null,
            "region": "us-east-1",
            "security_group_id": "sg-01599746f86c15f5a",
            "security_group_rule_id": "sgr-0200557814d9d34f7",
            "tags": null,
            "tags_all": {},
            "to_port": null
          },
          "sensitive_attributes": [],
          "identity_schema_version": 0,
          "identity": {
            "account_id": "891377135193",
            "id": "sgr-0200557814d9d34f7",
            "region": "us-east-1"
          },
          "dependencies": [
            "aws_security_group.bos_rds_sg01",
            "aws_vpc.bos_vpc01"
          ]
        }
      ]
    },
    {
      "mode": "managed",
      "type": "aws_vpc_security_group_egress_rule",
      "name": "vpce_all_traffic_ipv4",
      "provider": "provider[\"registry.terraform.io/hashicorp/aws\"]",
      "instances": [
        {
          "schema_version": 0,
          "attributes": {
            "arn": "arn:aws:ec2:us-east-1:891377135193:security-group-rule/sgr-0e497db85751cf9f2",
            "cidr_ipv4": "0.0.0.0/0",
            "cidr_ipv6": null,
            "description": "Allow all outbound traffic",
            "from_port": null,
            "id": "sgr-0e497db85751cf9f2",
            "ip_protocol": "-1",
            "prefix_list_id": null,
            "referenced_security_group_id": null,
            "region": "us-east-1",
            "security_group_id": "sg-0abf1bdb572635b1d",
            "security_group_rule_id": "sgr-0e497db85751cf9f2",
            "tags": null,
            "tags_all": {},
            "to_port": null
          },
          "sensitive_attributes": [],
          "identity_schema_version": 0,
          "identity": {
            "account_id": "891377135193",
            "id": "sgr-0e497db85751cf9f2",
            "region": "us-east-1"
          },
          "dependencies": [
            "aws_security_group.bos_vpce_sg01",
            "aws_vpc.bos_vpc01"
          ]
        }
      ]
    },
    {
      "mode": "managed",
      "type": "aws_vpc_security_group_ingress_rule",
      "name": "bos_alb_ingres_443",
      "provider": "provider[\"registry.terraform.io/hashicorp/aws\"]",
      "instances": [
        {
          "schema_version": 0,
          "attributes": {
            "arn": "arn:aws:ec2:us-east-1:891377135193:security-group-rule/sgr-0315c64c0b7d90005",
            "cidr_ipv4": null,
            "cidr_ipv6": null,
            "description": null,
            "from_port": 443,
            "id": "sgr-0315c64c0b7d90005",
            "ip_protocol": "tcp",
            "prefix_list_id": "pl-3b927c52",
            "referenced_security_group_id": null,
            "region": "us-east-1",
            "security_group_id": "sg-0d732e4dfe934bd0c",
            "security_group_rule_id": "sgr-0315c64c0b7d90005",
            "tags": null,
            "tags_all": {},
            "to_port": 443
          },
          "sensitive_attributes": [],
          "identity_schema_version": 0,
          "identity": {
            "account_id": "891377135193",
            "id": "sgr-0315c64c0b7d90005",
            "region": "us-east-1"
          },
          "dependencies": [
            "aws_security_group.bos_alb_sg01",
            "aws_vpc.bos_vpc01",
            "data.aws_ec2_managed_prefix_list.bos_cf_origin_facing01"
          ]
        }
      ]
    },
    {
      "mode": "managed",
      "type": "aws_vpc_security_group_ingress_rule",
      "name": "bos_alb_ingres_80",
      "provider": "provider[\"registry.terraform.io/hashicorp/aws\"]",
      "instances": [
        {
          "schema_version": 0,
          "attributes": {
            "arn": "arn:aws:ec2:us-east-1:891377135193:security-group-rule/sgr-0c1c64633513bd950",
            "cidr_ipv4": "0.0.0.0/0",
            "cidr_ipv6": null,
            "description": null,
            "from_port": 80,
            "id": "sgr-0c1c64633513bd950",
            "ip_protocol": "tcp",
            "prefix_list_id": null,
            "referenced_security_group_id": null,
            "region": "us-east-1",
            "security_group_id": "sg-0d732e4dfe934bd0c",
            "security_group_rule_id": "sgr-0c1c64633513bd950",
            "tags": null,
            "tags_all": {},
            "to_port": 80
          },
          "sensitive_attributes": [],
          "identity_schema_version": 0,
          "identity": {
            "account_id": "891377135193",
            "id": "sgr-0c1c64633513bd950",
            "region": "us-east-1"
          },
          "dependencies": [
            "aws_security_group.bos_alb_sg01",
            "aws_vpc.bos_vpc01"
          ]
        }
      ]
    },
    {
      "mode": "managed",
      "type": "aws_vpc_security_group_ingress_rule",
      "name": "bos_ec2_ingress_from_alb01",
      "provider": "provider[\"registry.terraform.io/hashicorp/aws\"]",
      "instances": [
        {
          "schema_version": 0,
          "attributes": {
            "arn": "arn:aws:ec2:us-east-1:891377135193:security-group-rule/sgr-03212c2c6d3bd4c6e",
            "cidr_ipv4": null,
            "cidr_ipv6": null,
            "description": null,
            "from_port": 80,
            "id": "sgr-03212c2c6d3bd4c6e",
            "ip_protocol": "tcp",
            "prefix_list_id": null,
            "referenced_security_group_id": "sg-0d732e4dfe934bd0c",
            "region": "us-east-1",
            "security_group_id": "sg-09191dbbd6ec29309",
            "security_group_rule_id": "sgr-03212c2c6d3bd4c6e",
            "tags": null,
            "tags_all": {},
            "to_port": 80
          },
          "sensitive_attributes": [],
          "identity_schema_version": 0,
          "identity": {
            "account_id": "891377135193",
            "id": "sgr-03212c2c6d3bd4c6e",
            "region": "us-east-1"
          },
          "dependencies": [
            "aws_security_group.bos_alb_sg01",
            "aws_security_group.bos_ec2_sg01",
            "aws_vpc.bos_vpc01"
          ]
        }
      ]
    },
    {
      "mode": "managed",
      "type": "aws_vpc_security_group_ingress_rule",
      "name": "bos_rds_mysql",
      "provider": "provider[\"registry.terraform.io/hashicorp/aws\"]",
      "instances": [
        {
          "schema_version": 0,
          "attributes": {
            "arn": "arn:aws:ec2:us-east-1:891377135193:security-group-rule/sgr-0fa4f8a8e1708e0e7",
            "cidr_ipv4": null,
            "cidr_ipv6": null,
            "description": "Allow MySQL access only from app tier EC2 instances",
            "from_port": 3306,
            "id": "sgr-0fa4f8a8e1708e0e7",
            "ip_protocol": "tcp",
            "prefix_list_id": null,
            "referenced_security_group_id": "sg-09191dbbd6ec29309",
            "region": "us-east-1",
            "security_group_id": "sg-01599746f86c15f5a",
            "security_group_rule_id": "sgr-0fa4f8a8e1708e0e7",
            "tags": null,
            "tags_all": {},
            "to_port": 3306
          },
          "sensitive_attributes": [],
          "identity_schema_version": 0,
          "identity": {
            "account_id": "891377135193",
            "id": "sgr-0fa4f8a8e1708e0e7",
            "region": "us-east-1"
          },
          "dependencies": [
            "aws_security_group.bos_ec2_sg01",
            "aws_security_group.bos_rds_sg01",
            "aws_vpc.bos_vpc01"
          ]
        }
      ]
    },
    {
      "mode": "managed",
      "type": "aws_vpc_security_group_ingress_rule",
      "name": "bos_vpce_ingress",
      "provider": "provider[\"registry.terraform.io/hashicorp/aws\"]",
      "instances": [
        {
          "schema_version": 0,
          "attributes": {
            "arn": "arn:aws:ec2:us-east-1:891377135193:security-group-rule/sgr-09ab8f576339f900d",
            "cidr_ipv4": null,
            "cidr_ipv6": null,
            "description": "Allow EC2 SG access only for 443",
            "from_port": 443,
            "id": "sgr-09ab8f576339f900d",
            "ip_protocol": "tcp",
            "prefix_list_id": null,
            "referenced_security_group_id": "sg-09191dbbd6ec29309",
            "region": "us-east-1",
            "security_group_id": "sg-0abf1bdb572635b1d",
            "security_group_rule_id": "sgr-09ab8f576339f900d",
            "tags": null,
            "tags_all": {},
            "to_port": 443
          },
          "sensitive_attributes": [],
          "identity_schema_version": 0,
          "identity": {
            "account_id": "891377135193",
            "id": "sgr-09ab8f576339f900d",
            "region": "us-east-1"
          },
          "dependencies": [
            "aws_security_group.bos_ec2_sg01",
            "aws_security_group.bos_vpce_sg01",
            "aws_vpc.bos_vpc01"
          ]
        }
      ]
    },
    {
      "mode": "managed",
      "type": "aws_wafv2_web_acl",
      "name": "bos_cf_waf01",
      "provider": "provider[\"registry.terraform.io/hashicorp/aws\"]",
      "instances": [
        {
          "schema_version": 0,
          "attributes": {
            "application_integration_url": "",
            "arn": "arn:aws:wafv2:us-east-1:891377135193:global/webacl/bos-cf-waf01/610eff19-bdbf-4a00-87c8-1a3709172719",
            "association_config": [],
            "capacity": 700,
            "captcha_config": [],
            "challenge_config": [],
            "custom_response_body": [],
            "data_protection_config": [],
            "default_action": [
              {
                "allow": [
                  {
                    "custom_request_handling": []
                  }
                ],
                "block": []
              }
            ],
            "description": "",
            "id": "610eff19-bdbf-4a00-87c8-1a3709172719",
            "lock_token": "57f549bf-c464-43c3-9547-8e7b27d5a842",
            "name": "bos-cf-waf01",
            "name_prefix": "",
            "region": "us-east-1",
            "rule": [
              {
                "action": [],
                "captcha_config": [],
                "challenge_config": [],
                "name": "AWSManagedRulesCommonRuleSet",
                "override_action": [
                  {
                    "count": [],
                    "none": [
                      {}
                    ]
                  }
                ],
                "priority": 1,
                "rule_label": [],
                "statement": [
                  {
                    "and_statement": [],
                    "asn_match_statement": [],
                    "byte_match_statement": [],
                    "geo_match_statement": [],
                    "ip_set_reference_statement": [],
                    "label_match_statement": [],
                    "managed_rule_group_statement": [
                      {
                        "managed_rule_group_configs": [],
                        "name": "AWSManagedRulesCommonRuleSet",
                        "rule_action_override": [],
                        "scope_down_statement": [],
                        "vendor_name": "AWS",
                        "version": ""
                      }
                    ],
                    "not_statement": [],
                    "or_statement": [],
                    "rate_based_statement": [],
                    "regex_match_statement": [],
                    "regex_pattern_set_reference_statement": [],
                    "rule_group_reference_statement": [],
                    "size_constraint_statement": [],
                    "sqli_match_statement": [],
                    "xss_match_statement": []
                  }
                ],
                "visibility_config": [
                  {
                    "cloudwatch_metrics_enabled": true,
                    "metric_name": "bos-cf-waf-common",
                    "sampled_requests_enabled": true
                  }
                ]
              }
            ],
            "rule_json": null,
            "scope": "CLOUDFRONT",
            "tags": null,
            "tags_all": {},
            "token_domains": null,
            "visibility_config": [
              {
                "cloudwatch_metrics_enabled": true,
                "metric_name": "bos-cf-waf01",
                "sampled_requests_enabled": true
              }
            ]
          },
          "sensitive_attributes": [],
          "identity_schema_version": 0,
          "private": "bnVsbA=="
        }
      ]
    },
    {
      "mode": "managed",
      "type": "aws_wafv2_web_acl_logging_configuration",
      "name": "bos_waf_logging01",
      "provider": "provider[\"registry.terraform.io/hashicorp/aws\"]",
      "instances": [
        {
          "index_key": 0,
          "schema_version": 0,
          "attributes": {
            "id": "arn:aws:wafv2:us-east-1:891377135193:global/webacl/bos-cf-waf01/610eff19-bdbf-4a00-87c8-1a3709172719",
            "log_destination_configs": [
              "arn:aws:logs:us-east-1:891377135193:log-group:aws-waf-logs-bos-webacl01"
            ],
            "logging_filter": [],
            "redacted_fields": [],
            "region": "us-east-1",
            "resource_arn": "arn:aws:wafv2:us-east-1:891377135193:global/webacl/bos-cf-waf01/610eff19-bdbf-4a00-87c8-1a3709172719"
          },
          "sensitive_attributes": [],
          "identity_schema_version": 0,
          "private": "bnVsbA==",
          "dependencies": [
            "aws_cloudwatch_log_group.bos_waf_log_group01",
            "aws_wafv2_web_acl.bos_cf_waf01"
          ]
        }
      ]
    },
    {
      "mode": "managed",
      "type": "random_password",
      "name": "bos_origin_header_value01",
      "provider": "provider[\"registry.terraform.io/hashicorp/random\"]",
      "instances": [
        {
          "schema_version": 3,
          "attributes": {
            "bcrypt_hash": "$2a$10$EHthP4OB6eE6rrqHxqMk5.k5lzEIhNoWotMYOChNJ9M/Qw8hFHTO2",
            "id": "none",
            "keepers": null,
            "length": 32,
            "lower": true,
            "min_lower": 0,
            "min_numeric": 0,
            "min_special": 0,
            "min_upper": 0,
            "number": true,
            "numeric": true,
            "override_special": null,
            "result": "5uO7o1nJLdyVvt7o4D0LwoW84d083r4w",
            "special": false,
            "upper": true
          },
          "sensitive_attributes": [
            [
              {
                "type": "get_attr",
                "value": "bcrypt_hash"
              }
            ],
            [
              {
                "type": "get_attr",
                "value": "result"
              }
            ]
          ],
          "identity_schema_version": 0
        }
      ]
    }
  ],
  "check_results": [
    {
      "object_kind": "var",
      "config_addr": "var.route53_hosted_zone_id",
      "status": "pass",
      "objects": [
        {
          "object_addr": "var.route53_hosted_zone_id",
          "status": "pass"
        }
      ]
    },
    {
      "object_kind": "var",
      "config_addr": "var.alb_access_logs_prefix",
      "status": "pass",
      "objects": [
        {
          "object_addr": "var.alb_access_logs_prefix",
          "status": "pass"
        }
      ]
    },
    {
      "object_kind": "var",
      "config_addr": "var.waf_log_destination",
      "status": "pass",
      "objects": [
        {
          "object_addr": "var.waf_log_destination",
          "status": "pass"
        }
      ]
    }
  ]
}
